{
  "version": 4,
  "terraform_version": "1.14.0",
  "serial": 2320,
  "lineage": "8e3ecb63-15e0-9a42-1fd1-8a30a7966bcd",
  "outputs": {
    "alb_dns_name": {
      "value": "my-soc-alb-1960462523.us-east-1.elb.amazonaws.com",
      "type": "string"
    },
    "guardduty_detector_id": {
      "value": "7ccdbaa6f459124d302045a364cca013",
      "type": "string"
    },
    "logs_bucket_name": {
      "value": "my-soc-logs-895169747731",
      "type": "string"
    },
    "securityhub_killchain_topic_arn": {
      "value": "arn:aws:sns:us-east-1:895169747731:my-soc-killchain-topic",
      "type": "string"
    }
  },
  "resources": [
    {
      "mode": "data",
      "type": "archive_file",
      "name": "escalate_finding_to_incident_lambda",
      "provider": "provider[\"registry.terraform.io/hashicorp/archive\"]",
      "instances": [
        {
          "schema_version": 0,
          "attributes": {
            "exclude_symlink_directories": null,
            "excludes": null,
            "id": "bf92c75ffde181979813f1680847d324a75dc25c",
            "output_base64sha256": "8eKCqou8bjp/JmfQGMizJYo26XYHsqeq1yREG23eTt4=",
            "output_base64sha512": "Ke87hoc6M/RlK8p+wflEYyKUFrqIWqQgEVRL4sak/hIDPZiSEDUm5lxs/eh8IUXcgxhGBA0lW/gj+rM+grTMVA==",
            "output_file_mode": null,
            "output_md5": "6e0a95253c130f37eef467aa60ac304a",
            "output_path": "./lambda/escalate_finding_to_incident.zip",
            "output_sha": "bf92c75ffde181979813f1680847d324a75dc25c",
            "output_sha256": "f1e282aa8bbc6e3a7f2667d018c8b3258a36e97607b2a7aad724441b6dde4ede",
            "output_sha512": "29ef3b86873a33f4652bca7ec1f94463229416ba885aa42011544be2c6a4fe12033d9892103526e65c6cfde87c2145dc831846040d255bf823fab33e82b4cc54",
            "output_size": 2899,
            "source": [],
            "source_content": null,
            "source_content_filename": null,
            "source_dir": null,
            "source_file": "./lambda/escalate_finding_to_incident.py",
            "type": "zip"
          },
          "sensitive_attributes": [],
          "identity_schema_version": 0
        }
      ]
    },
    {
      "mode": "data",
      "type": "archive_file",
      "name": "iam_policy_rollback_detector_lambda",
      "provider": "provider[\"registry.terraform.io/hashicorp/archive\"]",
      "instances": [
        {
          "schema_version": 0,
          "attributes": {
            "exclude_symlink_directories": null,
            "excludes": null,
            "id": "15aa58ec34a93eda28ccf3a49e1b178f3d38b082",
            "output_base64sha256": "e8eJPmPpCr4IWCHkF+qlYRO8iwDTu7bx+5+/6J9mdus=",
            "output_base64sha512": "42Py4le73HPZI8o2XFTcI7NdoH3ooigrwHwrhQvq4wOhC8AkMf+tiDOY/P/qNbn2k5m8ico4FiPSStc4P3W9LA==",
            "output_file_mode": null,
            "output_md5": "2f0d5967bd000e73021698036cee6c22",
            "output_path": "./lambda/iam_policy_rollback_detector.zip",
            "output_sha": "15aa58ec34a93eda28ccf3a49e1b178f3d38b082",
            "output_sha256": "7bc7893e63e90abe085821e417eaa56113bc8b00d3bbb6f1fb9fbfe89f6676eb",
            "output_sha512": "e363f2e257bbdc73d923ca365c54dc23b35da07de8a2282bc07c2b850beae303a10bc02431ffad883398fcffea35b9f69399bc89ca381623d24ad7383f75bd2c",
            "output_size": 1576,
            "source": [],
            "source_content": null,
            "source_content_filename": null,
            "source_dir": null,
            "source_file": "./lambda/iam_policy_rollback_detector.py",
            "type": "zip"
          },
          "sensitive_attributes": [],
          "identity_schema_version": 0
        }
      ]
    },
    {
      "mode": "data",
      "type": "archive_file",
      "name": "iam_rollback_lambda",
      "provider": "provider[\"registry.terraform.io/hashicorp/archive\"]",
      "instances": [
        {
          "schema_version": 0,
          "attributes": {
            "exclude_symlink_directories": null,
            "excludes": null,
            "id": "8d80cea66bbe54a249a70e7c2cda3645f6064948",
            "output_base64sha256": "2aWwaSppmakTKlZIDe5O7ZM8ykGIiu9v4ACV5aYyG8I=",
            "output_base64sha512": "jjnk3KDKa9hfQrLH3t+79Ii3xZfYSXkQzXQMnPcGhNhDqc3AWGCTXBO8rTRrPfGLfjCwUnqchvKBKdL9fk8GUg==",
            "output_file_mode": null,
            "output_md5": "c2bb5a287ac6fcb464f72af4d9044dbf",
            "output_path": "./lambda/iam_privilege_rollback_stub.zip",
            "output_sha": "8d80cea66bbe54a249a70e7c2cda3645f6064948",
            "output_sha256": "d9a5b0692a6999a9132a56480dee4eed933cca41888aef6fe00095e5a6321bc2",
            "output_sha512": "8e39e4dca0ca6bd85f42b2c7dedfbbf488b7c597d8497910cd740c9cf70684d843a9cdc05860935c13bcad346b3df18b7e30b0527a9c86f28129d2fd7e4f0652",
            "output_size": 542,
            "source": [],
            "source_content": null,
            "source_content_filename": null,
            "source_dir": null,
            "source_file": "./lambda/iam_privilege_rollback_stub.py",
            "type": "zip"
          },
          "sensitive_attributes": [],
          "identity_schema_version": 0
        }
      ]
    },
    {
      "mode": "data",
      "type": "archive_file",
      "name": "killchain_daily_aggregator_lambda",
      "provider": "provider[\"registry.terraform.io/hashicorp/archive\"]",
      "instances": [
        {
          "schema_version": 0,
          "attributes": {
            "exclude_symlink_directories": null,
            "excludes": null,
            "id": "ec3387bd1fd7da0020afe728b521452fe30b2969",
            "output_base64sha256": "I5C+cilkc/88EgCJ6ngmzwEF2H587NOakU46thqOA9M=",
            "output_base64sha512": "IPWOpePDCD+NnaN9D5/auv5+NbChAnUzXl/Ue4wEsHdtVqD8ljL7xGE/3BMPqniYqrMRFatiUMlX7PtabXezUQ==",
            "output_file_mode": null,
            "output_md5": "794de7ccebf77ef67c466aa2a1d12f55",
            "output_path": "./lambda/killchain_daily_aggregator.zip",
            "output_sha": "ec3387bd1fd7da0020afe728b521452fe30b2969",
            "output_sha256": "2390be72296473ff3c120089ea7826cf0105d87e7cecd39a914e3ab61a8e03d3",
            "output_sha512": "20f58ea5e3c3083f8d9da37d0f9fdabafe7e35b0a10275335e5fd47b8c04b0776d56a0fc9632fbc4613fdc130faa7898aab31115ab6250c957ecfb5a6d77b351",
            "output_size": 3079,
            "source": [],
            "source_content": null,
            "source_content_filename": null,
            "source_dir": null,
            "source_file": "./lambda/killchain_daily_aggregator.py",
            "type": "zip"
          },
          "sensitive_attributes": [],
          "identity_schema_version": 0
        }
      ]
    },
    {
      "mode": "data",
      "type": "archive_file",
      "name": "ml_auto_triage_lambda",
      "provider": "provider[\"registry.terraform.io/hashicorp/archive\"]",
      "instances": [
        {
          "schema_version": 0,
          "attributes": {
            "exclude_symlink_directories": null,
            "excludes": null,
            "id": "ea782c249af97e45d82cc1bdb7a18dd06d81295a",
            "output_base64sha256": "WIN+bWmrQIAPUxX2ITaUPFAieKy6OZ4LvcoRDIxDJ4I=",
            "output_base64sha512": "xoYCXR6JHrXsu56KFawSZcChv7r+ZJLCktiP1fsVCbc2ldegoD20oSMLFulh8LMfZoC1v4Lz4nTp5vWA1l5XYA==",
            "output_file_mode": null,
            "output_md5": "5bdcc1a083daed0c65746d4153950dab",
            "output_path": "./lambda/ml_auto_triage.zip",
            "output_sha": "ea782c249af97e45d82cc1bdb7a18dd06d81295a",
            "output_sha256": "58837e6d69ab40800f5315f62136943c502278acba399e0bbdca110c8c432782",
            "output_sha512": "c686025d1e891eb5ecbb9e8a15ac1265c0a1bfbafe6492c292d88fd5fb1509b73695d7a0a03db4a1230b16e961f0b31f6680b5bf82f3e274e9e6f580d65e5760",
            "output_size": 2259,
            "source": [],
            "source_content": null,
            "source_content_filename": null,
            "source_dir": null,
            "source_file": "./lambda/ml_auto_triage.py",
            "type": "zip"
          },
          "sensitive_attributes": [],
          "identity_schema_version": 0
        }
      ]
    },
    {
      "mode": "data",
      "type": "archive_file",
      "name": "quarantine_lambda",
      "provider": "provider[\"registry.terraform.io/hashicorp/archive\"]",
      "instances": [
        {
          "schema_version": 0,
          "attributes": {
            "exclude_symlink_directories": null,
            "excludes": null,
            "id": "72a779759dec8819e0e52159819c072ec925b384",
            "output_base64sha256": "A+wc0d+/LvCKFV03je/CsysHfyJG5dclI+ZFckkQi5g=",
            "output_base64sha512": "Rx1F6+vBjP7zv6OQ5YlvJstb+BJvggImYLsx/l3ncsAkhvLQFjW1V4vpUZ5yvIEWsm8/VbzcJFNw23czHfak9Q==",
            "output_file_mode": null,
            "output_md5": "c8ffc3d4a37ac5a7e07c4bc5a2db9d91",
            "output_path": "./lambda/quarantine_ec2.zip",
            "output_sha": "72a779759dec8819e0e52159819c072ec925b384",
            "output_sha256": "03ec1cd1dfbf2ef08a155d378defc2b32b077f2246e5d72523e6457249108b98",
            "output_sha512": "471d45ebebc18cfef3bfa390e5896f26cb5bf8126f82022660bb31fe5de772c02486f2d01635b5578be9519e72bc8116b26f3f55bcdc245370db77331df6a4f5",
            "output_size": 868,
            "source": [],
            "source_content": null,
            "source_content_filename": null,
            "source_dir": null,
            "source_file": "./lambda/quarantine_ec2.py",
            "type": "zip"
          },
          "sensitive_attributes": [],
          "identity_schema_version": 0
        }
      ]
    },
    {
      "mode": "data",
      "type": "archive_file",
      "name": "s3_remediate_lambda",
      "provider": "provider[\"registry.terraform.io/hashicorp/archive\"]",
      "instances": [
        {
          "schema_version": 0,
          "attributes": {
            "exclude_symlink_directories": null,
            "excludes": null,
            "id": "f572717e75dcba1dc25951d4f08fb9da03f51bca",
            "output_base64sha256": "XrPVg9HeC0NivcJ4lg6hv0NFVlq3aX7qypDGT3YKxE4=",
            "output_base64sha512": "1BbBo5TaGcEnvZJm09a+FddCJ8Cp/7tDeFD5XGnTihIY1lvdjC+KYqqj7swffGf1L8eUAuVjK8Gw+wEnlbfqFw==",
            "output_file_mode": null,
            "output_md5": "4d8a8008fa6b3215c4e9081908c6af4b",
            "output_path": "./lambda/s3_public_auto_remediate.zip",
            "output_sha": "f572717e75dcba1dc25951d4f08fb9da03f51bca",
            "output_sha256": "5eb3d583d1de0b4362bdc278960ea1bf4345565ab7697eeaca90c64f760ac44e",
            "output_sha512": "d416c1a394da19c127bd9266d3d6be15d74227c0a9ffbb437850f95c69d38a1218d65bdd8c2f8a62aaa3eecc1f7c67f52fc79402e5632bc1b0fb012795b7ea17",
            "output_size": 894,
            "source": [],
            "source_content": null,
            "source_content_filename": null,
            "source_dir": null,
            "source_file": "./lambda/s3_public_auto_remediate.py",
            "type": "zip"
          },
          "sensitive_attributes": [],
          "identity_schema_version": 0
        }
      ]
    },
    {
      "mode": "data",
      "type": "archive_file",
      "name": "triage_lambda",
      "provider": "provider[\"registry.terraform.io/hashicorp/archive\"]",
      "instances": [
        {
          "schema_version": 0,
          "attributes": {
            "exclude_symlink_directories": null,
            "excludes": null,
            "id": "6df7d83eee42e6103ef6e716a85cc476f26b0b0b",
            "output_base64sha256": "mJIbIGdkhkShFuTZBnjoAgTfJw7wYLTakyyPlyu8/8M=",
            "output_base64sha512": "RlgJ7NjH3CyveBZHK5zN3SI6yy9TF4WuM56odhP+dbak1YLjNwBzNbrSkuL5Qldr23y2oEpM67suBA9p+KmKKQ==",
            "output_file_mode": null,
            "output_md5": "03f03607bca067eef1d34f35a9bf342d",
            "output_path": "./lambda/triage_links_handler.zip",
            "output_sha": "6df7d83eee42e6103ef6e716a85cc476f26b0b0b",
            "output_sha256": "98921b2067648644a116e4d90678e80204df270ef060b4da932c8f972bbcffc3",
            "output_sha512": "465809ecd8c7dc2caf7816472b9ccddd223acb2f531785ae339ea87613fe75b6a4d582e337007335bad292e2f942576bdb7cb6a04a4cebbb2e040f69f8a98a29",
            "output_size": 2764,
            "source": [],
            "source_content": null,
            "source_content_filename": null,
            "source_dir": null,
            "source_file": "./lambda/triage_links_handler.py",
            "type": "zip"
          },
          "sensitive_attributes": [],
          "identity_schema_version": 0
        }
      ]
    },
    {
      "mode": "data",
      "type": "aws_ami",
      "name": "amazon_linux",
      "provider": "provider[\"registry.terraform.io/hashicorp/aws\"]",
      "instances": [
        {
          "schema_version": 0,
          "attributes": {
            "allow_unsafe_filter": null,
            "architecture": "x86_64",
            "arn": "arn:aws:ec2:us-east-1::image/ami-0ca688f4217aab61b",
            "block_device_mappings": [
              {
                "device_name": "/dev/xvda",
                "ebs": {
                  "delete_on_termination": "true",
                  "encrypted": "false",
                  "iops": "3000",
                  "snapshot_id": "snap-0e7c5a2e84f8d067d",
                  "throughput": "125",
                  "volume_initialization_rate": "0",
                  "volume_size": "30",
                  "volume_type": "gp3"
                },
                "no_device": "",
                "virtual_name": ""
              }
            ],
            "boot_mode": "uefi-preferred",
            "creation_date": "2025-12-18T01:55:53.000Z",
            "deprecation_time": "2027-12-18T01:55:53.000Z",
            "description": "Amazon Linux AMI 2023.0.20251217 x86_64 ECS HVM EBS",
            "ena_support": true,
            "executable_users": null,
            "filter": [
              {
                "name": "name",
                "values": [
                  "al2023-ami-*-x86_64"
                ]
              }
            ],
            "hypervisor": "xen",
            "id": "ami-0ca688f4217aab61b",
            "image_id": "ami-0ca688f4217aab61b",
            "image_location": "amazon/al2023-ami-ecs-neuron-hvm-2023.0.20251217-kernel-6.1-x86_64",
            "image_owner_alias": "amazon",
            "image_type": "machine",
            "imds_support": "v2.0",
            "include_deprecated": false,
            "kernel_id": "",
            "last_launched_time": "",
            "most_recent": true,
            "name": "al2023-ami-ecs-neuron-hvm-2023.0.20251217-kernel-6.1-x86_64",
            "name_regex": null,
            "owner_id": "591542846629",
            "owners": [
              "amazon"
            ],
            "platform": "",
            "platform_details": "Linux/UNIX",
            "product_codes": [],
            "public": true,
            "ramdisk_id": "",
            "region": "us-east-1",
            "root_device_name": "/dev/xvda",
            "root_device_type": "ebs",
            "root_snapshot_id": "snap-0e7c5a2e84f8d067d",
            "sriov_net_support": "simple",
            "state": "available",
            "state_reason": {
              "code": "UNSET",
              "message": "UNSET"
            },
            "tags": {},
            "timeouts": null,
            "tpm_support": "",
            "uefi_data": null,
            "usage_operation": "RunInstances",
            "virtualization_type": "hvm"
          },
          "sensitive_attributes": [],
          "identity_schema_version": 0
        }
      ]
    },
    {
      "mode": "data",
      "type": "aws_availability_zones",
      "name": "available",
      "provider": "provider[\"registry.terraform.io/hashicorp/aws\"]",
      "instances": [
        {
          "schema_version": 0,
          "attributes": {
            "all_availability_zones": null,
            "exclude_names": null,
            "exclude_zone_ids": null,
            "filter": null,
            "group_names": [
              "us-east-1-zg-1"
            ],
            "id": "us-east-1",
            "names": [
              "us-east-1a",
              "us-east-1b",
              "us-east-1c",
              "us-east-1d",
              "us-east-1e",
              "us-east-1f"
            ],
            "region": "us-east-1",
            "state": null,
            "timeouts": null,
            "zone_ids": [
              "use1-az6",
              "use1-az1",
              "use1-az2",
              "use1-az4",
              "use1-az3",
              "use1-az5"
            ]
          },
          "sensitive_attributes": [],
          "identity_schema_version": 0
        }
      ]
    },
    {
      "mode": "data",
      "type": "aws_caller_identity",
      "name": "current",
      "provider": "provider[\"registry.terraform.io/hashicorp/aws\"]",
      "instances": [
        {
          "schema_version": 0,
          "attributes": {
            "account_id": "895169747731",
            "arn": "arn:aws:iam::895169747731:root",
            "id": "895169747731",
            "user_id": "895169747731"
          },
          "sensitive_attributes": [],
          "identity_schema_version": 0
        }
      ]
    },
    {
      "mode": "data",
      "type": "aws_partition",
      "name": "current",
      "provider": "provider[\"registry.terraform.io/hashicorp/aws\"]",
      "instances": [
        {
          "schema_version": 0,
          "attributes": {
            "dns_suffix": "amazonaws.com",
            "id": "aws",
            "partition": "aws",
            "reverse_dns_prefix": "com.amazonaws"
          },
          "sensitive_attributes": [],
          "identity_schema_version": 0
        }
      ]
    },
    {
      "mode": "managed",
      "type": "aws_apigatewayv2_api",
      "name": "iam_rollback_api",
      "provider": "provider[\"registry.terraform.io/hashicorp/aws\"]",
      "instances": [
        {
          "schema_version": 0,
          "attributes": {
            "api_endpoint": "https://m2fs9nfgbi.execute-api.us-east-1.amazonaws.com",
            "api_key_selection_expression": "$request.header.x-api-key",
            "arn": "arn:aws:apigateway:us-east-1::/apis/m2fs9nfgbi",
            "body": null,
            "cors_configuration": [],
            "credentials_arn": null,
            "description": "",
            "disable_execute_api_endpoint": false,
            "execution_arn": "arn:aws:execute-api:us-east-1:895169747731:m2fs9nfgbi",
            "fail_on_warnings": null,
            "id": "m2fs9nfgbi",
            "ip_address_type": "ipv4",
            "name": "my-soc-iam-rollback-api",
            "protocol_type": "HTTP",
            "region": "us-east-1",
            "route_key": null,
            "route_selection_expression": "$request.method $request.path",
            "tags": null,
            "tags_all": {},
            "target": null,
            "version": ""
          },
          "sensitive_attributes": [],
          "identity_schema_version": 0,
          "private": "bnVsbA=="
        }
      ]
    },
    {
      "mode": "managed",
      "type": "aws_apigatewayv2_integration",
      "name": "iam_rollback_integration",
      "provider": "provider[\"registry.terraform.io/hashicorp/aws\"]",
      "instances": [
        {
          "schema_version": 0,
          "attributes": {
            "api_id": "m2fs9nfgbi",
            "connection_id": "",
            "connection_type": "INTERNET",
            "content_handling_strategy": "",
            "credentials_arn": "",
            "description": "",
            "id": "92t23d9",
            "integration_method": "POST",
            "integration_response_selection_expression": "",
            "integration_subtype": "",
            "integration_type": "AWS_PROXY",
            "integration_uri": "arn:aws:lambda:us-east-1:895169747731:function:my-soc-iam-rollback",
            "passthrough_behavior": "",
            "payload_format_version": "2.0",
            "region": "us-east-1",
            "request_parameters": null,
            "request_templates": null,
            "response_parameters": [],
            "template_selection_expression": "",
            "timeout_milliseconds": 30000,
            "tls_config": []
          },
          "sensitive_attributes": [],
          "identity_schema_version": 0,
          "private": "bnVsbA==",
          "dependencies": [
            "aws_apigatewayv2_api.iam_rollback_api",
            "aws_cloudwatch_log_group.iam_rollback_lambda",
            "aws_iam_role.iam_rollback_lambda",
            "aws_lambda_function.iam_privilege_rollback",
            "data.archive_file.iam_rollback_lambda"
          ]
        }
      ]
    },
    {
      "mode": "managed",
      "type": "aws_apigatewayv2_route",
      "name": "iam_rollback_route",
      "provider": "provider[\"registry.terraform.io/hashicorp/aws\"]",
      "instances": [
        {
          "schema_version": 0,
          "attributes": {
            "api_id": "m2fs9nfgbi",
            "api_key_required": false,
            "authorization_scopes": null,
            "authorization_type": "NONE",
            "authorizer_id": "",
            "id": "4vn3voj",
            "model_selection_expression": "",
            "operation_name": "",
            "region": "us-east-1",
            "request_models": null,
            "request_parameter": [],
            "route_key": "GET /approve-iam-rollback",
            "route_response_selection_expression": "",
            "target": "integrations/92t23d9"
          },
          "sensitive_attributes": [],
          "identity_schema_version": 0,
          "private": "bnVsbA==",
          "dependencies": [
            "aws_apigatewayv2_api.iam_rollback_api",
            "aws_apigatewayv2_integration.iam_rollback_integration",
            "aws_cloudwatch_log_group.iam_rollback_lambda",
            "aws_iam_role.iam_rollback_lambda",
            "aws_lambda_function.iam_privilege_rollback",
            "data.archive_file.iam_rollback_lambda"
          ]
        }
      ]
    },
    {
      "mode": "managed",
      "type": "aws_apigatewayv2_stage",
      "name": "iam_rollback_stage",
      "provider": "provider[\"registry.terraform.io/hashicorp/aws\"]",
      "instances": [
        {
          "schema_version": 0,
          "attributes": {
            "access_log_settings": [],
            "api_id": "m2fs9nfgbi",
            "arn": "arn:aws:apigateway:us-east-1::/apis/m2fs9nfgbi/stages/$default",
            "auto_deploy": true,
            "client_certificate_id": "",
            "default_route_settings": [
              {
                "data_trace_enabled": false,
                "detailed_metrics_enabled": false,
                "logging_level": "",
                "throttling_burst_limit": 0,
                "throttling_rate_limit": 0
              }
            ],
            "deployment_id": "",
            "description": "",
            "execution_arn": "arn:aws:execute-api:us-east-1:895169747731:m2fs9nfgbi/$default",
            "id": "$default",
            "invoke_url": "https://m2fs9nfgbi.execute-api.us-east-1.amazonaws.com/",
            "name": "$default",
            "region": "us-east-1",
            "route_settings": [],
            "stage_variables": null,
            "tags": null,
            "tags_all": {}
          },
          "sensitive_attributes": [],
          "identity_schema_version": 0,
          "private": "bnVsbA==",
          "dependencies": [
            "aws_apigatewayv2_api.iam_rollback_api"
          ]
        }
      ]
    },
    {
      "mode": "managed",
      "type": "aws_athena_workgroup",
      "name": "my_soc",
      "provider": "provider[\"registry.terraform.io/hashicorp/aws\"]",
      "instances": [
        {
          "schema_version": 0,
          "attributes": {
            "arn": "arn:aws:athena:us-east-1:895169747731:workgroup/my-soc-wg",
            "configuration": [
              {
                "bytes_scanned_cutoff_per_query": 0,
                "enforce_workgroup_configuration": true,
                "engine_version": [
                  {
                    "effective_engine_version": "Athena engine version 3",
                    "selected_engine_version": "AUTO"
                  }
                ],
                "execution_role": "",
                "identity_center_configuration": [],
                "managed_query_results_configuration": [],
                "publish_cloudwatch_metrics_enabled": true,
                "requester_pays_enabled": false,
                "result_configuration": [
                  {
                    "acl_configuration": [],
                    "encryption_configuration": [],
                    "expected_bucket_owner": "",
                    "output_location": "s3://my-soc-logs-895169747731/athena-results/"
                  }
                ]
              }
            ],
            "description": "",
            "force_destroy": false,
            "id": "my-soc-wg",
            "name": "my-soc-wg",
            "region": "us-east-1",
            "state": "ENABLED",
            "tags": null,
            "tags_all": {}
          },
          "sensitive_attributes": [],
          "identity_schema_version": 0,
          "private": "bnVsbA==",
          "dependencies": [
            "aws_s3_bucket.logs",
            "data.aws_caller_identity.current"
          ]
        }
      ]
    },
    {
      "mode": "managed",
      "type": "aws_cloudtrail",
      "name": "main",
      "provider": "provider[\"registry.terraform.io/hashicorp/aws\"]",
      "instances": [
        {
          "schema_version": 1,
          "attributes": {
            "advanced_event_selector": [],
            "arn": "arn:aws:cloudtrail:us-east-1:895169747731:trail/my-soc-trail",
            "cloud_watch_logs_group_arn": "arn:aws:logs:us-east-1:895169747731:log-group:/aws/my-soc/cloudtrail:*",
            "cloud_watch_logs_role_arn": "arn:aws:iam::895169747731:role/my-soc-cloudtrail-role",
            "enable_log_file_validation": true,
            "enable_logging": true,
            "event_selector": [
              {
                "data_resource": [],
                "exclude_management_event_sources": null,
                "include_management_events": true,
                "read_write_type": "All"
              }
            ],
            "home_region": "us-east-1",
            "id": "arn:aws:cloudtrail:us-east-1:895169747731:trail/my-soc-trail",
            "include_global_service_events": true,
            "insight_selector": [],
            "is_multi_region_trail": true,
            "is_organization_trail": false,
            "kms_key_id": "",
            "name": "my-soc-trail",
            "region": "us-east-1",
            "s3_bucket_name": "my-soc-logs-895169747731",
            "s3_key_prefix": "",
            "sns_topic_arn": "",
            "sns_topic_name": "",
            "tags": null,
            "tags_all": {}
          },
          "sensitive_attributes": [],
          "identity_schema_version": 0,
          "identity": {
            "arn": "arn:aws:cloudtrail:us-east-1:895169747731:trail/my-soc-trail"
          },
          "private": "eyJzY2hlbWFfdmVyc2lvbiI6IjEifQ==",
          "dependencies": [
            "aws_cloudwatch_log_group.cloudtrail",
            "aws_iam_role.cloudtrail",
            "aws_s3_bucket.logs",
            "aws_s3_bucket_server_side_encryption_configuration.logs",
            "data.aws_caller_identity.current"
          ]
        }
      ]
    },
    {
      "mode": "managed",
      "type": "aws_cloudwatch_event_rule",
      "name": "iam_policy_rollback_detector",
      "provider": "provider[\"registry.terraform.io/hashicorp/aws\"]",
      "instances": [
        {
          "schema_version": 1,
          "attributes": {
            "arn": "arn:aws:events:us-east-1:895169747731:rule/my-soc-iam-policy-rollback",
            "description": "Detect IAM policy default version rollback via SetDefaultPolicyVersion and create Security Hub finding",
            "event_bus_name": "default",
            "event_pattern": "{\"detail\":{\"eventName\":[\"SetDefaultPolicyVersion\"],\"eventSource\":[\"iam.amazonaws.com\"]},\"detail-type\":[\"AWS API Call via CloudTrail\"],\"source\":[\"aws.iam\"]}",
            "force_destroy": false,
            "id": "my-soc-iam-policy-rollback",
            "is_enabled": true,
            "name": "my-soc-iam-policy-rollback",
            "name_prefix": "",
            "region": "us-east-1",
            "role_arn": "",
            "schedule_expression": "",
            "state": "ENABLED",
            "tags": null,
            "tags_all": {}
          },
          "sensitive_attributes": [],
          "identity_schema_version": 0,
          "identity": {
            "account_id": "895169747731",
            "name": "my-soc-iam-policy-rollback",
            "region": "us-east-1"
          },
          "private": "eyJzY2hlbWFfdmVyc2lvbiI6IjEifQ=="
        }
      ]
    },
    {
      "mode": "managed",
      "type": "aws_cloudwatch_event_rule",
      "name": "killchain_daily_aggregator",
      "provider": "provider[\"registry.terraform.io/hashicorp/aws\"]",
      "instances": [
        {
          "schema_version": 1,
          "attributes": {
            "arn": "arn:aws:events:us-east-1:895169747731:rule/my-soc-killchain-daily-aggregator",
            "description": "Daily job to aggregate Security Hub findings into kill-chain incidents by host and MITRE tactic",
            "event_bus_name": "default",
            "event_pattern": null,
            "force_destroy": false,
            "id": "my-soc-killchain-daily-aggregator",
            "is_enabled": true,
            "name": "my-soc-killchain-daily-aggregator",
            "name_prefix": "",
            "region": "us-east-1",
            "role_arn": "",
            "schedule_expression": "cron(0 3 * * ? *)",
            "state": "ENABLED",
            "tags": null,
            "tags_all": {}
          },
          "sensitive_attributes": [],
          "identity_schema_version": 0,
          "identity": {
            "account_id": "895169747731",
            "name": "my-soc-killchain-daily-aggregator",
            "region": "us-east-1"
          },
          "private": "eyJzY2hlbWFfdmVyc2lvbiI6IjEifQ=="
        }
      ]
    },
    {
      "mode": "managed",
      "type": "aws_cloudwatch_event_rule",
      "name": "s3_public_auto_remediate",
      "provider": "provider[\"registry.terraform.io/hashicorp/aws\"]",
      "instances": [
        {
          "schema_version": 1,
          "attributes": {
            "arn": "arn:aws:events:us-east-1:895169747731:rule/my-soc-s3-public-auto-remediate",
            "description": "Auto-remediate public S3 buckets based on Security Hub findings",
            "event_bus_name": "default",
            "event_pattern": "{\"detail\":{\"findings\":{\"Resources\":{\"Type\":[\"AwsS3Bucket\"]}}},\"detail-type\":[\"Security Hub Findings - Imported\"],\"source\":[\"aws.securityhub\"]}",
            "force_destroy": false,
            "id": "my-soc-s3-public-auto-remediate",
            "is_enabled": true,
            "name": "my-soc-s3-public-auto-remediate",
            "name_prefix": "",
            "region": "us-east-1",
            "role_arn": "",
            "schedule_expression": "",
            "state": "ENABLED",
            "tags": null,
            "tags_all": {}
          },
          "sensitive_attributes": [],
          "identity_schema_version": 0,
          "identity": {
            "account_id": "895169747731",
            "name": "my-soc-s3-public-auto-remediate",
            "region": "us-east-1"
          },
          "private": "eyJzY2hlbWFfdmVyc2lvbiI6IjEifQ=="
        }
      ]
    },
    {
      "mode": "managed",
      "type": "aws_cloudwatch_event_rule",
      "name": "securityhub_all_for_ml",
      "provider": "provider[\"registry.terraform.io/hashicorp/aws\"]",
      "instances": [
        {
          "schema_version": 1,
          "attributes": {
            "arn": "arn:aws:events:us-east-1:895169747731:rule/my-soc-securityhub-all-findings-ml",
            "description": "Send all Security Hub imported findings to ML auto-triage Lambda",
            "event_bus_name": "default",
            "event_pattern": "{\"detail-type\":[\"Security Hub Findings - Imported\"],\"source\":[\"aws.securityhub\"]}",
            "force_destroy": false,
            "id": "my-soc-securityhub-all-findings-ml",
            "is_enabled": true,
            "name": "my-soc-securityhub-all-findings-ml",
            "name_prefix": "",
            "region": "us-east-1",
            "role_arn": "",
            "schedule_expression": "",
            "state": "ENABLED",
            "tags": null,
            "tags_all": {}
          },
          "sensitive_attributes": [],
          "identity_schema_version": 0,
          "identity": {
            "account_id": "895169747731",
            "name": "my-soc-securityhub-all-findings-ml",
            "region": "us-east-1"
          },
          "private": "eyJzY2hlbWFfdmVyc2lvbiI6IjEifQ=="
        }
      ]
    },
    {
      "mode": "managed",
      "type": "aws_cloudwatch_event_rule",
      "name": "securityhub_escalated",
      "provider": "provider[\"registry.terraform.io/hashicorp/aws\"]",
      "instances": [
        {
          "schema_version": 1,
          "attributes": {
            "arn": "arn:aws:events:us-east-1:895169747731:rule/my-soc-securityhub-escalated-findings",
            "description": "Escalate Security Hub findings to incidents when Workflow.Status = NOTIFIED",
            "event_bus_name": "default",
            "event_pattern": "{\"detail\":{\"findings\":{\"Workflow\":{\"Status\":[\"NOTIFIED\"]}}},\"detail-type\":[\"Security Hub Findings - Imported\"],\"source\":[\"aws.securityhub\"]}",
            "force_destroy": false,
            "id": "my-soc-securityhub-escalated-findings",
            "is_enabled": true,
            "name": "my-soc-securityhub-escalated-findings",
            "name_prefix": "",
            "region": "us-east-1",
            "role_arn": "",
            "schedule_expression": "",
            "state": "ENABLED",
            "tags": null,
            "tags_all": {}
          },
          "sensitive_attributes": [],
          "identity_schema_version": 0,
          "identity": {
            "account_id": "895169747731",
            "name": "my-soc-securityhub-escalated-findings",
            "region": "us-east-1"
          },
          "private": "eyJzY2hlbWFfdmVyc2lvbiI6IjEifQ=="
        }
      ]
    },
    {
      "mode": "managed",
      "type": "aws_cloudwatch_event_rule",
      "name": "securityhub_high",
      "provider": "provider[\"registry.terraform.io/hashicorp/aws\"]",
      "instances": [
        {
          "schema_version": 1,
          "attributes": {
            "arn": "arn:aws:events:us-east-1:895169747731:rule/my-soc-securityhub-high-findings",
            "description": "Send high/critical Security Hub findings to SNS for kill-chain reporting",
            "event_bus_name": "default",
            "event_pattern": "{\"detail\":{\"findings\":{\"Severity\":{\"Label\":[\"HIGH\",\"CRITICAL\"]}}},\"detail-type\":[\"Security Hub Findings - Imported\"],\"source\":[\"aws.securityhub\"]}",
            "force_destroy": false,
            "id": "my-soc-securityhub-high-findings",
            "is_enabled": true,
            "name": "my-soc-securityhub-high-findings",
            "name_prefix": "",
            "region": "us-east-1",
            "role_arn": "",
            "schedule_expression": "",
            "state": "ENABLED",
            "tags": null,
            "tags_all": {}
          },
          "sensitive_attributes": [],
          "identity_schema_version": 0,
          "identity": {
            "account_id": "895169747731",
            "name": "my-soc-securityhub-high-findings",
            "region": "us-east-1"
          },
          "private": "eyJzY2hlbWFfdmVyc2lvbiI6IjEifQ=="
        }
      ]
    },
    {
      "mode": "managed",
      "type": "aws_cloudwatch_event_rule",
      "name": "securityhub_quarantine_ec2",
      "provider": "provider[\"registry.terraform.io/hashicorp/aws\"]",
      "instances": [
        {
          "schema_version": 1,
          "attributes": {
            "arn": "arn:aws:events:us-east-1:895169747731:rule/my-soc-securityhub-quarantine-ec2",
            "description": "Invoke quarantine EC2 lambda from Security Hub custom action",
            "event_bus_name": "default",
            "event_pattern": "{\"detail\":{\"actionName\":[\"my-soc-q-ec2\"]},\"detail-type\":[\"Security Hub Findings - Custom Action\"],\"source\":[\"aws.securityhub\"]}",
            "force_destroy": false,
            "id": "my-soc-securityhub-quarantine-ec2",
            "is_enabled": true,
            "name": "my-soc-securityhub-quarantine-ec2",
            "name_prefix": "",
            "region": "us-east-1",
            "role_arn": "",
            "schedule_expression": "",
            "state": "ENABLED",
            "tags": null,
            "tags_all": {}
          },
          "sensitive_attributes": [],
          "identity_schema_version": 0,
          "identity": {
            "account_id": "895169747731",
            "name": "my-soc-securityhub-quarantine-ec2",
            "region": "us-east-1"
          },
          "private": "eyJzY2hlbWFfdmVyc2lvbiI6IjEifQ==",
          "dependencies": [
            "aws_securityhub_account.main",
            "aws_securityhub_action_target.quarantine_ec2"
          ]
        }
      ]
    },
    {
      "mode": "managed",
      "type": "aws_cloudwatch_event_target",
      "name": "iam_policy_rollback_to_lambda",
      "provider": "provider[\"registry.terraform.io/hashicorp/aws\"]",
      "instances": [
        {
          "schema_version": 1,
          "attributes": {
            "appsync_target": [],
            "arn": "arn:aws:lambda:us-east-1:895169747731:function:my-soc-iam-policy-rollback-detector",
            "batch_target": [],
            "dead_letter_config": [],
            "ecs_target": [],
            "event_bus_name": "default",
            "force_destroy": false,
            "http_target": [],
            "id": "my-soc-iam-policy-rollback-iam-policy-rollback-detector",
            "input": "",
            "input_path": "",
            "input_transformer": [],
            "kinesis_target": [],
            "redshift_target": [],
            "region": "us-east-1",
            "retry_policy": [],
            "role_arn": "",
            "rule": "my-soc-iam-policy-rollback",
            "run_command_targets": [],
            "sagemaker_pipeline_target": [],
            "sqs_target": [],
            "target_id": "iam-policy-rollback-detector"
          },
          "sensitive_attributes": [],
          "identity_schema_version": 0,
          "identity": {
            "account_id": "895169747731",
            "event_bus_name": "default",
            "region": "us-east-1",
            "rule": "my-soc-iam-policy-rollback",
            "target_id": "iam-policy-rollback-detector"
          },
          "private": "eyJzY2hlbWFfdmVyc2lvbiI6IjEifQ==",
          "dependencies": [
            "aws_cloudwatch_event_rule.iam_policy_rollback_detector",
            "aws_cloudwatch_log_group.iam_policy_rollback_detector_lambda",
            "aws_iam_role.iam_policy_rollback_detector_lambda",
            "aws_lambda_function.iam_policy_rollback_detector",
            "data.archive_file.iam_policy_rollback_detector_lambda"
          ]
        }
      ]
    },
    {
      "mode": "managed",
      "type": "aws_cloudwatch_event_target",
      "name": "killchain_daily_aggregator",
      "provider": "provider[\"registry.terraform.io/hashicorp/aws\"]",
      "instances": [
        {
          "schema_version": 1,
          "attributes": {
            "appsync_target": [],
            "arn": "arn:aws:lambda:us-east-1:895169747731:function:my-soc-killchain-daily-aggregator",
            "batch_target": [],
            "dead_letter_config": [],
            "ecs_target": [],
            "event_bus_name": "default",
            "force_destroy": false,
            "http_target": [],
            "id": "my-soc-killchain-daily-aggregator-killchain-daily-aggregator",
            "input": "",
            "input_path": "",
            "input_transformer": [],
            "kinesis_target": [],
            "redshift_target": [],
            "region": "us-east-1",
            "retry_policy": [],
            "role_arn": "",
            "rule": "my-soc-killchain-daily-aggregator",
            "run_command_targets": [],
            "sagemaker_pipeline_target": [],
            "sqs_target": [],
            "target_id": "killchain-daily-aggregator"
          },
          "sensitive_attributes": [],
          "identity_schema_version": 0,
          "identity": {
            "account_id": "895169747731",
            "event_bus_name": "default",
            "region": "us-east-1",
            "rule": "my-soc-killchain-daily-aggregator",
            "target_id": "killchain-daily-aggregator"
          },
          "private": "eyJzY2hlbWFfdmVyc2lvbiI6IjEifQ==",
          "dependencies": [
            "aws_cloudwatch_event_rule.killchain_daily_aggregator",
            "aws_cloudwatch_log_group.killchain_daily_aggregator_lambda",
            "aws_dynamodb_table.killchain_incidents",
            "aws_iam_role.killchain_daily_aggregator_lambda",
            "aws_lambda_function.killchain_daily_aggregator",
            "aws_sns_topic.killchain",
            "data.archive_file.killchain_daily_aggregator_lambda"
          ]
        }
      ]
    },
    {
      "mode": "managed",
      "type": "aws_cloudwatch_event_target",
      "name": "s3_public_auto_remediate",
      "provider": "provider[\"registry.terraform.io/hashicorp/aws\"]",
      "instances": [
        {
          "schema_version": 1,
          "attributes": {
            "appsync_target": [],
            "arn": "arn:aws:lambda:us-east-1:895169747731:function:my-soc-s3-remediate",
            "batch_target": [],
            "dead_letter_config": [],
            "ecs_target": [],
            "event_bus_name": "default",
            "force_destroy": false,
            "http_target": [],
            "id": "my-soc-s3-public-auto-remediate-s3-public-auto-remediate",
            "input": "",
            "input_path": "",
            "input_transformer": [],
            "kinesis_target": [],
            "redshift_target": [],
            "region": "us-east-1",
            "retry_policy": [],
            "role_arn": "",
            "rule": "my-soc-s3-public-auto-remediate",
            "run_command_targets": [],
            "sagemaker_pipeline_target": [],
            "sqs_target": [],
            "target_id": "s3-public-auto-remediate"
          },
          "sensitive_attributes": [],
          "identity_schema_version": 0,
          "identity": {
            "account_id": "895169747731",
            "event_bus_name": "default",
            "region": "us-east-1",
            "rule": "my-soc-s3-public-auto-remediate",
            "target_id": "s3-public-auto-remediate"
          },
          "private": "eyJzY2hlbWFfdmVyc2lvbiI6IjEifQ==",
          "dependencies": [
            "aws_cloudwatch_event_rule.s3_public_auto_remediate",
            "aws_cloudwatch_log_group.s3_remediate_lambda",
            "aws_iam_role.s3_remediate_lambda",
            "aws_lambda_function.s3_public_auto_remediate",
            "data.archive_file.s3_remediate_lambda"
          ]
        }
      ]
    },
    {
      "mode": "managed",
      "type": "aws_cloudwatch_event_target",
      "name": "securityhub_escalated_to_incident",
      "provider": "provider[\"registry.terraform.io/hashicorp/aws\"]",
      "instances": [
        {
          "schema_version": 1,
          "attributes": {
            "appsync_target": [],
            "arn": "arn:aws:lambda:us-east-1:895169747731:function:my-soc-escalate-finding-to-incident",
            "batch_target": [],
            "dead_letter_config": [],
            "ecs_target": [],
            "event_bus_name": "default",
            "force_destroy": false,
            "http_target": [],
            "id": "my-soc-securityhub-escalated-findings-escalate-finding-to-incident",
            "input": "",
            "input_path": "",
            "input_transformer": [],
            "kinesis_target": [],
            "redshift_target": [],
            "region": "us-east-1",
            "retry_policy": [],
            "role_arn": "",
            "rule": "my-soc-securityhub-escalated-findings",
            "run_command_targets": [],
            "sagemaker_pipeline_target": [],
            "sqs_target": [],
            "target_id": "escalate-finding-to-incident"
          },
          "sensitive_attributes": [],
          "identity_schema_version": 0,
          "identity": {
            "account_id": "895169747731",
            "event_bus_name": "default",
            "region": "us-east-1",
            "rule": "my-soc-securityhub-escalated-findings",
            "target_id": "escalate-finding-to-incident"
          },
          "private": "eyJzY2hlbWFfdmVyc2lvbiI6IjEifQ==",
          "dependencies": [
            "aws_cloudwatch_event_rule.securityhub_escalated",
            "aws_cloudwatch_log_group.escalate_finding_to_incident_lambda",
            "aws_dynamodb_table.killchain_incidents",
            "aws_iam_role.escalate_finding_to_incident_lambda",
            "aws_lambda_function.escalate_finding_to_incident",
            "aws_sns_topic.killchain",
            "data.archive_file.escalate_finding_to_incident_lambda"
          ]
        }
      ]
    },
    {
      "mode": "managed",
      "type": "aws_cloudwatch_event_target",
      "name": "securityhub_quarantine_ec2",
      "provider": "provider[\"registry.terraform.io/hashicorp/aws\"]",
      "instances": [
        {
          "schema_version": 1,
          "attributes": {
            "appsync_target": [],
            "arn": "arn:aws:lambda:us-east-1:895169747731:function:my-soc-quarantine-ec2",
            "batch_target": [],
            "dead_letter_config": [],
            "ecs_target": [],
            "event_bus_name": "default",
            "force_destroy": false,
            "http_target": [],
            "id": "my-soc-securityhub-quarantine-ec2-quarantine-ec2",
            "input": "",
            "input_path": "",
            "input_transformer": [],
            "kinesis_target": [],
            "redshift_target": [],
            "region": "us-east-1",
            "retry_policy": [],
            "role_arn": "",
            "rule": "my-soc-securityhub-quarantine-ec2",
            "run_command_targets": [],
            "sagemaker_pipeline_target": [],
            "sqs_target": [],
            "target_id": "quarantine-ec2"
          },
          "sensitive_attributes": [],
          "identity_schema_version": 0,
          "identity": {
            "account_id": "895169747731",
            "event_bus_name": "default",
            "region": "us-east-1",
            "rule": "my-soc-securityhub-quarantine-ec2",
            "target_id": "quarantine-ec2"
          },
          "private": "eyJzY2hlbWFfdmVyc2lvbiI6IjEifQ==",
          "dependencies": [
            "aws_cloudwatch_event_rule.securityhub_quarantine_ec2",
            "aws_cloudwatch_log_group.quarantine_lambda",
            "aws_iam_role.quarantine_lambda",
            "aws_lambda_function.quarantine_ec2",
            "aws_security_group.quarantine",
            "aws_securityhub_account.main",
            "aws_securityhub_action_target.quarantine_ec2",
            "aws_vpc.main",
            "data.archive_file.quarantine_lambda"
          ]
        }
      ]
    },
    {
      "mode": "managed",
      "type": "aws_cloudwatch_event_target",
      "name": "securityhub_to_ml_auto_triage",
      "provider": "provider[\"registry.terraform.io/hashicorp/aws\"]",
      "instances": [
        {
          "schema_version": 1,
          "attributes": {
            "appsync_target": [],
            "arn": "arn:aws:lambda:us-east-1:895169747731:function:my-soc-ml-auto-triage",
            "batch_target": [],
            "dead_letter_config": [],
            "ecs_target": [],
            "event_bus_name": "default",
            "force_destroy": false,
            "http_target": [],
            "id": "my-soc-securityhub-all-findings-ml-ml-auto-triage",
            "input": "",
            "input_path": "",
            "input_transformer": [],
            "kinesis_target": [],
            "redshift_target": [],
            "region": "us-east-1",
            "retry_policy": [],
            "role_arn": "",
            "rule": "my-soc-securityhub-all-findings-ml",
            "run_command_targets": [],
            "sagemaker_pipeline_target": [],
            "sqs_target": [],
            "target_id": "ml-auto-triage"
          },
          "sensitive_attributes": [],
          "identity_schema_version": 0,
          "identity": {
            "account_id": "895169747731",
            "event_bus_name": "default",
            "region": "us-east-1",
            "rule": "my-soc-securityhub-all-findings-ml",
            "target_id": "ml-auto-triage"
          },
          "private": "eyJzY2hlbWFfdmVyc2lvbiI6IjEifQ==",
          "dependencies": [
            "aws_cloudwatch_event_rule.securityhub_all_for_ml",
            "aws_cloudwatch_log_group.ml_auto_triage_lambda",
            "aws_iam_role.ml_auto_triage_lambda",
            "aws_lambda_function.ml_auto_triage",
            "data.archive_file.ml_auto_triage_lambda"
          ]
        }
      ]
    },
    {
      "mode": "managed",
      "type": "aws_cloudwatch_event_target",
      "name": "securityhub_to_sns",
      "provider": "provider[\"registry.terraform.io/hashicorp/aws\"]",
      "instances": [
        {
          "schema_version": 1,
          "attributes": {
            "appsync_target": [],
            "arn": "arn:aws:sns:us-east-1:895169747731:my-soc-killchain-topic",
            "batch_target": [],
            "dead_letter_config": [],
            "ecs_target": [],
            "event_bus_name": "default",
            "force_destroy": false,
            "http_target": [],
            "id": "my-soc-securityhub-high-findings-sns",
            "input": "",
            "input_path": "",
            "input_transformer": [],
            "kinesis_target": [],
            "redshift_target": [],
            "region": "us-east-1",
            "retry_policy": [],
            "role_arn": "",
            "rule": "my-soc-securityhub-high-findings",
            "run_command_targets": [],
            "sagemaker_pipeline_target": [],
            "sqs_target": [],
            "target_id": "sns"
          },
          "sensitive_attributes": [],
          "identity_schema_version": 0,
          "identity": {
            "account_id": "895169747731",
            "event_bus_name": "default",
            "region": "us-east-1",
            "rule": "my-soc-securityhub-high-findings",
            "target_id": "sns"
          },
          "private": "eyJzY2hlbWFfdmVyc2lvbiI6IjEifQ==",
          "dependencies": [
            "aws_cloudwatch_event_rule.securityhub_high",
            "aws_sns_topic.killchain"
          ]
        }
      ]
    },
    {
      "mode": "managed",
      "type": "aws_cloudwatch_event_target",
      "name": "securityhub_to_sns_with_role",
      "provider": "provider[\"registry.terraform.io/hashicorp/aws\"]",
      "instances": [
        {
          "schema_version": 1,
          "attributes": {
            "appsync_target": [],
            "arn": "arn:aws:sns:us-east-1:895169747731:my-soc-killchain-topic",
            "batch_target": [],
            "dead_letter_config": [],
            "ecs_target": [],
            "event_bus_name": "default",
            "force_destroy": false,
            "http_target": [],
            "id": "my-soc-securityhub-high-findings-sns-with-role",
            "input": "",
            "input_path": "",
            "input_transformer": [],
            "kinesis_target": [],
            "redshift_target": [],
            "region": "us-east-1",
            "retry_policy": [],
            "role_arn": "arn:aws:iam::895169747731:role/my-soc-events-sns-role",
            "rule": "my-soc-securityhub-high-findings",
            "run_command_targets": [],
            "sagemaker_pipeline_target": [],
            "sqs_target": [],
            "target_id": "sns-with-role"
          },
          "sensitive_attributes": [],
          "identity_schema_version": 0,
          "identity": {
            "account_id": "895169747731",
            "event_bus_name": "default",
            "region": "us-east-1",
            "rule": "my-soc-securityhub-high-findings",
            "target_id": "sns-with-role"
          },
          "private": "eyJzY2hlbWFfdmVyc2lvbiI6IjEifQ==",
          "dependencies": [
            "aws_cloudwatch_event_rule.securityhub_high",
            "aws_iam_role.events_invoke_sns",
            "aws_sns_topic.killchain"
          ]
        }
      ]
    },
    {
      "mode": "managed",
      "type": "aws_cloudwatch_event_target",
      "name": "securityhub_to_triage_lambda",
      "provider": "provider[\"registry.terraform.io/hashicorp/aws\"]",
      "instances": [
        {
          "schema_version": 1,
          "attributes": {
            "appsync_target": [],
            "arn": "arn:aws:lambda:us-east-1:895169747731:function:my-soc-triage-links",
            "batch_target": [],
            "dead_letter_config": [],
            "ecs_target": [],
            "event_bus_name": "default",
            "force_destroy": false,
            "http_target": [],
            "id": "my-soc-securityhub-high-findings-triage-lambda",
            "input": "",
            "input_path": "",
            "input_transformer": [],
            "kinesis_target": [],
            "redshift_target": [],
            "region": "us-east-1",
            "retry_policy": [],
            "role_arn": "",
            "rule": "my-soc-securityhub-high-findings",
            "run_command_targets": [],
            "sagemaker_pipeline_target": [],
            "sqs_target": [],
            "target_id": "triage-lambda"
          },
          "sensitive_attributes": [],
          "identity_schema_version": 0,
          "identity": {
            "account_id": "895169747731",
            "event_bus_name": "default",
            "region": "us-east-1",
            "rule": "my-soc-securityhub-high-findings",
            "target_id": "triage-lambda"
          },
          "private": "eyJzY2hlbWFfdmVyc2lvbiI6IjEifQ==",
          "dependencies": [
            "aws_apigatewayv2_api.iam_rollback_api",
            "aws_cloudwatch_event_rule.securityhub_high",
            "aws_cloudwatch_log_group.triage_lambda",
            "aws_iam_role.triage_lambda",
            "aws_lambda_function.triage_links",
            "aws_sns_topic.triage",
            "data.archive_file.triage_lambda"
          ]
        }
      ]
    },
    {
      "mode": "managed",
      "type": "aws_cloudwatch_log_group",
      "name": "cloudtrail",
      "provider": "provider[\"registry.terraform.io/hashicorp/aws\"]",
      "instances": [
        {
          "schema_version": 0,
          "attributes": {
            "arn": "arn:aws:logs:us-east-1:895169747731:log-group:/aws/my-soc/cloudtrail",
            "deletion_protection_enabled": false,
            "id": "/aws/my-soc/cloudtrail",
            "kms_key_id": "",
            "log_group_class": "STANDARD",
            "name": "/aws/my-soc/cloudtrail",
            "name_prefix": "",
            "region": "us-east-1",
            "retention_in_days": 7,
            "skip_destroy": false,
            "tags": null,
            "tags_all": {}
          },
          "sensitive_attributes": [],
          "identity_schema_version": 0,
          "identity": {
            "account_id": "895169747731",
            "name": "/aws/my-soc/cloudtrail",
            "region": "us-east-1"
          },
          "private": "bnVsbA=="
        }
      ]
    },
    {
      "mode": "managed",
      "type": "aws_cloudwatch_log_group",
      "name": "escalate_finding_to_incident_lambda",
      "provider": "provider[\"registry.terraform.io/hashicorp/aws\"]",
      "instances": [
        {
          "schema_version": 0,
          "attributes": {
            "arn": "arn:aws:logs:us-east-1:895169747731:log-group:/aws/lambda/my-soc-escalate-finding-to-incident",
            "deletion_protection_enabled": false,
            "id": "/aws/lambda/my-soc-escalate-finding-to-incident",
            "kms_key_id": "",
            "log_group_class": "STANDARD",
            "name": "/aws/lambda/my-soc-escalate-finding-to-incident",
            "name_prefix": "",
            "region": "us-east-1",
            "retention_in_days": 7,
            "skip_destroy": false,
            "tags": null,
            "tags_all": {}
          },
          "sensitive_attributes": [],
          "identity_schema_version": 0,
          "identity": {
            "account_id": "895169747731",
            "name": "/aws/lambda/my-soc-escalate-finding-to-incident",
            "region": "us-east-1"
          },
          "private": "bnVsbA=="
        }
      ]
    },
    {
      "mode": "managed",
      "type": "aws_cloudwatch_log_group",
      "name": "iam_policy_rollback_detector_lambda",
      "provider": "provider[\"registry.terraform.io/hashicorp/aws\"]",
      "instances": [
        {
          "schema_version": 0,
          "attributes": {
            "arn": "arn:aws:logs:us-east-1:895169747731:log-group:/aws/lambda/my-soc-iam-policy-rollback-detector",
            "deletion_protection_enabled": false,
            "id": "/aws/lambda/my-soc-iam-policy-rollback-detector",
            "kms_key_id": "",
            "log_group_class": "STANDARD",
            "name": "/aws/lambda/my-soc-iam-policy-rollback-detector",
            "name_prefix": "",
            "region": "us-east-1",
            "retention_in_days": 7,
            "skip_destroy": false,
            "tags": null,
            "tags_all": {}
          },
          "sensitive_attributes": [],
          "identity_schema_version": 0,
          "identity": {
            "account_id": "895169747731",
            "name": "/aws/lambda/my-soc-iam-policy-rollback-detector",
            "region": "us-east-1"
          },
          "private": "bnVsbA=="
        }
      ]
    },
    {
      "mode": "managed",
      "type": "aws_cloudwatch_log_group",
      "name": "iam_rollback_lambda",
      "provider": "provider[\"registry.terraform.io/hashicorp/aws\"]",
      "instances": [
        {
          "schema_version": 0,
          "attributes": {
            "arn": "arn:aws:logs:us-east-1:895169747731:log-group:/aws/lambda/my-soc-iam-rollback",
            "deletion_protection_enabled": false,
            "id": "/aws/lambda/my-soc-iam-rollback",
            "kms_key_id": "",
            "log_group_class": "STANDARD",
            "name": "/aws/lambda/my-soc-iam-rollback",
            "name_prefix": "",
            "region": "us-east-1",
            "retention_in_days": 7,
            "skip_destroy": false,
            "tags": null,
            "tags_all": {}
          },
          "sensitive_attributes": [],
          "identity_schema_version": 0,
          "identity": {
            "account_id": "895169747731",
            "name": "/aws/lambda/my-soc-iam-rollback",
            "region": "us-east-1"
          },
          "private": "bnVsbA=="
        }
      ]
    },
    {
      "mode": "managed",
      "type": "aws_cloudwatch_log_group",
      "name": "killchain_daily_aggregator_lambda",
      "provider": "provider[\"registry.terraform.io/hashicorp/aws\"]",
      "instances": [
        {
          "schema_version": 0,
          "attributes": {
            "arn": "arn:aws:logs:us-east-1:895169747731:log-group:/aws/lambda/my-soc-killchain-daily-aggregator",
            "deletion_protection_enabled": false,
            "id": "/aws/lambda/my-soc-killchain-daily-aggregator",
            "kms_key_id": "",
            "log_group_class": "STANDARD",
            "name": "/aws/lambda/my-soc-killchain-daily-aggregator",
            "name_prefix": "",
            "region": "us-east-1",
            "retention_in_days": 7,
            "skip_destroy": false,
            "tags": null,
            "tags_all": {}
          },
          "sensitive_attributes": [],
          "identity_schema_version": 0,
          "identity": {
            "account_id": "895169747731",
            "name": "/aws/lambda/my-soc-killchain-daily-aggregator",
            "region": "us-east-1"
          },
          "private": "bnVsbA=="
        }
      ]
    },
    {
      "mode": "managed",
      "type": "aws_cloudwatch_log_group",
      "name": "ml_auto_triage_lambda",
      "provider": "provider[\"registry.terraform.io/hashicorp/aws\"]",
      "instances": [
        {
          "schema_version": 0,
          "attributes": {
            "arn": "arn:aws:logs:us-east-1:895169747731:log-group:/aws/lambda/my-soc-ml-auto-triage",
            "deletion_protection_enabled": false,
            "id": "/aws/lambda/my-soc-ml-auto-triage",
            "kms_key_id": "",
            "log_group_class": "STANDARD",
            "name": "/aws/lambda/my-soc-ml-auto-triage",
            "name_prefix": "",
            "region": "us-east-1",
            "retention_in_days": 7,
            "skip_destroy": false,
            "tags": null,
            "tags_all": {}
          },
          "sensitive_attributes": [],
          "identity_schema_version": 0,
          "identity": {
            "account_id": "895169747731",
            "name": "/aws/lambda/my-soc-ml-auto-triage",
            "region": "us-east-1"
          },
          "private": "bnVsbA=="
        }
      ]
    },
    {
      "mode": "managed",
      "type": "aws_cloudwatch_log_group",
      "name": "quarantine_lambda",
      "provider": "provider[\"registry.terraform.io/hashicorp/aws\"]",
      "instances": [
        {
          "schema_version": 0,
          "attributes": {
            "arn": "arn:aws:logs:us-east-1:895169747731:log-group:/aws/lambda/my-soc-quarantine-ec2",
            "deletion_protection_enabled": false,
            "id": "/aws/lambda/my-soc-quarantine-ec2",
            "kms_key_id": "",
            "log_group_class": "STANDARD",
            "name": "/aws/lambda/my-soc-quarantine-ec2",
            "name_prefix": "",
            "region": "us-east-1",
            "retention_in_days": 7,
            "skip_destroy": false,
            "tags": null,
            "tags_all": {}
          },
          "sensitive_attributes": [],
          "identity_schema_version": 0,
          "identity": {
            "account_id": "895169747731",
            "name": "/aws/lambda/my-soc-quarantine-ec2",
            "region": "us-east-1"
          },
          "private": "bnVsbA=="
        }
      ]
    },
    {
      "mode": "managed",
      "type": "aws_cloudwatch_log_group",
      "name": "route53_resolver",
      "provider": "provider[\"registry.terraform.io/hashicorp/aws\"]",
      "instances": [
        {
          "schema_version": 0,
          "attributes": {
            "arn": "arn:aws:logs:us-east-1:895169747731:log-group:/aws/my-soc/route53-resolver",
            "deletion_protection_enabled": false,
            "id": "/aws/my-soc/route53-resolver",
            "kms_key_id": "",
            "log_group_class": "STANDARD",
            "name": "/aws/my-soc/route53-resolver",
            "name_prefix": "",
            "region": "us-east-1",
            "retention_in_days": 7,
            "skip_destroy": false,
            "tags": null,
            "tags_all": {}
          },
          "sensitive_attributes": [],
          "identity_schema_version": 0,
          "identity": {
            "account_id": "895169747731",
            "name": "/aws/my-soc/route53-resolver",
            "region": "us-east-1"
          },
          "private": "bnVsbA=="
        }
      ]
    },
    {
      "mode": "managed",
      "type": "aws_cloudwatch_log_group",
      "name": "s3_remediate_lambda",
      "provider": "provider[\"registry.terraform.io/hashicorp/aws\"]",
      "instances": [
        {
          "schema_version": 0,
          "attributes": {
            "arn": "arn:aws:logs:us-east-1:895169747731:log-group:/aws/lambda/my-soc-s3-remediate",
            "deletion_protection_enabled": false,
            "id": "/aws/lambda/my-soc-s3-remediate",
            "kms_key_id": "",
            "log_group_class": "STANDARD",
            "name": "/aws/lambda/my-soc-s3-remediate",
            "name_prefix": "",
            "region": "us-east-1",
            "retention_in_days": 7,
            "skip_destroy": false,
            "tags": null,
            "tags_all": {}
          },
          "sensitive_attributes": [],
          "identity_schema_version": 0,
          "identity": {
            "account_id": "895169747731",
            "name": "/aws/lambda/my-soc-s3-remediate",
            "region": "us-east-1"
          },
          "private": "bnVsbA=="
        }
      ]
    },
    {
      "mode": "managed",
      "type": "aws_cloudwatch_log_group",
      "name": "triage_lambda",
      "provider": "provider[\"registry.terraform.io/hashicorp/aws\"]",
      "instances": [
        {
          "schema_version": 0,
          "attributes": {
            "arn": "arn:aws:logs:us-east-1:895169747731:log-group:/aws/lambda/my-soc-triage-links",
            "deletion_protection_enabled": false,
            "id": "/aws/lambda/my-soc-triage-links",
            "kms_key_id": "",
            "log_group_class": "STANDARD",
            "name": "/aws/lambda/my-soc-triage-links",
            "name_prefix": "",
            "region": "us-east-1",
            "retention_in_days": 7,
            "skip_destroy": false,
            "tags": null,
            "tags_all": {}
          },
          "sensitive_attributes": [],
          "identity_schema_version": 0,
          "identity": {
            "account_id": "895169747731",
            "name": "/aws/lambda/my-soc-triage-links",
            "region": "us-east-1"
          },
          "private": "bnVsbA=="
        }
      ]
    },
    {
      "mode": "managed",
      "type": "aws_cloudwatch_log_group",
      "name": "vpc_flow",
      "provider": "provider[\"registry.terraform.io/hashicorp/aws\"]",
      "instances": [
        {
          "schema_version": 0,
          "attributes": {
            "arn": "arn:aws:logs:us-east-1:895169747731:log-group:/aws/my-soc/vpc-flow-logs",
            "deletion_protection_enabled": false,
            "id": "/aws/my-soc/vpc-flow-logs",
            "kms_key_id": "",
            "log_group_class": "STANDARD",
            "name": "/aws/my-soc/vpc-flow-logs",
            "name_prefix": "",
            "region": "us-east-1",
            "retention_in_days": 7,
            "skip_destroy": false,
            "tags": null,
            "tags_all": {}
          },
          "sensitive_attributes": [],
          "identity_schema_version": 0,
          "identity": {
            "account_id": "895169747731",
            "name": "/aws/my-soc/vpc-flow-logs",
            "region": "us-east-1"
          },
          "private": "bnVsbA=="
        }
      ]
    },
    {
      "mode": "managed",
      "type": "aws_cloudwatch_log_group",
      "name": "web_app",
      "provider": "provider[\"registry.terraform.io/hashicorp/aws\"]",
      "instances": [
        {
          "schema_version": 0,
          "attributes": {
            "arn": "arn:aws:logs:us-east-1:895169747731:log-group:/aws/my-soc/web-app",
            "deletion_protection_enabled": false,
            "id": "/aws/my-soc/web-app",
            "kms_key_id": "",
            "log_group_class": "STANDARD",
            "name": "/aws/my-soc/web-app",
            "name_prefix": "",
            "region": "us-east-1",
            "retention_in_days": 7,
            "skip_destroy": false,
            "tags": null,
            "tags_all": {}
          },
          "sensitive_attributes": [],
          "identity_schema_version": 0,
          "identity": {
            "account_id": "895169747731",
            "name": "/aws/my-soc/web-app",
            "region": "us-east-1"
          },
          "private": "bnVsbA=="
        }
      ]
    },
    {
      "mode": "managed",
      "type": "aws_cloudwatch_log_group",
      "name": "web_os",
      "provider": "provider[\"registry.terraform.io/hashicorp/aws\"]",
      "instances": [
        {
          "schema_version": 0,
          "attributes": {
            "arn": "arn:aws:logs:us-east-1:895169747731:log-group:/aws/my-soc/web-os",
            "deletion_protection_enabled": false,
            "id": "/aws/my-soc/web-os",
            "kms_key_id": "",
            "log_group_class": "STANDARD",
            "name": "/aws/my-soc/web-os",
            "name_prefix": "",
            "region": "us-east-1",
            "retention_in_days": 7,
            "skip_destroy": false,
            "tags": null,
            "tags_all": {}
          },
          "sensitive_attributes": [],
          "identity_schema_version": 0,
          "identity": {
            "account_id": "895169747731",
            "name": "/aws/my-soc/web-os",
            "region": "us-east-1"
          },
          "private": "bnVsbA=="
        }
      ]
    },
    {
      "mode": "managed",
      "type": "aws_cloudwatch_log_subscription_filter",
      "name": "route53_to_opensearch",
      "provider": "provider[\"registry.terraform.io/hashicorp/aws\"]",
      "instances": [
        {
          "schema_version": 0,
          "attributes": {
            "destination_arn": "arn:aws:firehose:us-east-1:895169747731:deliverystream/my-soc-cw-to-os",
            "distribution": "ByLogStream",
            "filter_pattern": "",
            "id": "cwlsf-1573185246",
            "log_group_name": "/aws/my-soc/route53-resolver",
            "name": "my-soc-route53-to-os",
            "region": "us-east-1",
            "role_arn": "arn:aws:iam::895169747731:role/my-soc-cw-to-firehose-role"
          },
          "sensitive_attributes": [],
          "identity_schema_version": 0,
          "private": "bnVsbA==",
          "dependencies": [
            "aws_cloudwatch_log_group.route53_resolver",
            "aws_iam_role.cloudwatch_logs_to_firehose",
            "aws_iam_role.firehose_to_opensearch",
            "aws_kinesis_firehose_delivery_stream.cloudwatch_to_opensearch",
            "aws_opensearch_domain.logs",
            "aws_s3_bucket.logs",
            "data.aws_caller_identity.current",
            "data.aws_partition.current"
          ]
        }
      ]
    },
    {
      "mode": "managed",
      "type": "aws_cloudwatch_log_subscription_filter",
      "name": "web_app_to_opensearch",
      "provider": "provider[\"registry.terraform.io/hashicorp/aws\"]",
      "instances": [
        {
          "schema_version": 0,
          "attributes": {
            "destination_arn": "arn:aws:firehose:us-east-1:895169747731:deliverystream/my-soc-cw-to-os",
            "distribution": "ByLogStream",
            "filter_pattern": "",
            "id": "cwlsf-346244703",
            "log_group_name": "/aws/my-soc/web-app",
            "name": "my-soc-web-app-to-os",
            "region": "us-east-1",
            "role_arn": "arn:aws:iam::895169747731:role/my-soc-cw-to-firehose-role"
          },
          "sensitive_attributes": [],
          "identity_schema_version": 0,
          "private": "bnVsbA==",
          "dependencies": [
            "aws_cloudwatch_log_group.web_app",
            "aws_iam_role.cloudwatch_logs_to_firehose",
            "aws_iam_role.firehose_to_opensearch",
            "aws_kinesis_firehose_delivery_stream.cloudwatch_to_opensearch",
            "aws_opensearch_domain.logs",
            "aws_s3_bucket.logs",
            "data.aws_caller_identity.current",
            "data.aws_partition.current"
          ]
        }
      ]
    },
    {
      "mode": "managed",
      "type": "aws_cloudwatch_log_subscription_filter",
      "name": "web_os_to_opensearch",
      "provider": "provider[\"registry.terraform.io/hashicorp/aws\"]",
      "instances": [
        {
          "schema_version": 0,
          "attributes": {
            "destination_arn": "arn:aws:firehose:us-east-1:895169747731:deliverystream/my-soc-cw-to-os",
            "distribution": "ByLogStream",
            "filter_pattern": "",
            "id": "cwlsf-2568565655",
            "log_group_name": "/aws/my-soc/web-os",
            "name": "my-soc-web-os-to-os",
            "region": "us-east-1",
            "role_arn": "arn:aws:iam::895169747731:role/my-soc-cw-to-firehose-role"
          },
          "sensitive_attributes": [],
          "identity_schema_version": 0,
          "private": "bnVsbA==",
          "dependencies": [
            "aws_cloudwatch_log_group.web_os",
            "aws_iam_role.cloudwatch_logs_to_firehose",
            "aws_iam_role.firehose_to_opensearch",
            "aws_kinesis_firehose_delivery_stream.cloudwatch_to_opensearch",
            "aws_opensearch_domain.logs",
            "aws_s3_bucket.logs",
            "data.aws_caller_identity.current",
            "data.aws_partition.current"
          ]
        }
      ]
    },
    {
      "mode": "managed",
      "type": "aws_config_config_rule",
      "name": "s3_public_read_prohibited",
      "provider": "provider[\"registry.terraform.io/hashicorp/aws\"]",
      "instances": [
        {
          "schema_version": 0,
          "attributes": {
            "arn": "arn:aws:config:us-east-1:895169747731:config-rule/config-rule-gitfag",
            "description": "",
            "evaluation_mode": [
              {
                "mode": "DETECTIVE"
              }
            ],
            "id": "s3-public-read-prohibited",
            "input_parameters": "",
            "maximum_execution_frequency": "",
            "name": "s3-public-read-prohibited",
            "region": "us-east-1",
            "rule_id": "config-rule-gitfag",
            "scope": [],
            "source": [
              {
                "custom_policy_details": [],
                "owner": "AWS",
                "source_detail": [],
                "source_identifier": "S3_BUCKET_PUBLIC_READ_PROHIBITED"
              }
            ],
            "tags": null,
            "tags_all": {}
          },
          "sensitive_attributes": [],
          "identity_schema_version": 0,
          "private": "bnVsbA==",
          "dependencies": [
            "aws_config_configuration_recorder.main",
            "aws_config_configuration_recorder_status.main",
            "aws_config_delivery_channel.main",
            "aws_iam_role.config",
            "aws_s3_bucket.logs",
            "data.aws_caller_identity.current"
          ]
        }
      ]
    },
    {
      "mode": "managed",
      "type": "aws_config_config_rule",
      "name": "s3_public_write_prohibited",
      "provider": "provider[\"registry.terraform.io/hashicorp/aws\"]",
      "instances": [
        {
          "schema_version": 0,
          "attributes": {
            "arn": "arn:aws:config:us-east-1:895169747731:config-rule/config-rule-m1ydd3",
            "description": "",
            "evaluation_mode": [
              {
                "mode": "DETECTIVE"
              }
            ],
            "id": "s3-public-write-prohibited",
            "input_parameters": "",
            "maximum_execution_frequency": "",
            "name": "s3-public-write-prohibited",
            "region": "us-east-1",
            "rule_id": "config-rule-m1ydd3",
            "scope": [],
            "source": [
              {
                "custom_policy_details": [],
                "owner": "AWS",
                "source_detail": [],
                "source_identifier": "S3_BUCKET_PUBLIC_WRITE_PROHIBITED"
              }
            ],
            "tags": null,
            "tags_all": {}
          },
          "sensitive_attributes": [],
          "identity_schema_version": 0,
          "private": "bnVsbA==",
          "dependencies": [
            "aws_config_configuration_recorder.main",
            "aws_config_configuration_recorder_status.main",
            "aws_config_delivery_channel.main",
            "aws_iam_role.config",
            "aws_s3_bucket.logs",
            "data.aws_caller_identity.current"
          ]
        }
      ]
    },
    {
      "mode": "managed",
      "type": "aws_config_configuration_recorder",
      "name": "main",
      "provider": "provider[\"registry.terraform.io/hashicorp/aws\"]",
      "instances": [
        {
          "schema_version": 0,
          "attributes": {
            "id": "my-soc-config-recorder",
            "name": "my-soc-config-recorder",
            "recording_group": [
              {
                "all_supported": true,
                "exclusion_by_resource_types": [
                  {
                    "resource_types": []
                  }
                ],
                "include_global_resource_types": true,
                "recording_strategy": [
                  {
                    "use_only": "ALL_SUPPORTED_RESOURCE_TYPES"
                  }
                ],
                "resource_types": null
              }
            ],
            "recording_mode": [
              {
                "recording_frequency": "CONTINUOUS",
                "recording_mode_override": []
              }
            ],
            "region": "us-east-1",
            "role_arn": "arn:aws:iam::895169747731:role/my-soc-config-role"
          },
          "sensitive_attributes": [],
          "identity_schema_version": 0,
          "private": "bnVsbA==",
          "dependencies": [
            "aws_iam_role.config"
          ]
        }
      ]
    },
    {
      "mode": "managed",
      "type": "aws_config_configuration_recorder_status",
      "name": "main",
      "provider": "provider[\"registry.terraform.io/hashicorp/aws\"]",
      "instances": [
        {
          "schema_version": 0,
          "attributes": {
            "id": "my-soc-config-recorder",
            "is_enabled": true,
            "name": "my-soc-config-recorder",
            "region": "us-east-1"
          },
          "sensitive_attributes": [],
          "identity_schema_version": 0,
          "private": "bnVsbA==",
          "dependencies": [
            "aws_config_configuration_recorder.main",
            "aws_config_delivery_channel.main",
            "aws_iam_role.config",
            "aws_s3_bucket.logs",
            "data.aws_caller_identity.current"
          ]
        }
      ]
    },
    {
      "mode": "managed",
      "type": "aws_config_delivery_channel",
      "name": "main",
      "provider": "provider[\"registry.terraform.io/hashicorp/aws\"]",
      "instances": [
        {
          "schema_version": 0,
          "attributes": {
            "id": "my-soc-config-channel",
            "name": "my-soc-config-channel",
            "region": "us-east-1",
            "s3_bucket_name": "my-soc-logs-895169747731",
            "s3_key_prefix": "",
            "s3_kms_key_arn": "",
            "snapshot_delivery_properties": [
              {
                "delivery_frequency": "TwentyFour_Hours"
              }
            ],
            "sns_topic_arn": ""
          },
          "sensitive_attributes": [],
          "identity_schema_version": 0,
          "private": "bnVsbA==",
          "dependencies": [
            "aws_config_configuration_recorder.main",
            "aws_iam_role.config",
            "aws_s3_bucket.logs",
            "data.aws_caller_identity.current"
          ]
        }
      ]
    },
    {
      "mode": "managed",
      "type": "aws_dynamodb_table",
      "name": "killchain_incidents",
      "provider": "provider[\"registry.terraform.io/hashicorp/aws\"]",
      "instances": [
        {
          "schema_version": 1,
          "attributes": {
            "arn": "arn:aws:dynamodb:us-east-1:895169747731:table/my-soc-killchain-incidents",
            "attribute": [
              {
                "name": "incident_id",
                "type": "S"
              }
            ],
            "billing_mode": "PAY_PER_REQUEST",
            "deletion_protection_enabled": false,
            "global_secondary_index": [],
            "global_table_witness": [],
            "hash_key": "incident_id",
            "id": "my-soc-killchain-incidents",
            "import_table": [],
            "local_secondary_index": [],
            "name": "my-soc-killchain-incidents",
            "on_demand_throughput": [],
            "point_in_time_recovery": [
              {
                "enabled": false,
                "recovery_period_in_days": 0
              }
            ],
            "range_key": null,
            "read_capacity": 0,
            "region": "us-east-1",
            "replica": [],
            "restore_date_time": null,
            "restore_source_name": null,
            "restore_source_table_arn": null,
            "restore_to_latest_time": null,
            "server_side_encryption": [],
            "stream_arn": "",
            "stream_enabled": false,
            "stream_label": "",
            "stream_view_type": "",
            "table_class": "STANDARD",
            "tags": {
              "Project": "my-soc"
            },
            "tags_all": {
              "Project": "my-soc"
            },
            "timeouts": null,
            "ttl": [
              {
                "attribute_name": "",
                "enabled": false
              }
            ],
            "warm_throughput": [],
            "write_capacity": 0
          },
          "sensitive_attributes": [],
          "identity_schema_version": 0,
          "private": "eyJlMmJmYjczMC1lY2FhLTExZTYtOGY4OC0zNDM2M2JjN2M0YzAiOnsiY3JlYXRlIjoxODAwMDAwMDAwMDAwLCJkZWxldGUiOjYwMDAwMDAwMDAwMCwidXBkYXRlIjozNjAwMDAwMDAwMDAwfSwic2NoZW1hX3ZlcnNpb24iOiIxIn0="
        }
      ]
    },
    {
      "mode": "managed",
      "type": "aws_flow_log",
      "name": "vpc",
      "provider": "provider[\"registry.terraform.io/hashicorp/aws\"]",
      "instances": [
        {
          "schema_version": 1,
          "attributes": {
            "arn": "arn:aws:ec2:us-east-1:895169747731:vpc-flow-log/fl-0ccbd514de6724193",
            "deliver_cross_account_role": "",
            "destination_options": [],
            "eni_id": null,
            "iam_role_arn": "arn:aws:iam::895169747731:role/my-soc-vpc-flow-role",
            "id": "fl-0ccbd514de6724193",
            "log_destination": "arn:aws:logs:us-east-1:895169747731:log-group:/aws/my-soc/vpc-flow-logs",
            "log_destination_type": "cloud-watch-logs",
            "log_format": "${version} ${account-id} ${interface-id} ${srcaddr} ${dstaddr} ${srcport} ${dstport} ${protocol} ${packets} ${bytes} ${start} ${end} ${action} ${log-status}",
            "max_aggregation_interval": 600,
            "region": "us-east-1",
            "regional_nat_gateway_id": null,
            "subnet_id": null,
            "tags": null,
            "tags_all": {},
            "traffic_type": "ALL",
            "transit_gateway_attachment_id": null,
            "transit_gateway_id": null,
            "vpc_id": "vpc-02b76686fc19e3dbe"
          },
          "sensitive_attributes": [],
          "identity_schema_version": 0,
          "private": "eyJzY2hlbWFfdmVyc2lvbiI6IjEifQ==",
          "dependencies": [
            "aws_cloudwatch_log_group.vpc_flow",
            "aws_iam_role.vpc_flow",
            "aws_vpc.main"
          ]
        }
      ]
    },
    {
      "mode": "managed",
      "type": "aws_glue_catalog_database",
      "name": "security_logs",
      "provider": "provider[\"registry.terraform.io/hashicorp/aws\"]",
      "instances": [
        {
          "schema_version": 0,
          "attributes": {
            "arn": "arn:aws:glue:us-east-1:895169747731:database/my-soc_security_logs",
            "catalog_id": "895169747731",
            "create_table_default_permission": [
              {
                "permissions": [
                  "ALL"
                ],
                "principal": [
                  {
                    "data_lake_principal_identifier": "IAM_ALLOWED_PRINCIPALS"
                  }
                ]
              }
            ],
            "description": "Glue Catalog DB for my-soc security logs (CloudTrail, Config, etc.)",
            "federated_database": [],
            "id": "895169747731:my-soc_security_logs",
            "location_uri": "",
            "name": "my-soc_security_logs",
            "parameters": null,
            "region": "us-east-1",
            "tags": null,
            "tags_all": {},
            "target_database": []
          },
          "sensitive_attributes": [],
          "identity_schema_version": 0,
          "private": "bnVsbA=="
        }
      ]
    },
    {
      "mode": "managed",
      "type": "aws_glue_crawler",
      "name": "cloudtrail",
      "provider": "provider[\"registry.terraform.io/hashicorp/aws\"]",
      "instances": [
        {
          "schema_version": 0,
          "attributes": {
            "arn": "arn:aws:glue:us-east-1:895169747731:crawler/my-soc-cloudtrail-crawler",
            "catalog_target": [],
            "classifiers": null,
            "configuration": "{\"Version\":1.0,\"CrawlerOutput\":{\"Partitions\":{\"AddOrUpdateBehavior\":\"InheritFromTable\"}}}",
            "database_name": "my-soc_security_logs",
            "delta_target": [],
            "description": "",
            "dynamodb_target": [],
            "hudi_target": [],
            "iceberg_target": [],
            "id": "my-soc-cloudtrail-crawler",
            "jdbc_target": [],
            "lake_formation_configuration": [
              {
                "account_id": "",
                "use_lake_formation_credentials": false
              }
            ],
            "lineage_configuration": [
              {
                "crawler_lineage_settings": "DISABLE"
              }
            ],
            "mongodb_target": [],
            "name": "my-soc-cloudtrail-crawler",
            "recrawl_policy": [
              {
                "recrawl_behavior": "CRAWL_EVERYTHING"
              }
            ],
            "region": "us-east-1",
            "role": "my-soc-glue-crawler-role",
            "s3_target": [
              {
                "connection_name": "",
                "dlq_event_queue_arn": "",
                "event_queue_arn": "",
                "exclusions": null,
                "path": "s3://my-soc-logs-895169747731/AWSLogs/895169747731/CloudTrail/",
                "sample_size": 0
              }
            ],
            "schedule": "",
            "schema_change_policy": [
              {
                "delete_behavior": "DEPRECATE_IN_DATABASE",
                "update_behavior": "UPDATE_IN_DATABASE"
              }
            ],
            "security_configuration": "",
            "table_prefix": "cloudtrail_",
            "tags": null,
            "tags_all": {}
          },
          "sensitive_attributes": [],
          "identity_schema_version": 0,
          "private": "bnVsbA==",
          "dependencies": [
            "aws_glue_catalog_database.security_logs",
            "aws_iam_role.glue_crawler",
            "aws_s3_bucket.logs",
            "data.aws_caller_identity.current"
          ]
        }
      ]
    },
    {
      "mode": "managed",
      "type": "aws_guardduty_detector",
      "name": "main",
      "provider": "provider[\"registry.terraform.io/hashicorp/aws\"]",
      "instances": [
        {
          "schema_version": 0,
          "attributes": {
            "account_id": "895169747731",
            "arn": "arn:aws:guardduty:us-east-1:895169747731:detector/7ccdbaa6f459124d302045a364cca013",
            "datasources": [
              {
                "kubernetes": [
                  {
                    "audit_logs": [
                      {
                        "enable": true
                      }
                    ]
                  }
                ],
                "malware_protection": [
                  {
                    "scan_ec2_instance_with_findings": [
                      {
                        "ebs_volumes": [
                          {
                            "enable": true
                          }
                        ]
                      }
                    ]
                  }
                ],
                "s3_logs": [
                  {
                    "enable": true
                  }
                ]
              }
            ],
            "enable": true,
            "finding_publishing_frequency": "SIX_HOURS",
            "id": "7ccdbaa6f459124d302045a364cca013",
            "region": "us-east-1",
            "tags": null,
            "tags_all": {}
          },
          "sensitive_attributes": [],
          "identity_schema_version": 0,
          "private": "bnVsbA=="
        }
      ]
    },
    {
      "mode": "managed",
      "type": "aws_iam_instance_profile",
      "name": "web_instance",
      "provider": "provider[\"registry.terraform.io/hashicorp/aws\"]",
      "instances": [
        {
          "schema_version": 0,
          "attributes": {
            "arn": "arn:aws:iam::895169747731:instance-profile/my-soc-web-instance-profile",
            "create_date": "2025-12-31T16:46:44Z",
            "id": "my-soc-web-instance-profile",
            "name": "my-soc-web-instance-profile",
            "name_prefix": "",
            "path": "/",
            "role": "my-soc-web-instance-role",
            "tags": null,
            "tags_all": {},
            "unique_id": "AIPA5A3CGLMJRDJDA2WTP"
          },
          "sensitive_attributes": [],
          "identity_schema_version": 0,
          "private": "bnVsbA==",
          "dependencies": [
            "aws_iam_role.web_instance"
          ]
        }
      ]
    },
    {
      "mode": "managed",
      "type": "aws_iam_role",
      "name": "cloudtrail",
      "provider": "provider[\"registry.terraform.io/hashicorp/aws\"]",
      "instances": [
        {
          "schema_version": 0,
          "attributes": {
            "arn": "arn:aws:iam::895169747731:role/my-soc-cloudtrail-role",
            "assume_role_policy": "{\"Statement\":[{\"Action\":\"sts:AssumeRole\",\"Effect\":\"Allow\",\"Principal\":{\"Service\":\"cloudtrail.amazonaws.com\"}}],\"Version\":\"2012-10-17\"}",
            "create_date": "2025-12-31T16:46:39Z",
            "description": "",
            "force_detach_policies": false,
            "id": "my-soc-cloudtrail-role",
            "inline_policy": [],
            "managed_policy_arns": [],
            "max_session_duration": 3600,
            "name": "my-soc-cloudtrail-role",
            "name_prefix": "",
            "path": "/",
            "permissions_boundary": "",
            "tags": null,
            "tags_all": {},
            "unique_id": "AROA5A3CGLMJ2WROVEWQJ"
          },
          "sensitive_attributes": [],
          "identity_schema_version": 0,
          "identity": {
            "account_id": "895169747731",
            "name": "my-soc-cloudtrail-role"
          },
          "private": "bnVsbA=="
        }
      ]
    },
    {
      "mode": "managed",
      "type": "aws_iam_role",
      "name": "cloudwatch_logs_to_firehose",
      "provider": "provider[\"registry.terraform.io/hashicorp/aws\"]",
      "instances": [
        {
          "schema_version": 0,
          "attributes": {
            "arn": "arn:aws:iam::895169747731:role/my-soc-cw-to-firehose-role",
            "assume_role_policy": "{\"Statement\":[{\"Action\":\"sts:AssumeRole\",\"Effect\":\"Allow\",\"Principal\":{\"Service\":\"logs.us-east-1.amazonaws.com\"}}],\"Version\":\"2012-10-17\"}",
            "create_date": "2025-12-31T16:46:37Z",
            "description": "",
            "force_detach_policies": false,
            "id": "my-soc-cw-to-firehose-role",
            "inline_policy": [],
            "managed_policy_arns": [],
            "max_session_duration": 3600,
            "name": "my-soc-cw-to-firehose-role",
            "name_prefix": "",
            "path": "/",
            "permissions_boundary": "",
            "tags": null,
            "tags_all": {},
            "unique_id": "AROA5A3CGLMJ6CUURLJ5W"
          },
          "sensitive_attributes": [],
          "identity_schema_version": 0,
          "identity": {
            "account_id": "895169747731",
            "name": "my-soc-cw-to-firehose-role"
          },
          "private": "bnVsbA=="
        }
      ]
    },
    {
      "mode": "managed",
      "type": "aws_iam_role",
      "name": "config",
      "provider": "provider[\"registry.terraform.io/hashicorp/aws\"]",
      "instances": [
        {
          "schema_version": 0,
          "attributes": {
            "arn": "arn:aws:iam::895169747731:role/my-soc-config-role",
            "assume_role_policy": "{\"Statement\":[{\"Action\":\"sts:AssumeRole\",\"Effect\":\"Allow\",\"Principal\":{\"Service\":\"config.amazonaws.com\"}}],\"Version\":\"2012-10-17\"}",
            "create_date": "2025-12-31T16:46:39Z",
            "description": "",
            "force_detach_policies": false,
            "id": "my-soc-config-role",
            "inline_policy": [],
            "managed_policy_arns": [],
            "max_session_duration": 3600,
            "name": "my-soc-config-role",
            "name_prefix": "",
            "path": "/",
            "permissions_boundary": "",
            "tags": null,
            "tags_all": {},
            "unique_id": "AROA5A3CGLMJRXSIHRR5T"
          },
          "sensitive_attributes": [],
          "identity_schema_version": 0,
          "identity": {
            "account_id": "895169747731",
            "name": "my-soc-config-role"
          },
          "private": "bnVsbA=="
        }
      ]
    },
    {
      "mode": "managed",
      "type": "aws_iam_role",
      "name": "escalate_finding_to_incident_lambda",
      "provider": "provider[\"registry.terraform.io/hashicorp/aws\"]",
      "instances": [
        {
          "schema_version": 0,
          "attributes": {
            "arn": "arn:aws:iam::895169747731:role/my-soc-escalate-finding-to-incident-role",
            "assume_role_policy": "{\"Statement\":[{\"Action\":\"sts:AssumeRole\",\"Effect\":\"Allow\",\"Principal\":{\"Service\":\"lambda.amazonaws.com\"}}],\"Version\":\"2012-10-17\"}",
            "create_date": "2025-12-31T16:46:39Z",
            "description": "",
            "force_detach_policies": false,
            "id": "my-soc-escalate-finding-to-incident-role",
            "inline_policy": [],
            "managed_policy_arns": [],
            "max_session_duration": 3600,
            "name": "my-soc-escalate-finding-to-incident-role",
            "name_prefix": "",
            "path": "/",
            "permissions_boundary": "",
            "tags": null,
            "tags_all": {},
            "unique_id": "AROA5A3CGLMJ7GZR5M6CI"
          },
          "sensitive_attributes": [],
          "identity_schema_version": 0,
          "identity": {
            "account_id": "895169747731",
            "name": "my-soc-escalate-finding-to-incident-role"
          },
          "private": "bnVsbA=="
        }
      ]
    },
    {
      "mode": "managed",
      "type": "aws_iam_role",
      "name": "events_invoke_sns",
      "provider": "provider[\"registry.terraform.io/hashicorp/aws\"]",
      "instances": [
        {
          "schema_version": 0,
          "attributes": {
            "arn": "arn:aws:iam::895169747731:role/my-soc-events-sns-role",
            "assume_role_policy": "{\"Statement\":[{\"Action\":\"sts:AssumeRole\",\"Effect\":\"Allow\",\"Principal\":{\"Service\":\"events.amazonaws.com\"}}],\"Version\":\"2012-10-17\"}",
            "create_date": "2025-12-31T16:46:37Z",
            "description": "",
            "force_detach_policies": false,
            "id": "my-soc-events-sns-role",
            "inline_policy": [],
            "managed_policy_arns": [],
            "max_session_duration": 3600,
            "name": "my-soc-events-sns-role",
            "name_prefix": "",
            "path": "/",
            "permissions_boundary": "",
            "tags": null,
            "tags_all": {},
            "unique_id": "AROA5A3CGLMJ4M6GSQD5S"
          },
          "sensitive_attributes": [],
          "identity_schema_version": 0,
          "identity": {
            "account_id": "895169747731",
            "name": "my-soc-events-sns-role"
          },
          "private": "bnVsbA=="
        }
      ]
    },
    {
      "mode": "managed",
      "type": "aws_iam_role",
      "name": "firehose_to_opensearch",
      "provider": "provider[\"registry.terraform.io/hashicorp/aws\"]",
      "instances": [
        {
          "schema_version": 0,
          "attributes": {
            "arn": "arn:aws:iam::895169747731:role/my-soc-firehose-to-os-role",
            "assume_role_policy": "{\"Statement\":[{\"Action\":\"sts:AssumeRole\",\"Effect\":\"Allow\",\"Principal\":{\"Service\":\"firehose.amazonaws.com\"}}],\"Version\":\"2012-10-17\"}",
            "create_date": "2025-12-31T16:46:38Z",
            "description": "",
            "force_detach_policies": false,
            "id": "my-soc-firehose-to-os-role",
            "inline_policy": [],
            "managed_policy_arns": [],
            "max_session_duration": 3600,
            "name": "my-soc-firehose-to-os-role",
            "name_prefix": "",
            "path": "/",
            "permissions_boundary": "",
            "tags": null,
            "tags_all": {},
            "unique_id": "AROA5A3CGLMJYZOSILYVI"
          },
          "sensitive_attributes": [],
          "identity_schema_version": 0,
          "identity": {
            "account_id": "895169747731",
            "name": "my-soc-firehose-to-os-role"
          },
          "private": "bnVsbA=="
        }
      ]
    },
    {
      "mode": "managed",
      "type": "aws_iam_role",
      "name": "glue_crawler",
      "provider": "provider[\"registry.terraform.io/hashicorp/aws\"]",
      "instances": [
        {
          "schema_version": 0,
          "attributes": {
            "arn": "arn:aws:iam::895169747731:role/my-soc-glue-crawler-role",
            "assume_role_policy": "{\"Statement\":[{\"Action\":\"sts:AssumeRole\",\"Effect\":\"Allow\",\"Principal\":{\"Service\":\"glue.amazonaws.com\"}}],\"Version\":\"2012-10-17\"}",
            "create_date": "2025-12-31T16:46:38Z",
            "description": "",
            "force_detach_policies": false,
            "id": "my-soc-glue-crawler-role",
            "inline_policy": [],
            "managed_policy_arns": [],
            "max_session_duration": 3600,
            "name": "my-soc-glue-crawler-role",
            "name_prefix": "",
            "path": "/",
            "permissions_boundary": "",
            "tags": null,
            "tags_all": {},
            "unique_id": "AROA5A3CGLMJSNSRJ7LLW"
          },
          "sensitive_attributes": [],
          "identity_schema_version": 0,
          "identity": {
            "account_id": "895169747731",
            "name": "my-soc-glue-crawler-role"
          },
          "private": "bnVsbA=="
        }
      ]
    },
    {
      "mode": "managed",
      "type": "aws_iam_role",
      "name": "iam_policy_rollback_detector_lambda",
      "provider": "provider[\"registry.terraform.io/hashicorp/aws\"]",
      "instances": [
        {
          "schema_version": 0,
          "attributes": {
            "arn": "arn:aws:iam::895169747731:role/my-soc-iam-policy-rollback-detector-role",
            "assume_role_policy": "{\"Statement\":[{\"Action\":\"sts:AssumeRole\",\"Effect\":\"Allow\",\"Principal\":{\"Service\":\"lambda.amazonaws.com\"}}],\"Version\":\"2012-10-17\"}",
            "create_date": "2025-12-31T16:46:40Z",
            "description": "",
            "force_detach_policies": false,
            "id": "my-soc-iam-policy-rollback-detector-role",
            "inline_policy": [],
            "managed_policy_arns": [],
            "max_session_duration": 3600,
            "name": "my-soc-iam-policy-rollback-detector-role",
            "name_prefix": "",
            "path": "/",
            "permissions_boundary": "",
            "tags": null,
            "tags_all": {},
            "unique_id": "AROA5A3CGLMJX3OI4VXEL"
          },
          "sensitive_attributes": [],
          "identity_schema_version": 0,
          "identity": {
            "account_id": "895169747731",
            "name": "my-soc-iam-policy-rollback-detector-role"
          },
          "private": "bnVsbA=="
        }
      ]
    },
    {
      "mode": "managed",
      "type": "aws_iam_role",
      "name": "iam_rollback_lambda",
      "provider": "provider[\"registry.terraform.io/hashicorp/aws\"]",
      "instances": [
        {
          "schema_version": 0,
          "attributes": {
            "arn": "arn:aws:iam::895169747731:role/my-soc-iam-rollback-role",
            "assume_role_policy": "{\"Statement\":[{\"Action\":\"sts:AssumeRole\",\"Effect\":\"Allow\",\"Principal\":{\"Service\":\"lambda.amazonaws.com\"}}],\"Version\":\"2012-10-17\"}",
            "create_date": "2025-12-31T16:46:40Z",
            "description": "",
            "force_detach_policies": false,
            "id": "my-soc-iam-rollback-role",
            "inline_policy": [],
            "managed_policy_arns": [],
            "max_session_duration": 3600,
            "name": "my-soc-iam-rollback-role",
            "name_prefix": "",
            "path": "/",
            "permissions_boundary": "",
            "tags": null,
            "tags_all": {},
            "unique_id": "AROA5A3CGLMJS2SYNXQLJ"
          },
          "sensitive_attributes": [],
          "identity_schema_version": 0,
          "identity": {
            "account_id": "895169747731",
            "name": "my-soc-iam-rollback-role"
          },
          "private": "bnVsbA=="
        }
      ]
    },
    {
      "mode": "managed",
      "type": "aws_iam_role",
      "name": "killchain_daily_aggregator_lambda",
      "provider": "provider[\"registry.terraform.io/hashicorp/aws\"]",
      "instances": [
        {
          "schema_version": 0,
          "attributes": {
            "arn": "arn:aws:iam::895169747731:role/my-soc-killchain-daily-aggregator-role",
            "assume_role_policy": "{\"Statement\":[{\"Action\":\"sts:AssumeRole\",\"Effect\":\"Allow\",\"Principal\":{\"Service\":\"lambda.amazonaws.com\"}}],\"Version\":\"2012-10-17\"}",
            "create_date": "2025-12-31T16:46:38Z",
            "description": "",
            "force_detach_policies": false,
            "id": "my-soc-killchain-daily-aggregator-role",
            "inline_policy": [],
            "managed_policy_arns": [],
            "max_session_duration": 3600,
            "name": "my-soc-killchain-daily-aggregator-role",
            "name_prefix": "",
            "path": "/",
            "permissions_boundary": "",
            "tags": null,
            "tags_all": {},
            "unique_id": "AROA5A3CGLMJUDDJMWT6D"
          },
          "sensitive_attributes": [],
          "identity_schema_version": 0,
          "identity": {
            "account_id": "895169747731",
            "name": "my-soc-killchain-daily-aggregator-role"
          },
          "private": "bnVsbA=="
        }
      ]
    },
    {
      "mode": "managed",
      "type": "aws_iam_role",
      "name": "ml_auto_triage_lambda",
      "provider": "provider[\"registry.terraform.io/hashicorp/aws\"]",
      "instances": [
        {
          "schema_version": 0,
          "attributes": {
            "arn": "arn:aws:iam::895169747731:role/my-soc-ml-auto-triage-role",
            "assume_role_policy": "{\"Statement\":[{\"Action\":\"sts:AssumeRole\",\"Effect\":\"Allow\",\"Principal\":{\"Service\":\"lambda.amazonaws.com\"}}],\"Version\":\"2012-10-17\"}",
            "create_date": "2025-12-31T16:46:38Z",
            "description": "",
            "force_detach_policies": false,
            "id": "my-soc-ml-auto-triage-role",
            "inline_policy": [],
            "managed_policy_arns": [],
            "max_session_duration": 3600,
            "name": "my-soc-ml-auto-triage-role",
            "name_prefix": "",
            "path": "/",
            "permissions_boundary": "",
            "tags": null,
            "tags_all": {},
            "unique_id": "AROA5A3CGLMJ53RN3JHSB"
          },
          "sensitive_attributes": [],
          "identity_schema_version": 0,
          "identity": {
            "account_id": "895169747731",
            "name": "my-soc-ml-auto-triage-role"
          },
          "private": "bnVsbA=="
        }
      ]
    },
    {
      "mode": "managed",
      "type": "aws_iam_role",
      "name": "quarantine_lambda",
      "provider": "provider[\"registry.terraform.io/hashicorp/aws\"]",
      "instances": [
        {
          "schema_version": 0,
          "attributes": {
            "arn": "arn:aws:iam::895169747731:role/my-soc-quarantine-lambda-role",
            "assume_role_policy": "{\"Statement\":[{\"Action\":\"sts:AssumeRole\",\"Effect\":\"Allow\",\"Principal\":{\"Service\":\"lambda.amazonaws.com\"}}],\"Version\":\"2012-10-17\"}",
            "create_date": "2025-12-31T16:46:40Z",
            "description": "",
            "force_detach_policies": false,
            "id": "my-soc-quarantine-lambda-role",
            "inline_policy": [],
            "managed_policy_arns": [],
            "max_session_duration": 3600,
            "name": "my-soc-quarantine-lambda-role",
            "name_prefix": "",
            "path": "/",
            "permissions_boundary": "",
            "tags": null,
            "tags_all": {},
            "unique_id": "AROA5A3CGLMJ4RNSLXOX6"
          },
          "sensitive_attributes": [],
          "identity_schema_version": 0,
          "identity": {
            "account_id": "895169747731",
            "name": "my-soc-quarantine-lambda-role"
          },
          "private": "bnVsbA=="
        }
      ]
    },
    {
      "mode": "managed",
      "type": "aws_iam_role",
      "name": "s3_remediate_lambda",
      "provider": "provider[\"registry.terraform.io/hashicorp/aws\"]",
      "instances": [
        {
          "schema_version": 0,
          "attributes": {
            "arn": "arn:aws:iam::895169747731:role/my-soc-s3-remediate-role",
            "assume_role_policy": "{\"Statement\":[{\"Action\":\"sts:AssumeRole\",\"Effect\":\"Allow\",\"Principal\":{\"Service\":\"lambda.amazonaws.com\"}}],\"Version\":\"2012-10-17\"}",
            "create_date": "2025-12-31T16:46:37Z",
            "description": "",
            "force_detach_policies": false,
            "id": "my-soc-s3-remediate-role",
            "inline_policy": [],
            "managed_policy_arns": [],
            "max_session_duration": 3600,
            "name": "my-soc-s3-remediate-role",
            "name_prefix": "",
            "path": "/",
            "permissions_boundary": "",
            "tags": null,
            "tags_all": {},
            "unique_id": "AROA5A3CGLMJ5BASTYCCT"
          },
          "sensitive_attributes": [],
          "identity_schema_version": 0,
          "identity": {
            "account_id": "895169747731",
            "name": "my-soc-s3-remediate-role"
          },
          "private": "bnVsbA=="
        }
      ]
    },
    {
      "mode": "managed",
      "type": "aws_iam_role",
      "name": "sagemaker_execution",
      "provider": "provider[\"registry.terraform.io/hashicorp/aws\"]",
      "instances": [
        {
          "schema_version": 0,
          "attributes": {
            "arn": "arn:aws:iam::895169747731:role/my-soc-sagemaker-execution-role",
            "assume_role_policy": "{\"Statement\":[{\"Action\":\"sts:AssumeRole\",\"Effect\":\"Allow\",\"Principal\":{\"Service\":\"sagemaker.amazonaws.com\"}}],\"Version\":\"2012-10-17\"}",
            "create_date": "2025-12-31T16:46:40Z",
            "description": "",
            "force_detach_policies": false,
            "id": "my-soc-sagemaker-execution-role",
            "inline_policy": [],
            "managed_policy_arns": [],
            "max_session_duration": 3600,
            "name": "my-soc-sagemaker-execution-role",
            "name_prefix": "",
            "path": "/",
            "permissions_boundary": "",
            "tags": null,
            "tags_all": {},
            "unique_id": "AROA5A3CGLMJ6QNBX57K3"
          },
          "sensitive_attributes": [],
          "identity_schema_version": 0,
          "identity": {
            "account_id": "895169747731",
            "name": "my-soc-sagemaker-execution-role"
          },
          "private": "bnVsbA=="
        }
      ]
    },
    {
      "mode": "managed",
      "type": "aws_iam_role",
      "name": "triage_lambda",
      "provider": "provider[\"registry.terraform.io/hashicorp/aws\"]",
      "instances": [
        {
          "schema_version": 0,
          "attributes": {
            "arn": "arn:aws:iam::895169747731:role/my-soc-triage-lambda-role",
            "assume_role_policy": "{\"Statement\":[{\"Action\":\"sts:AssumeRole\",\"Effect\":\"Allow\",\"Principal\":{\"Service\":\"lambda.amazonaws.com\"}}],\"Version\":\"2012-10-17\"}",
            "create_date": "2025-12-31T16:46:38Z",
            "description": "",
            "force_detach_policies": false,
            "id": "my-soc-triage-lambda-role",
            "inline_policy": [],
            "managed_policy_arns": [],
            "max_session_duration": 3600,
            "name": "my-soc-triage-lambda-role",
            "name_prefix": "",
            "path": "/",
            "permissions_boundary": "",
            "tags": null,
            "tags_all": {},
            "unique_id": "AROA5A3CGLMJ4BELENUP4"
          },
          "sensitive_attributes": [],
          "identity_schema_version": 0,
          "identity": {
            "account_id": "895169747731",
            "name": "my-soc-triage-lambda-role"
          },
          "private": "bnVsbA=="
        }
      ]
    },
    {
      "mode": "managed",
      "type": "aws_iam_role",
      "name": "vpc_flow",
      "provider": "provider[\"registry.terraform.io/hashicorp/aws\"]",
      "instances": [
        {
          "schema_version": 0,
          "attributes": {
            "arn": "arn:aws:iam::895169747731:role/my-soc-vpc-flow-role",
            "assume_role_policy": "{\"Statement\":[{\"Action\":\"sts:AssumeRole\",\"Effect\":\"Allow\",\"Principal\":{\"Service\":\"vpc-flow-logs.amazonaws.com\"}}],\"Version\":\"2012-10-17\"}",
            "create_date": "2025-12-31T16:46:41Z",
            "description": "",
            "force_detach_policies": false,
            "id": "my-soc-vpc-flow-role",
            "inline_policy": [],
            "managed_policy_arns": [],
            "max_session_duration": 3600,
            "name": "my-soc-vpc-flow-role",
            "name_prefix": "",
            "path": "/",
            "permissions_boundary": "",
            "tags": null,
            "tags_all": {},
            "unique_id": "AROA5A3CGLMJZFYDEAMFU"
          },
          "sensitive_attributes": [],
          "identity_schema_version": 0,
          "identity": {
            "account_id": "895169747731",
            "name": "my-soc-vpc-flow-role"
          },
          "private": "bnVsbA=="
        }
      ]
    },
    {
      "mode": "managed",
      "type": "aws_iam_role",
      "name": "web_instance",
      "provider": "provider[\"registry.terraform.io/hashicorp/aws\"]",
      "instances": [
        {
          "schema_version": 0,
          "attributes": {
            "arn": "arn:aws:iam::895169747731:role/my-soc-web-instance-role",
            "assume_role_policy": "{\"Statement\":[{\"Action\":\"sts:AssumeRole\",\"Effect\":\"Allow\",\"Principal\":{\"Service\":\"ec2.amazonaws.com\"}}],\"Version\":\"2012-10-17\"}",
            "create_date": "2025-12-31T16:46:38Z",
            "description": "",
            "force_detach_policies": false,
            "id": "my-soc-web-instance-role",
            "inline_policy": [],
            "managed_policy_arns": [],
            "max_session_duration": 3600,
            "name": "my-soc-web-instance-role",
            "name_prefix": "",
            "path": "/",
            "permissions_boundary": "",
            "tags": null,
            "tags_all": {},
            "unique_id": "AROA5A3CGLMJ2IL3JD7V2"
          },
          "sensitive_attributes": [],
          "identity_schema_version": 0,
          "identity": {
            "account_id": "895169747731",
            "name": "my-soc-web-instance-role"
          },
          "private": "bnVsbA=="
        }
      ]
    },
    {
      "mode": "managed",
      "type": "aws_iam_role_policy",
      "name": "cloudtrail",
      "provider": "provider[\"registry.terraform.io/hashicorp/aws\"]",
      "instances": [
        {
          "schema_version": 0,
          "attributes": {
            "id": "my-soc-cloudtrail-role:my-soc-cloudtrail-policy",
            "name": "my-soc-cloudtrail-policy",
            "name_prefix": "",
            "policy": "{\"Version\":\"2012-10-17\",\"Statement\":[{\"Action\":[\"logs:CreateLogStream\",\"logs:PutLogEvents\"],\"Effect\":\"Allow\",\"Resource\":\"arn:aws:logs:us-east-1:895169747731:log-group:/aws/my-soc/cloudtrail:*\"}]}",
            "role": "my-soc-cloudtrail-role"
          },
          "sensitive_attributes": [],
          "identity_schema_version": 0,
          "identity": {
            "account_id": "895169747731",
            "name": "my-soc-cloudtrail-policy",
            "role": "my-soc-cloudtrail-role"
          },
          "private": "bnVsbA==",
          "dependencies": [
            "aws_cloudwatch_log_group.cloudtrail",
            "aws_iam_role.cloudtrail"
          ]
        }
      ]
    },
    {
      "mode": "managed",
      "type": "aws_iam_role_policy",
      "name": "cloudwatch_logs_to_firehose",
      "provider": "provider[\"registry.terraform.io/hashicorp/aws\"]",
      "instances": [
        {
          "schema_version": 0,
          "attributes": {
            "id": "my-soc-cw-to-firehose-role:my-soc-cw-to-firehose-policy",
            "name": "my-soc-cw-to-firehose-policy",
            "name_prefix": "",
            "policy": "{\"Version\":\"2012-10-17\",\"Statement\":[{\"Action\":[\"firehose:PutRecord\",\"firehose:PutRecordBatch\",\"firehose:DescribeDeliveryStream\",\"firehose:ListDeliveryStreams\",\"firehose:ListTagsForDeliveryStream\"],\"Effect\":\"Allow\",\"Resource\":\"arn:aws:firehose:us-east-1:895169747731:deliverystream/my-soc-cw-to-os\"}]}",
            "role": "my-soc-cw-to-firehose-role"
          },
          "sensitive_attributes": [],
          "identity_schema_version": 0,
          "identity": {
            "account_id": "895169747731",
            "name": "my-soc-cw-to-firehose-policy",
            "role": "my-soc-cw-to-firehose-role"
          },
          "private": "bnVsbA==",
          "dependencies": [
            "aws_iam_role.cloudwatch_logs_to_firehose",
            "aws_iam_role.firehose_to_opensearch",
            "aws_kinesis_firehose_delivery_stream.cloudwatch_to_opensearch",
            "aws_opensearch_domain.logs",
            "aws_s3_bucket.logs",
            "data.aws_caller_identity.current",
            "data.aws_partition.current"
          ]
        }
      ]
    },
    {
      "mode": "managed",
      "type": "aws_iam_role_policy",
      "name": "escalate_finding_to_incident_lambda",
      "provider": "provider[\"registry.terraform.io/hashicorp/aws\"]",
      "instances": [
        {
          "schema_version": 0,
          "attributes": {
            "id": "my-soc-escalate-finding-to-incident-role:my-soc-escalate-finding-to-incident-policy",
            "name": "my-soc-escalate-finding-to-incident-policy",
            "name_prefix": "",
            "policy": "{\"Version\":\"2012-10-17\",\"Statement\":[{\"Action\":[\"logs:CreateLogGroup\",\"logs:CreateLogStream\",\"logs:PutLogEvents\"],\"Effect\":\"Allow\",\"Resource\":\"arn:aws:logs:us-east-1:895169747731:log-group:/aws/lambda/my-soc-escalate-finding-to-incident:*\"},{\"Action\":[\"dynamodb:Scan\",\"dynamodb:PutItem\",\"dynamodb:UpdateItem\"],\"Effect\":\"Allow\",\"Resource\":\"arn:aws:dynamodb:us-east-1:895169747731:table/my-soc-killchain-incidents\"},{\"Action\":[\"sns:Publish\"],\"Effect\":\"Allow\",\"Resource\":\"arn:aws:sns:us-east-1:895169747731:my-soc-killchain-topic\"}]}",
            "role": "my-soc-escalate-finding-to-incident-role"
          },
          "sensitive_attributes": [],
          "identity_schema_version": 0,
          "identity": {
            "account_id": "895169747731",
            "name": "my-soc-escalate-finding-to-incident-policy",
            "role": "my-soc-escalate-finding-to-incident-role"
          },
          "private": "bnVsbA==",
          "dependencies": [
            "aws_dynamodb_table.killchain_incidents",
            "aws_iam_role.escalate_finding_to_incident_lambda",
            "aws_sns_topic.killchain",
            "data.aws_caller_identity.current",
            "data.aws_partition.current"
          ]
        }
      ]
    },
    {
      "mode": "managed",
      "type": "aws_iam_role_policy",
      "name": "events_invoke_sns",
      "provider": "provider[\"registry.terraform.io/hashicorp/aws\"]",
      "instances": [
        {
          "schema_version": 0,
          "attributes": {
            "id": "my-soc-events-sns-role:terraform-20251231164642818200000004",
            "name": "terraform-20251231164642818200000004",
            "name_prefix": "terraform-",
            "policy": "{\"Version\":\"2012-10-17\",\"Statement\":[{\"Action\":\"sns:Publish\",\"Effect\":\"Allow\",\"Resource\":\"arn:aws:sns:us-east-1:895169747731:my-soc-killchain-topic\"}]}",
            "role": "my-soc-events-sns-role"
          },
          "sensitive_attributes": [],
          "identity_schema_version": 0,
          "identity": {
            "account_id": "895169747731",
            "name": "terraform-20251231164642818200000004",
            "role": "my-soc-events-sns-role"
          },
          "private": "bnVsbA==",
          "dependencies": [
            "aws_iam_role.events_invoke_sns",
            "aws_sns_topic.killchain"
          ]
        }
      ]
    },
    {
      "mode": "managed",
      "type": "aws_iam_role_policy",
      "name": "firehose_to_opensearch",
      "provider": "provider[\"registry.terraform.io/hashicorp/aws\"]",
      "instances": [
        {
          "schema_version": 0,
          "attributes": {
            "id": "my-soc-firehose-to-os-role:my-soc-firehose-to-os-policy",
            "name": "my-soc-firehose-to-os-policy",
            "name_prefix": "",
            "policy": "{\"Version\":\"2012-10-17\",\"Statement\":[{\"Action\":[\"s3:AbortMultipartUpload\",\"s3:GetBucketLocation\",\"s3:GetObject\",\"s3:ListBucket\",\"s3:ListBucketMultipartUploads\",\"s3:PutObject\"],\"Effect\":\"Allow\",\"Resource\":[\"arn:aws:s3:::my-soc-logs-895169747731\",\"arn:aws:s3:::my-soc-logs-895169747731/*\"]},{\"Action\":[\"es:DescribeDomain\",\"es:DescribeDomains\",\"es:DescribeDomainConfig\",\"es:ESHttpPost\",\"es:ESHttpPut\",\"es:ESHttpGet\"],\"Effect\":\"Allow\",\"Resource\":[\"arn:aws:es:us-east-1:895169747731:domain/my-soc-logs-os\",\"arn:aws:es:us-east-1:895169747731:domain/my-soc-logs-os/*\"]},{\"Action\":[\"logs:PutLogEvents\"],\"Effect\":\"Allow\",\"Resource\":\"*\"}]}",
            "role": "my-soc-firehose-to-os-role"
          },
          "sensitive_attributes": [],
          "identity_schema_version": 0,
          "identity": {
            "account_id": "895169747731",
            "name": "my-soc-firehose-to-os-policy",
            "role": "my-soc-firehose-to-os-role"
          },
          "private": "bnVsbA==",
          "dependencies": [
            "aws_iam_role.firehose_to_opensearch",
            "aws_opensearch_domain.logs",
            "aws_s3_bucket.logs",
            "data.aws_caller_identity.current",
            "data.aws_partition.current"
          ]
        }
      ]
    },
    {
      "mode": "managed",
      "type": "aws_iam_role_policy",
      "name": "glue_crawler_s3",
      "provider": "provider[\"registry.terraform.io/hashicorp/aws\"]",
      "instances": [
        {
          "schema_version": 0,
          "attributes": {
            "id": "my-soc-glue-crawler-role:my-soc-glue-crawler-s3",
            "name": "my-soc-glue-crawler-s3",
            "name_prefix": "",
            "policy": "{\"Version\":\"2012-10-17\",\"Statement\":[{\"Action\":[\"s3:ListBucket\"],\"Effect\":\"Allow\",\"Resource\":\"arn:aws:s3:::my-soc-logs-895169747731\"},{\"Action\":[\"s3:GetObject\"],\"Effect\":\"Allow\",\"Resource\":\"arn:aws:s3:::my-soc-logs-895169747731/AWSLogs/895169747731/CloudTrail/*\"}]}",
            "role": "my-soc-glue-crawler-role"
          },
          "sensitive_attributes": [],
          "identity_schema_version": 0,
          "identity": {
            "account_id": "895169747731",
            "name": "my-soc-glue-crawler-s3",
            "role": "my-soc-glue-crawler-role"
          },
          "private": "bnVsbA==",
          "dependencies": [
            "aws_iam_role.glue_crawler",
            "aws_s3_bucket.logs",
            "data.aws_caller_identity.current"
          ]
        }
      ]
    },
    {
      "mode": "managed",
      "type": "aws_iam_role_policy",
      "name": "iam_policy_rollback_detector_lambda",
      "provider": "provider[\"registry.terraform.io/hashicorp/aws\"]",
      "instances": [
        {
          "schema_version": 0,
          "attributes": {
            "id": "my-soc-iam-policy-rollback-detector-role:my-soc-iam-policy-rollback-detector-policy",
            "name": "my-soc-iam-policy-rollback-detector-policy",
            "name_prefix": "",
            "policy": "{\"Version\":\"2012-10-17\",\"Statement\":[{\"Action\":[\"logs:CreateLogGroup\",\"logs:CreateLogStream\",\"logs:PutLogEvents\"],\"Effect\":\"Allow\",\"Resource\":\"arn:aws:logs:us-east-1:895169747731:log-group:/aws/lambda/my-soc-iam-policy-rollback-detector:*\"},{\"Action\":[\"securityhub:BatchImportFindings\"],\"Effect\":\"Allow\",\"Resource\":\"*\"}]}",
            "role": "my-soc-iam-policy-rollback-detector-role"
          },
          "sensitive_attributes": [],
          "identity_schema_version": 0,
          "identity": {
            "account_id": "895169747731",
            "name": "my-soc-iam-policy-rollback-detector-policy",
            "role": "my-soc-iam-policy-rollback-detector-role"
          },
          "private": "bnVsbA==",
          "dependencies": [
            "aws_iam_role.iam_policy_rollback_detector_lambda",
            "data.aws_caller_identity.current",
            "data.aws_partition.current"
          ]
        }
      ]
    },
    {
      "mode": "managed",
      "type": "aws_iam_role_policy",
      "name": "iam_rollback_lambda",
      "provider": "provider[\"registry.terraform.io/hashicorp/aws\"]",
      "instances": [
        {
          "schema_version": 0,
          "attributes": {
            "id": "my-soc-iam-rollback-role:my-soc-iam-rollback-policy",
            "name": "my-soc-iam-rollback-policy",
            "name_prefix": "",
            "policy": "{\"Version\":\"2012-10-17\",\"Statement\":[{\"Action\":[\"logs:CreateLogGroup\",\"logs:CreateLogStream\",\"logs:PutLogEvents\"],\"Effect\":\"Allow\",\"Resource\":\"arn:aws:logs:us-east-1:895169747731:log-group:/aws/lambda/my-soc-iam-rollback:*\"}]}",
            "role": "my-soc-iam-rollback-role"
          },
          "sensitive_attributes": [],
          "identity_schema_version": 0,
          "identity": {
            "account_id": "895169747731",
            "name": "my-soc-iam-rollback-policy",
            "role": "my-soc-iam-rollback-role"
          },
          "private": "bnVsbA==",
          "dependencies": [
            "aws_iam_role.iam_rollback_lambda",
            "data.aws_caller_identity.current",
            "data.aws_partition.current"
          ]
        }
      ]
    },
    {
      "mode": "managed",
      "type": "aws_iam_role_policy",
      "name": "killchain_daily_aggregator_lambda",
      "provider": "provider[\"registry.terraform.io/hashicorp/aws\"]",
      "instances": [
        {
          "schema_version": 0,
          "attributes": {
            "id": "my-soc-killchain-daily-aggregator-role:my-soc-killchain-daily-aggregator-policy",
            "name": "my-soc-killchain-daily-aggregator-policy",
            "name_prefix": "",
            "policy": "{\"Version\":\"2012-10-17\",\"Statement\":[{\"Action\":[\"logs:CreateLogGroup\",\"logs:CreateLogStream\",\"logs:PutLogEvents\"],\"Effect\":\"Allow\",\"Resource\":\"arn:aws:logs:us-east-1:895169747731:log-group:/aws/lambda/my-soc-killchain-daily-aggregator:*\"},{\"Action\":[\"securityhub:GetFindings\"],\"Effect\":\"Allow\",\"Resource\":\"*\"},{\"Action\":[\"dynamodb:Scan\",\"dynamodb:PutItem\",\"dynamodb:UpdateItem\"],\"Effect\":\"Allow\",\"Resource\":\"arn:aws:dynamodb:us-east-1:895169747731:table/my-soc-killchain-incidents\"},{\"Action\":[\"sns:Publish\"],\"Effect\":\"Allow\",\"Resource\":\"arn:aws:sns:us-east-1:895169747731:my-soc-killchain-topic\"}]}",
            "role": "my-soc-killchain-daily-aggregator-role"
          },
          "sensitive_attributes": [],
          "identity_schema_version": 0,
          "identity": {
            "account_id": "895169747731",
            "name": "my-soc-killchain-daily-aggregator-policy",
            "role": "my-soc-killchain-daily-aggregator-role"
          },
          "private": "bnVsbA==",
          "dependencies": [
            "aws_dynamodb_table.killchain_incidents",
            "aws_iam_role.killchain_daily_aggregator_lambda",
            "aws_sns_topic.killchain",
            "data.aws_caller_identity.current",
            "data.aws_partition.current"
          ]
        }
      ]
    },
    {
      "mode": "managed",
      "type": "aws_iam_role_policy",
      "name": "ml_auto_triage_lambda",
      "provider": "provider[\"registry.terraform.io/hashicorp/aws\"]",
      "instances": [
        {
          "schema_version": 0,
          "attributes": {
            "id": "my-soc-ml-auto-triage-role:my-soc-ml-auto-triage-policy",
            "name": "my-soc-ml-auto-triage-policy",
            "name_prefix": "",
            "policy": "{\"Version\":\"2012-10-17\",\"Statement\":[{\"Action\":[\"logs:CreateLogGroup\",\"logs:CreateLogStream\",\"logs:PutLogEvents\"],\"Effect\":\"Allow\",\"Resource\":\"arn:aws:logs:us-east-1:895169747731:log-group:/aws/lambda/my-soc-ml-auto-triage:*\"},{\"Action\":[\"sagemaker:InvokeEndpoint\"],\"Effect\":\"Allow\",\"Resource\":\"*\"},{\"Action\":[\"securityhub:BatchUpdateFindings\"],\"Effect\":\"Allow\",\"Resource\":\"*\"}]}",
            "role": "my-soc-ml-auto-triage-role"
          },
          "sensitive_attributes": [],
          "identity_schema_version": 0,
          "identity": {
            "account_id": "895169747731",
            "name": "my-soc-ml-auto-triage-policy",
            "role": "my-soc-ml-auto-triage-role"
          },
          "private": "bnVsbA==",
          "dependencies": [
            "aws_iam_role.ml_auto_triage_lambda",
            "data.aws_caller_identity.current",
            "data.aws_partition.current"
          ]
        }
      ]
    },
    {
      "mode": "managed",
      "type": "aws_iam_role_policy",
      "name": "quarantine_lambda",
      "provider": "provider[\"registry.terraform.io/hashicorp/aws\"]",
      "instances": [
        {
          "schema_version": 0,
          "attributes": {
            "id": "my-soc-quarantine-lambda-role:my-soc-quarantine-lambda-policy",
            "name": "my-soc-quarantine-lambda-policy",
            "name_prefix": "",
            "policy": "{\"Version\":\"2012-10-17\",\"Statement\":[{\"Action\":[\"logs:CreateLogGroup\",\"logs:CreateLogStream\",\"logs:PutLogEvents\"],\"Effect\":\"Allow\",\"Resource\":\"arn:aws:logs:us-east-1:895169747731:log-group:/aws/lambda/my-soc-quarantine-ec2:*\"},{\"Action\":[\"ec2:DescribeInstances\",\"ec2:ModifyInstanceAttribute\"],\"Effect\":\"Allow\",\"Resource\":\"*\"}]}",
            "role": "my-soc-quarantine-lambda-role"
          },
          "sensitive_attributes": [],
          "identity_schema_version": 0,
          "identity": {
            "account_id": "895169747731",
            "name": "my-soc-quarantine-lambda-policy",
            "role": "my-soc-quarantine-lambda-role"
          },
          "private": "bnVsbA==",
          "dependencies": [
            "aws_iam_role.quarantine_lambda",
            "data.aws_caller_identity.current",
            "data.aws_partition.current"
          ]
        }
      ]
    },
    {
      "mode": "managed",
      "type": "aws_iam_role_policy",
      "name": "s3_remediate_lambda",
      "provider": "provider[\"registry.terraform.io/hashicorp/aws\"]",
      "instances": [
        {
          "schema_version": 0,
          "attributes": {
            "id": "my-soc-s3-remediate-role:my-soc-s3-remediate-policy",
            "name": "my-soc-s3-remediate-policy",
            "name_prefix": "",
            "policy": "{\"Version\":\"2012-10-17\",\"Statement\":[{\"Action\":[\"logs:CreateLogGroup\",\"logs:CreateLogStream\",\"logs:PutLogEvents\"],\"Effect\":\"Allow\",\"Resource\":\"arn:aws:logs:us-east-1:895169747731:log-group:/aws/lambda/my-soc-s3-remediate:*\"},{\"Action\":[\"s3:GetBucketAcl\",\"s3:GetBucketPolicy\",\"s3:PutBucketPolicy\",\"s3:PutBucketPublicAccessBlock\"],\"Effect\":\"Allow\",\"Resource\":\"arn:aws:s3:::*\"}]}",
            "role": "my-soc-s3-remediate-role"
          },
          "sensitive_attributes": [],
          "identity_schema_version": 0,
          "identity": {
            "account_id": "895169747731",
            "name": "my-soc-s3-remediate-policy",
            "role": "my-soc-s3-remediate-role"
          },
          "private": "bnVsbA==",
          "dependencies": [
            "aws_iam_role.s3_remediate_lambda",
            "data.aws_caller_identity.current",
            "data.aws_partition.current"
          ]
        }
      ]
    },
    {
      "mode": "managed",
      "type": "aws_iam_role_policy",
      "name": "sagemaker_execution",
      "provider": "provider[\"registry.terraform.io/hashicorp/aws\"]",
      "instances": [
        {
          "schema_version": 0,
          "attributes": {
            "id": "my-soc-sagemaker-execution-role:my-soc-sagemaker-execution-policy",
            "name": "my-soc-sagemaker-execution-policy",
            "name_prefix": "",
            "policy": "{\"Version\":\"2012-10-17\",\"Statement\":[{\"Action\":[\"s3:GetObject\",\"s3:PutObject\",\"s3:ListBucket\"],\"Effect\":\"Allow\",\"Resource\":[\"arn:aws:s3:::my-soc-ml-models-895169747731\",\"arn:aws:s3:::my-soc-ml-models-895169747731/*\"]},{\"Action\":[\"logs:CreateLogGroup\",\"logs:CreateLogStream\",\"logs:PutLogEvents\"],\"Effect\":\"Allow\",\"Resource\":\"arn:aws:logs:us-east-1:895169747731:log-group:/aws/sagemaker/*\"}]}",
            "role": "my-soc-sagemaker-execution-role"
          },
          "sensitive_attributes": [],
          "identity_schema_version": 0,
          "identity": {
            "account_id": "895169747731",
            "name": "my-soc-sagemaker-execution-policy",
            "role": "my-soc-sagemaker-execution-role"
          },
          "private": "bnVsbA==",
          "dependencies": [
            "aws_iam_role.sagemaker_execution",
            "aws_s3_bucket.ml_models",
            "data.aws_caller_identity.current",
            "data.aws_partition.current"
          ]
        }
      ]
    },
    {
      "mode": "managed",
      "type": "aws_iam_role_policy",
      "name": "triage_lambda",
      "provider": "provider[\"registry.terraform.io/hashicorp/aws\"]",
      "instances": [
        {
          "schema_version": 0,
          "attributes": {
            "id": "my-soc-triage-lambda-role:my-soc-triage-lambda-policy",
            "name": "my-soc-triage-lambda-policy",
            "name_prefix": "",
            "policy": "{\"Version\":\"2012-10-17\",\"Statement\":[{\"Action\":[\"logs:CreateLogGroup\",\"logs:CreateLogStream\",\"logs:PutLogEvents\"],\"Effect\":\"Allow\",\"Resource\":\"arn:aws:logs:us-east-1:895169747731:log-group:/aws/lambda/my-soc-triage-links:*\"},{\"Action\":[\"sns:Publish\"],\"Effect\":\"Allow\",\"Resource\":\"arn:aws:sns:us-east-1:895169747731:my-soc-triage-topic\"}]}",
            "role": "my-soc-triage-lambda-role"
          },
          "sensitive_attributes": [],
          "identity_schema_version": 0,
          "identity": {
            "account_id": "895169747731",
            "name": "my-soc-triage-lambda-policy",
            "role": "my-soc-triage-lambda-role"
          },
          "private": "bnVsbA==",
          "dependencies": [
            "aws_iam_role.triage_lambda",
            "aws_sns_topic.triage",
            "data.aws_caller_identity.current",
            "data.aws_partition.current"
          ]
        }
      ]
    },
    {
      "mode": "managed",
      "type": "aws_iam_role_policy",
      "name": "vpc_flow",
      "provider": "provider[\"registry.terraform.io/hashicorp/aws\"]",
      "instances": [
        {
          "schema_version": 0,
          "attributes": {
            "id": "my-soc-vpc-flow-role:my-soc-vpc-flow-policy",
            "name": "my-soc-vpc-flow-policy",
            "name_prefix": "",
            "policy": "{\"Version\":\"2012-10-17\",\"Statement\":[{\"Action\":[\"logs:CreateLogStream\",\"logs:PutLogEvents\"],\"Effect\":\"Allow\",\"Resource\":\"arn:aws:logs:us-east-1:895169747731:log-group:/aws/my-soc/vpc-flow-logs\"}]}",
            "role": "my-soc-vpc-flow-role"
          },
          "sensitive_attributes": [],
          "identity_schema_version": 0,
          "identity": {
            "account_id": "895169747731",
            "name": "my-soc-vpc-flow-policy",
            "role": "my-soc-vpc-flow-role"
          },
          "private": "bnVsbA==",
          "dependencies": [
            "aws_cloudwatch_log_group.vpc_flow",
            "aws_iam_role.vpc_flow"
          ]
        }
      ]
    },
    {
      "mode": "managed",
      "type": "aws_iam_role_policy_attachment",
      "name": "config",
      "provider": "provider[\"registry.terraform.io/hashicorp/aws\"]",
      "instances": [
        {
          "schema_version": 0,
          "attributes": {
            "id": "my-soc-config-role/arn:aws:iam::aws:policy/service-role/AWS_ConfigRole",
            "policy_arn": "arn:aws:iam::aws:policy/service-role/AWS_ConfigRole",
            "role": "my-soc-config-role"
          },
          "sensitive_attributes": [],
          "identity_schema_version": 0,
          "identity": {
            "account_id": "895169747731",
            "policy_arn": "arn:aws:iam::aws:policy/service-role/AWS_ConfigRole",
            "role": "my-soc-config-role"
          },
          "private": "bnVsbA==",
          "dependencies": [
            "aws_iam_role.config",
            "data.aws_partition.current"
          ]
        }
      ]
    },
    {
      "mode": "managed",
      "type": "aws_iam_role_policy_attachment",
      "name": "glue_crawler",
      "provider": "provider[\"registry.terraform.io/hashicorp/aws\"]",
      "instances": [
        {
          "schema_version": 0,
          "attributes": {
            "id": "my-soc-glue-crawler-role/arn:aws:iam::aws:policy/service-role/AWSGlueServiceRole",
            "policy_arn": "arn:aws:iam::aws:policy/service-role/AWSGlueServiceRole",
            "role": "my-soc-glue-crawler-role"
          },
          "sensitive_attributes": [],
          "identity_schema_version": 0,
          "identity": {
            "account_id": "895169747731",
            "policy_arn": "arn:aws:iam::aws:policy/service-role/AWSGlueServiceRole",
            "role": "my-soc-glue-crawler-role"
          },
          "private": "bnVsbA==",
          "dependencies": [
            "aws_iam_role.glue_crawler",
            "data.aws_partition.current"
          ]
        }
      ]
    },
    {
      "mode": "managed",
      "type": "aws_iam_role_policy_attachment",
      "name": "web_instance_cwagent",
      "provider": "provider[\"registry.terraform.io/hashicorp/aws\"]",
      "instances": [
        {
          "schema_version": 0,
          "attributes": {
            "id": "my-soc-web-instance-role/arn:aws:iam::aws:policy/CloudWatchAgentServerPolicy",
            "policy_arn": "arn:aws:iam::aws:policy/CloudWatchAgentServerPolicy",
            "role": "my-soc-web-instance-role"
          },
          "sensitive_attributes": [],
          "identity_schema_version": 0,
          "identity": {
            "account_id": "895169747731",
            "policy_arn": "arn:aws:iam::aws:policy/CloudWatchAgentServerPolicy",
            "role": "my-soc-web-instance-role"
          },
          "private": "bnVsbA==",
          "dependencies": [
            "aws_iam_role.web_instance",
            "data.aws_partition.current"
          ]
        }
      ]
    },
    {
      "mode": "managed",
      "type": "aws_iam_role_policy_attachment",
      "name": "web_instance_ssm",
      "provider": "provider[\"registry.terraform.io/hashicorp/aws\"]",
      "instances": [
        {
          "schema_version": 0,
          "attributes": {
            "id": "my-soc-web-instance-role/arn:aws:iam::aws:policy/AmazonSSMManagedInstanceCore",
            "policy_arn": "arn:aws:iam::aws:policy/AmazonSSMManagedInstanceCore",
            "role": "my-soc-web-instance-role"
          },
          "sensitive_attributes": [],
          "identity_schema_version": 0,
          "identity": {
            "account_id": "895169747731",
            "policy_arn": "arn:aws:iam::aws:policy/AmazonSSMManagedInstanceCore",
            "role": "my-soc-web-instance-role"
          },
          "private": "bnVsbA==",
          "dependencies": [
            "aws_iam_role.web_instance",
            "data.aws_partition.current"
          ]
        }
      ]
    },
    {
      "mode": "managed",
      "type": "aws_inspector2_enabler",
      "name": "main",
      "provider": "provider[\"registry.terraform.io/hashicorp/aws\"]",
      "instances": [
        {
          "schema_version": 0,
          "attributes": {
            "account_ids": [
              "895169747731"
            ],
            "id": "895169747731-EC2:ECR:LAMBDA",
            "region": "us-east-1",
            "resource_types": [
              "EC2",
              "ECR",
              "LAMBDA"
            ],
            "timeouts": {
              "create": "15m",
              "delete": null,
              "update": null
            }
          },
          "sensitive_attributes": [],
          "identity_schema_version": 0,
          "private": "eyJlMmJmYjczMC1lY2FhLTExZTYtOGY4OC0zNDM2M2JjN2M0YzAiOnsiY3JlYXRlIjo5MDAwMDAwMDAwMDAsImRlbGV0ZSI6MzAwMDAwMDAwMDAwLCJ1cGRhdGUiOjMwMDAwMDAwMDAwMH19",
          "dependencies": [
            "data.aws_caller_identity.current"
          ]
        }
      ]
    },
    {
      "mode": "managed",
      "type": "aws_instance",
      "name": "web",
      "provider": "provider[\"registry.terraform.io/hashicorp/aws\"]",
      "instances": [
        {
          "index_key": 0,
          "schema_version": 2,
          "attributes": {
            "ami": "ami-0ca688f4217aab61b",
            "arn": "arn:aws:ec2:us-east-1:895169747731:instance/i-0abc67632644872fb",
            "associate_public_ip_address": true,
            "availability_zone": "us-east-1a",
            "capacity_reservation_specification": [
              {
                "capacity_reservation_preference": "open",
                "capacity_reservation_target": []
              }
            ],
            "cpu_options": [
              {
                "amd_sev_snp": "",
                "core_count": 1,
                "threads_per_core": 2
              }
            ],
            "credit_specification": [
              {
                "cpu_credits": "unlimited"
              }
            ],
            "disable_api_stop": false,
            "disable_api_termination": false,
            "ebs_block_device": [],
            "ebs_optimized": false,
            "enable_primary_ipv6": null,
            "enclave_options": [
              {
                "enabled": false
              }
            ],
            "ephemeral_block_device": [],
            "force_destroy": false,
            "get_password_data": false,
            "hibernation": false,
            "host_id": "",
            "host_resource_group_arn": null,
            "iam_instance_profile": "my-soc-web-instance-profile",
            "id": "i-0abc67632644872fb",
            "instance_initiated_shutdown_behavior": "stop",
            "instance_lifecycle": "",
            "instance_market_options": [],
            "instance_state": "running",
            "instance_type": "t3.micro",
            "ipv6_address_count": 0,
            "ipv6_addresses": [],
            "key_name": "",
            "launch_template": [],
            "maintenance_options": [
              {
                "auto_recovery": "default"
              }
            ],
            "metadata_options": [
              {
                "http_endpoint": "enabled",
                "http_protocol_ipv6": "disabled",
                "http_put_response_hop_limit": 2,
                "http_tokens": "required",
                "instance_metadata_tags": "disabled"
              }
            ],
            "monitoring": false,
            "network_interface": [],
            "outpost_arn": "",
            "password_data": "",
            "placement_group": "",
            "placement_group_id": "",
            "placement_partition_number": 0,
            "primary_network_interface": [
              {
                "delete_on_termination": true,
                "network_interface_id": "eni-001a8cc7af24f6eb1"
              }
            ],
            "primary_network_interface_id": "eni-001a8cc7af24f6eb1",
            "private_dns": "ip-10-10-1-148.ec2.internal",
            "private_dns_name_options": [
              {
                "enable_resource_name_dns_a_record": false,
                "enable_resource_name_dns_aaaa_record": false,
                "hostname_type": "ip-name"
              }
            ],
            "private_ip": "10.10.1.148",
            "public_dns": "ec2-54-162-9-197.compute-1.amazonaws.com",
            "public_ip": "54.162.9.197",
            "region": "us-east-1",
            "root_block_device": [
              {
                "delete_on_termination": true,
                "device_name": "/dev/xvda",
                "encrypted": false,
                "iops": 3000,
                "kms_key_id": "",
                "tags": {},
                "tags_all": {},
                "throughput": 125,
                "volume_id": "vol-0fd771206845c2c5e",
                "volume_size": 30,
                "volume_type": "gp3"
              }
            ],
            "secondary_private_ips": [],
            "security_groups": [],
            "source_dest_check": true,
            "spot_instance_request_id": "",
            "subnet_id": "subnet-074810fcc6e2f14ac",
            "tags": {
              "Name": "my-soc-web-0",
              "Project": "my-soc"
            },
            "tags_all": {
              "Name": "my-soc-web-0",
              "Project": "my-soc"
            },
            "tenancy": "default",
            "timeouts": null,
            "user_data": "#!/bin/bash\r\n\r\n# Install Apache and CloudWatch Agent (Amazon Linux 2023)\r\ndnf install -y httpd amazon-cloudwatch-agent || yum install -y httpd amazon-cloudwatch-agent\r\n\r\n# Simple web page\r\necho \"hello, Liang from my-soc.\" \u003e /var/www/html/index.html\r\nsystemctl enable httpd\r\nsystemctl start httpd\r\n\r\n# CloudWatch Agent configuration for OS and Apache logs\r\ncat \u003e/opt/aws/amazon-cloudwatch-agent/etc/amazon-cloudwatch-agent.json \u003c\u003c'AGENTCFG'\r\n{\r\n  \"logs\": {\r\n    \"logs_collected\": {\r\n      \"files\": {\r\n        \"collect_list\": [\r\n          {\r\n            \"file_path\": \"/var/log/messages\",\r\n            \"log_group_name\": \"/aws/my-soc/web-os\",\r\n            \"log_stream_name\": \"{instance_id}-os\"\r\n          },\r\n          {\r\n            \"file_path\": \"/var/log/httpd/access_log\",\r\n            \"log_group_name\": \"/aws/my-soc/web-app\",\r\n            \"log_stream_name\": \"{instance_id}-access\"\r\n          },\r\n          {\r\n            \"file_path\": \"/var/log/httpd/error_log\",\r\n            \"log_group_name\": \"/aws/my-soc/web-app\",\r\n            \"log_stream_name\": \"{instance_id}-error\"\r\n          }\r\n        ]\r\n      }\r\n    }\r\n  },\r\n  \"agent\": {\r\n    \"run_as_user\": \"root\"\r\n  }\r\n}\r\nAGENTCFG\r\n\r\n/opt/aws/amazon-cloudwatch-agent/bin/amazon-cloudwatch-agent-ctl \\\r\n  -a fetch-config -m ec2 \\\r\n  -c file:/opt/aws/amazon-cloudwatch-agent/etc/amazon-cloudwatch-agent.json \\\r\n  -s\r\n",
            "user_data_base64": null,
            "user_data_replace_on_change": false,
            "volume_tags": null,
            "vpc_security_group_ids": [
              "sg-0e4643b65549f9625"
            ]
          },
          "sensitive_attributes": [],
          "identity_schema_version": 0,
          "identity": {
            "account_id": "895169747731",
            "id": "i-0abc67632644872fb",
            "region": "us-east-1"
          },
          "private": "eyJlMmJmYjczMC1lY2FhLTExZTYtOGY4OC0zNDM2M2JjN2M0YzAiOnsiY3JlYXRlIjo2MDAwMDAwMDAwMDAsImRlbGV0ZSI6MTIwMDAwMDAwMDAwMCwicmVhZCI6OTAwMDAwMDAwMDAwLCJ1cGRhdGUiOjYwMDAwMDAwMDAwMH0sInNjaGVtYV92ZXJzaW9uIjoiMiJ9",
          "dependencies": [
            "aws_cloudwatch_log_group.web_app",
            "aws_cloudwatch_log_group.web_os",
            "aws_iam_instance_profile.web_instance",
            "aws_iam_role.web_instance",
            "aws_security_group.alb",
            "aws_security_group.web",
            "aws_subnet.public",
            "aws_vpc.main",
            "data.aws_ami.amazon_linux",
            "data.aws_availability_zones.available"
          ]
        },
        {
          "index_key": 1,
          "schema_version": 2,
          "attributes": {
            "ami": "ami-0ca688f4217aab61b",
            "arn": "arn:aws:ec2:us-east-1:895169747731:instance/i-0d57d35ff37fe5699",
            "associate_public_ip_address": true,
            "availability_zone": "us-east-1b",
            "capacity_reservation_specification": [
              {
                "capacity_reservation_preference": "open",
                "capacity_reservation_target": []
              }
            ],
            "cpu_options": [
              {
                "amd_sev_snp": "",
                "core_count": 1,
                "threads_per_core": 2
              }
            ],
            "credit_specification": [
              {
                "cpu_credits": "unlimited"
              }
            ],
            "disable_api_stop": false,
            "disable_api_termination": false,
            "ebs_block_device": [],
            "ebs_optimized": false,
            "enable_primary_ipv6": null,
            "enclave_options": [
              {
                "enabled": false
              }
            ],
            "ephemeral_block_device": [],
            "force_destroy": false,
            "get_password_data": false,
            "hibernation": false,
            "host_id": "",
            "host_resource_group_arn": null,
            "iam_instance_profile": "my-soc-web-instance-profile",
            "id": "i-0d57d35ff37fe5699",
            "instance_initiated_shutdown_behavior": "stop",
            "instance_lifecycle": "",
            "instance_market_options": [],
            "instance_state": "running",
            "instance_type": "t3.micro",
            "ipv6_address_count": 0,
            "ipv6_addresses": [],
            "key_name": "",
            "launch_template": [],
            "maintenance_options": [
              {
                "auto_recovery": "default"
              }
            ],
            "metadata_options": [
              {
                "http_endpoint": "enabled",
                "http_protocol_ipv6": "disabled",
                "http_put_response_hop_limit": 2,
                "http_tokens": "required",
                "instance_metadata_tags": "disabled"
              }
            ],
            "monitoring": false,
            "network_interface": [],
            "outpost_arn": "",
            "password_data": "",
            "placement_group": "",
            "placement_group_id": "",
            "placement_partition_number": 0,
            "primary_network_interface": [
              {
                "delete_on_termination": true,
                "network_interface_id": "eni-014283e358c241646"
              }
            ],
            "primary_network_interface_id": "eni-014283e358c241646",
            "private_dns": "ip-10-10-2-216.ec2.internal",
            "private_dns_name_options": [
              {
                "enable_resource_name_dns_a_record": false,
                "enable_resource_name_dns_aaaa_record": false,
                "hostname_type": "ip-name"
              }
            ],
            "private_ip": "10.10.2.216",
            "public_dns": "ec2-98-80-176-217.compute-1.amazonaws.com",
            "public_ip": "98.80.176.217",
            "region": "us-east-1",
            "root_block_device": [
              {
                "delete_on_termination": true,
                "device_name": "/dev/xvda",
                "encrypted": false,
                "iops": 3000,
                "kms_key_id": "",
                "tags": {},
                "tags_all": {},
                "throughput": 125,
                "volume_id": "vol-0acf7985c61c2b08f",
                "volume_size": 30,
                "volume_type": "gp3"
              }
            ],
            "secondary_private_ips": [],
            "security_groups": [],
            "source_dest_check": true,
            "spot_instance_request_id": "",
            "subnet_id": "subnet-0c2812b0c50662759",
            "tags": {
              "Name": "my-soc-web-1",
              "Project": "my-soc"
            },
            "tags_all": {
              "Name": "my-soc-web-1",
              "Project": "my-soc"
            },
            "tenancy": "default",
            "timeouts": null,
            "user_data": "#!/bin/bash\r\n\r\n# Install Apache and CloudWatch Agent (Amazon Linux 2023)\r\ndnf install -y httpd amazon-cloudwatch-agent || yum install -y httpd amazon-cloudwatch-agent\r\n\r\n# Simple web page\r\necho \"hello, Liang from my-soc.\" \u003e /var/www/html/index.html\r\nsystemctl enable httpd\r\nsystemctl start httpd\r\n\r\n# CloudWatch Agent configuration for OS and Apache logs\r\ncat \u003e/opt/aws/amazon-cloudwatch-agent/etc/amazon-cloudwatch-agent.json \u003c\u003c'AGENTCFG'\r\n{\r\n  \"logs\": {\r\n    \"logs_collected\": {\r\n      \"files\": {\r\n        \"collect_list\": [\r\n          {\r\n            \"file_path\": \"/var/log/messages\",\r\n            \"log_group_name\": \"/aws/my-soc/web-os\",\r\n            \"log_stream_name\": \"{instance_id}-os\"\r\n          },\r\n          {\r\n            \"file_path\": \"/var/log/httpd/access_log\",\r\n            \"log_group_name\": \"/aws/my-soc/web-app\",\r\n            \"log_stream_name\": \"{instance_id}-access\"\r\n          },\r\n          {\r\n            \"file_path\": \"/var/log/httpd/error_log\",\r\n            \"log_group_name\": \"/aws/my-soc/web-app\",\r\n            \"log_stream_name\": \"{instance_id}-error\"\r\n          }\r\n        ]\r\n      }\r\n    }\r\n  },\r\n  \"agent\": {\r\n    \"run_as_user\": \"root\"\r\n  }\r\n}\r\nAGENTCFG\r\n\r\n/opt/aws/amazon-cloudwatch-agent/bin/amazon-cloudwatch-agent-ctl \\\r\n  -a fetch-config -m ec2 \\\r\n  -c file:/opt/aws/amazon-cloudwatch-agent/etc/amazon-cloudwatch-agent.json \\\r\n  -s\r\n",
            "user_data_base64": null,
            "user_data_replace_on_change": false,
            "volume_tags": null,
            "vpc_security_group_ids": [
              "sg-0e4643b65549f9625"
            ]
          },
          "sensitive_attributes": [],
          "identity_schema_version": 0,
          "identity": {
            "account_id": "895169747731",
            "id": "i-0d57d35ff37fe5699",
            "region": "us-east-1"
          },
          "private": "eyJlMmJmYjczMC1lY2FhLTExZTYtOGY4OC0zNDM2M2JjN2M0YzAiOnsiY3JlYXRlIjo2MDAwMDAwMDAwMDAsImRlbGV0ZSI6MTIwMDAwMDAwMDAwMCwicmVhZCI6OTAwMDAwMDAwMDAwLCJ1cGRhdGUiOjYwMDAwMDAwMDAwMH0sInNjaGVtYV92ZXJzaW9uIjoiMiJ9",
          "dependencies": [
            "aws_cloudwatch_log_group.web_app",
            "aws_cloudwatch_log_group.web_os",
            "aws_iam_instance_profile.web_instance",
            "aws_iam_role.web_instance",
            "aws_security_group.alb",
            "aws_security_group.web",
            "aws_subnet.public",
            "aws_vpc.main",
            "data.aws_ami.amazon_linux",
            "data.aws_availability_zones.available"
          ]
        }
      ]
    },
    {
      "mode": "managed",
      "type": "aws_internet_gateway",
      "name": "igw",
      "provider": "provider[\"registry.terraform.io/hashicorp/aws\"]",
      "instances": [
        {
          "schema_version": 0,
          "attributes": {
            "arn": "arn:aws:ec2:us-east-1:895169747731:internet-gateway/igw-0ae1461bc4adfc3ce",
            "id": "igw-0ae1461bc4adfc3ce",
            "owner_id": "895169747731",
            "region": "us-east-1",
            "tags": {
              "Name": "my-soc-igw",
              "Project": "my-soc"
            },
            "tags_all": {
              "Name": "my-soc-igw",
              "Project": "my-soc"
            },
            "timeouts": null,
            "vpc_id": "vpc-02b76686fc19e3dbe"
          },
          "sensitive_attributes": [],
          "identity_schema_version": 0,
          "private": "eyJlMmJmYjczMC1lY2FhLTExZTYtOGY4OC0zNDM2M2JjN2M0YzAiOnsiY3JlYXRlIjoxMjAwMDAwMDAwMDAwLCJkZWxldGUiOjEyMDAwMDAwMDAwMDAsInVwZGF0ZSI6MTIwMDAwMDAwMDAwMH19",
          "dependencies": [
            "aws_vpc.main"
          ]
        }
      ]
    },
    {
      "mode": "managed",
      "type": "aws_kinesis_firehose_delivery_stream",
      "name": "cloudwatch_to_opensearch",
      "provider": "provider[\"registry.terraform.io/hashicorp/aws\"]",
      "instances": [
        {
          "schema_version": 1,
          "attributes": {
            "arn": "arn:aws:firehose:us-east-1:895169747731:deliverystream/my-soc-cw-to-os",
            "destination": "opensearch",
            "destination_id": "destinationId-000000000001",
            "elasticsearch_configuration": [],
            "extended_s3_configuration": [],
            "http_endpoint_configuration": [],
            "iceberg_configuration": [],
            "id": "arn:aws:firehose:us-east-1:895169747731:deliverystream/my-soc-cw-to-os",
            "kinesis_source_configuration": [],
            "msk_source_configuration": [],
            "name": "my-soc-cw-to-os",
            "opensearch_configuration": [
              {
                "buffering_interval": 60,
                "buffering_size": 5,
                "cloudwatch_logging_options": [
                  {
                    "enabled": false,
                    "log_group_name": "",
                    "log_stream_name": ""
                  }
                ],
                "cluster_endpoint": "",
                "document_id_options": [],
                "domain_arn": "arn:aws:es:us-east-1:895169747731:domain/my-soc-logs-os",
                "index_name": "cloudwatch-logs",
                "index_rotation_period": "OneDay",
                "processing_configuration": [
                  {
                    "enabled": false,
                    "processors": []
                  }
                ],
                "retry_duration": 300,
                "role_arn": "arn:aws:iam::895169747731:role/my-soc-firehose-to-os-role",
                "s3_backup_mode": "FailedDocumentsOnly",
                "s3_configuration": [
                  {
                    "bucket_arn": "arn:aws:s3:::my-soc-logs-895169747731",
                    "buffering_interval": 300,
                    "buffering_size": 5,
                    "cloudwatch_logging_options": [
                      {
                        "enabled": false,
                        "log_group_name": "",
                        "log_stream_name": ""
                      }
                    ],
                    "compression_format": "GZIP",
                    "error_output_prefix": "",
                    "kms_key_arn": "",
                    "prefix": "firehose-opensearch-backup/",
                    "role_arn": "arn:aws:iam::895169747731:role/my-soc-firehose-to-os-role"
                  }
                ],
                "type_name": "",
                "vpc_config": []
              }
            ],
            "opensearchserverless_configuration": [],
            "redshift_configuration": [],
            "region": "us-east-1",
            "server_side_encryption": [
              {
                "enabled": false,
                "key_arn": "",
                "key_type": "AWS_OWNED_CMK"
              }
            ],
            "snowflake_configuration": [],
            "splunk_configuration": [],
            "tags": null,
            "tags_all": {},
            "timeouts": null,
            "version_id": "1"
          },
          "sensitive_attributes": [],
          "identity_schema_version": 0,
          "private": "eyJlMmJmYjczMC1lY2FhLTExZTYtOGY4OC0zNDM2M2JjN2M0YzAiOnsiY3JlYXRlIjoxODAwMDAwMDAwMDAwLCJkZWxldGUiOjE4MDAwMDAwMDAwMDAsInVwZGF0ZSI6NjAwMDAwMDAwMDAwfSwic2NoZW1hX3ZlcnNpb24iOiIxIn0=",
          "dependencies": [
            "aws_iam_role.firehose_to_opensearch",
            "aws_opensearch_domain.logs",
            "aws_s3_bucket.logs",
            "data.aws_caller_identity.current",
            "data.aws_partition.current"
          ]
        }
      ]
    },
    {
      "mode": "managed",
      "type": "aws_lambda_function",
      "name": "escalate_finding_to_incident",
      "provider": "provider[\"registry.terraform.io/hashicorp/aws\"]",
      "instances": [
        {
          "schema_version": 0,
          "attributes": {
            "architectures": [
              "x86_64"
            ],
            "arn": "arn:aws:lambda:us-east-1:895169747731:function:my-soc-escalate-finding-to-incident",
            "capacity_provider_config": [],
            "code_sha256": "8eKCqou8bjp/JmfQGMizJYo26XYHsqeq1yREG23eTt4=",
            "code_signing_config_arn": "",
            "dead_letter_config": [],
            "description": "",
            "durable_config": [],
            "environment": [
              {
                "variables": {
                  "INCIDENT_TABLE_NAME": "my-soc-killchain-incidents",
                  "KILLCHAIN_SNS_TOPIC_ARN": "arn:aws:sns:us-east-1:895169747731:my-soc-killchain-topic",
                  "PROJECT_PREFIX": "my-soc"
                }
              }
            ],
            "ephemeral_storage": [
              {
                "size": 512
              }
            ],
            "file_system_config": [],
            "filename": "./lambda/escalate_finding_to_incident.zip",
            "function_name": "my-soc-escalate-finding-to-incident",
            "handler": "escalate_finding_to_incident.lambda_handler",
            "id": "my-soc-escalate-finding-to-incident",
            "image_config": [],
            "image_uri": "",
            "invoke_arn": "arn:aws:apigateway:us-east-1:lambda:path/2015-03-31/functions/arn:aws:lambda:us-east-1:895169747731:function:my-soc-escalate-finding-to-incident/invocations",
            "kms_key_arn": "",
            "last_modified": "2025-12-31T16:47:28.321+0000",
            "layers": null,
            "logging_config": [
              {
                "application_log_level": "",
                "log_format": "Text",
                "log_group": "/aws/lambda/my-soc-escalate-finding-to-incident",
                "system_log_level": ""
              }
            ],
            "memory_size": 256,
            "package_type": "Zip",
            "publish": false,
            "publish_to": null,
            "qualified_arn": "arn:aws:lambda:us-east-1:895169747731:function:my-soc-escalate-finding-to-incident:$LATEST",
            "qualified_invoke_arn": "arn:aws:apigateway:us-east-1:lambda:path/2015-03-31/functions/arn:aws:lambda:us-east-1:895169747731:function:my-soc-escalate-finding-to-incident:$LATEST/invocations",
            "region": "us-east-1",
            "replace_security_groups_on_destroy": null,
            "replacement_security_group_ids": null,
            "reserved_concurrent_executions": -1,
            "role": "arn:aws:iam::895169747731:role/my-soc-escalate-finding-to-incident-role",
            "runtime": "python3.12",
            "s3_bucket": null,
            "s3_key": null,
            "s3_object_version": null,
            "signing_job_arn": "",
            "signing_profile_version_arn": "",
            "skip_destroy": false,
            "snap_start": [],
            "source_code_hash": "8eKCqou8bjp/JmfQGMizJYo26XYHsqeq1yREG23eTt4=",
            "source_code_size": 2899,
            "source_kms_key_arn": "",
            "tags": null,
            "tags_all": {},
            "tenancy_config": [],
            "timeout": 120,
            "timeouts": null,
            "tracing_config": [
              {
                "mode": "PassThrough"
              }
            ],
            "version": "$LATEST",
            "vpc_config": []
          },
          "sensitive_attributes": [],
          "identity_schema_version": 0,
          "identity": {
            "account_id": "895169747731",
            "function_name": "my-soc-escalate-finding-to-incident",
            "region": "us-east-1"
          },
          "private": "eyJlMmJmYjczMC1lY2FhLTExZTYtOGY4OC0zNDM2M2JjN2M0YzAiOnsiY3JlYXRlIjo2MDAwMDAwMDAwMDAsImRlbGV0ZSI6NjAwMDAwMDAwMDAwLCJ1cGRhdGUiOjYwMDAwMDAwMDAwMH19",
          "dependencies": [
            "aws_cloudwatch_log_group.escalate_finding_to_incident_lambda",
            "aws_dynamodb_table.killchain_incidents",
            "aws_iam_role.escalate_finding_to_incident_lambda",
            "aws_sns_topic.killchain",
            "data.archive_file.escalate_finding_to_incident_lambda"
          ]
        }
      ]
    },
    {
      "mode": "managed",
      "type": "aws_lambda_function",
      "name": "iam_policy_rollback_detector",
      "provider": "provider[\"registry.terraform.io/hashicorp/aws\"]",
      "instances": [
        {
          "schema_version": 0,
          "attributes": {
            "architectures": [
              "x86_64"
            ],
            "arn": "arn:aws:lambda:us-east-1:895169747731:function:my-soc-iam-policy-rollback-detector",
            "capacity_provider_config": [],
            "code_sha256": "e8eJPmPpCr4IWCHkF+qlYRO8iwDTu7bx+5+/6J9mdus=",
            "code_signing_config_arn": "",
            "dead_letter_config": [],
            "description": "",
            "durable_config": [],
            "environment": [
              {
                "variables": {
                  "PROJECT_PREFIX": "my-soc"
                }
              }
            ],
            "ephemeral_storage": [
              {
                "size": 512
              }
            ],
            "file_system_config": [],
            "filename": "./lambda/iam_policy_rollback_detector.zip",
            "function_name": "my-soc-iam-policy-rollback-detector",
            "handler": "iam_policy_rollback_detector.lambda_handler",
            "id": "my-soc-iam-policy-rollback-detector",
            "image_config": [],
            "image_uri": "",
            "invoke_arn": "arn:aws:apigateway:us-east-1:lambda:path/2015-03-31/functions/arn:aws:lambda:us-east-1:895169747731:function:my-soc-iam-policy-rollback-detector/invocations",
            "kms_key_arn": "",
            "last_modified": "2025-12-31T16:47:14.900+0000",
            "layers": null,
            "logging_config": [
              {
                "application_log_level": "",
                "log_format": "Text",
                "log_group": "/aws/lambda/my-soc-iam-policy-rollback-detector",
                "system_log_level": ""
              }
            ],
            "memory_size": 256,
            "package_type": "Zip",
            "publish": false,
            "publish_to": null,
            "qualified_arn": "arn:aws:lambda:us-east-1:895169747731:function:my-soc-iam-policy-rollback-detector:$LATEST",
            "qualified_invoke_arn": "arn:aws:apigateway:us-east-1:lambda:path/2015-03-31/functions/arn:aws:lambda:us-east-1:895169747731:function:my-soc-iam-policy-rollback-detector:$LATEST/invocations",
            "region": "us-east-1",
            "replace_security_groups_on_destroy": null,
            "replacement_security_group_ids": null,
            "reserved_concurrent_executions": -1,
            "role": "arn:aws:iam::895169747731:role/my-soc-iam-policy-rollback-detector-role",
            "runtime": "python3.12",
            "s3_bucket": null,
            "s3_key": null,
            "s3_object_version": null,
            "signing_job_arn": "",
            "signing_profile_version_arn": "",
            "skip_destroy": false,
            "snap_start": [],
            "source_code_hash": "e8eJPmPpCr4IWCHkF+qlYRO8iwDTu7bx+5+/6J9mdus=",
            "source_code_size": 1576,
            "source_kms_key_arn": "",
            "tags": null,
            "tags_all": {},
            "tenancy_config": [],
            "timeout": 20,
            "timeouts": null,
            "tracing_config": [
              {
                "mode": "PassThrough"
              }
            ],
            "version": "$LATEST",
            "vpc_config": []
          },
          "sensitive_attributes": [],
          "identity_schema_version": 0,
          "identity": {
            "account_id": "895169747731",
            "function_name": "my-soc-iam-policy-rollback-detector",
            "region": "us-east-1"
          },
          "private": "eyJlMmJmYjczMC1lY2FhLTExZTYtOGY4OC0zNDM2M2JjN2M0YzAiOnsiY3JlYXRlIjo2MDAwMDAwMDAwMDAsImRlbGV0ZSI6NjAwMDAwMDAwMDAwLCJ1cGRhdGUiOjYwMDAwMDAwMDAwMH19",
          "dependencies": [
            "aws_cloudwatch_log_group.iam_policy_rollback_detector_lambda",
            "aws_iam_role.iam_policy_rollback_detector_lambda",
            "data.archive_file.iam_policy_rollback_detector_lambda"
          ]
        }
      ]
    },
    {
      "mode": "managed",
      "type": "aws_lambda_function",
      "name": "iam_privilege_rollback",
      "provider": "provider[\"registry.terraform.io/hashicorp/aws\"]",
      "instances": [
        {
          "schema_version": 0,
          "attributes": {
            "architectures": [
              "x86_64"
            ],
            "arn": "arn:aws:lambda:us-east-1:895169747731:function:my-soc-iam-rollback",
            "capacity_provider_config": [],
            "code_sha256": "2aWwaSppmakTKlZIDe5O7ZM8ykGIiu9v4ACV5aYyG8I=",
            "code_signing_config_arn": "",
            "dead_letter_config": [],
            "description": "",
            "durable_config": [],
            "environment": [],
            "ephemeral_storage": [
              {
                "size": 512
              }
            ],
            "file_system_config": [],
            "filename": "./lambda/iam_privilege_rollback_stub.zip",
            "function_name": "my-soc-iam-rollback",
            "handler": "iam_privilege_rollback_stub.lambda_handler",
            "id": "my-soc-iam-rollback",
            "image_config": [],
            "image_uri": "",
            "invoke_arn": "arn:aws:apigateway:us-east-1:lambda:path/2015-03-31/functions/arn:aws:lambda:us-east-1:895169747731:function:my-soc-iam-rollback/invocations",
            "kms_key_arn": "",
            "last_modified": "2025-12-31T16:46:54.570+0000",
            "layers": null,
            "logging_config": [
              {
                "application_log_level": "",
                "log_format": "Text",
                "log_group": "/aws/lambda/my-soc-iam-rollback",
                "system_log_level": ""
              }
            ],
            "memory_size": 128,
            "package_type": "Zip",
            "publish": false,
            "publish_to": null,
            "qualified_arn": "arn:aws:lambda:us-east-1:895169747731:function:my-soc-iam-rollback:$LATEST",
            "qualified_invoke_arn": "arn:aws:apigateway:us-east-1:lambda:path/2015-03-31/functions/arn:aws:lambda:us-east-1:895169747731:function:my-soc-iam-rollback:$LATEST/invocations",
            "region": "us-east-1",
            "replace_security_groups_on_destroy": null,
            "replacement_security_group_ids": null,
            "reserved_concurrent_executions": -1,
            "role": "arn:aws:iam::895169747731:role/my-soc-iam-rollback-role",
            "runtime": "python3.12",
            "s3_bucket": null,
            "s3_key": null,
            "s3_object_version": null,
            "signing_job_arn": "",
            "signing_profile_version_arn": "",
            "skip_destroy": false,
            "snap_start": [],
            "source_code_hash": "2aWwaSppmakTKlZIDe5O7ZM8ykGIiu9v4ACV5aYyG8I=",
            "source_code_size": 542,
            "source_kms_key_arn": "",
            "tags": null,
            "tags_all": {},
            "tenancy_config": [],
            "timeout": 15,
            "timeouts": null,
            "tracing_config": [
              {
                "mode": "PassThrough"
              }
            ],
            "version": "$LATEST",
            "vpc_config": []
          },
          "sensitive_attributes": [],
          "identity_schema_version": 0,
          "identity": {
            "account_id": "895169747731",
            "function_name": "my-soc-iam-rollback",
            "region": "us-east-1"
          },
          "private": "eyJlMmJmYjczMC1lY2FhLTExZTYtOGY4OC0zNDM2M2JjN2M0YzAiOnsiY3JlYXRlIjo2MDAwMDAwMDAwMDAsImRlbGV0ZSI6NjAwMDAwMDAwMDAwLCJ1cGRhdGUiOjYwMDAwMDAwMDAwMH19",
          "dependencies": [
            "aws_cloudwatch_log_group.iam_rollback_lambda",
            "aws_iam_role.iam_rollback_lambda",
            "data.archive_file.iam_rollback_lambda"
          ]
        }
      ]
    },
    {
      "mode": "managed",
      "type": "aws_lambda_function",
      "name": "killchain_daily_aggregator",
      "provider": "provider[\"registry.terraform.io/hashicorp/aws\"]",
      "instances": [
        {
          "schema_version": 0,
          "attributes": {
            "architectures": [
              "x86_64"
            ],
            "arn": "arn:aws:lambda:us-east-1:895169747731:function:my-soc-killchain-daily-aggregator",
            "capacity_provider_config": [],
            "code_sha256": "I5C+cilkc/88EgCJ6ngmzwEF2H587NOakU46thqOA9M=",
            "code_signing_config_arn": "",
            "dead_letter_config": [],
            "description": "",
            "durable_config": [],
            "environment": [
              {
                "variables": {
                  "DAYS_LOOKBACK": "30",
                  "INCIDENT_TABLE_NAME": "my-soc-killchain-incidents",
                  "KILLCHAIN_SNS_TOPIC_ARN": "arn:aws:sns:us-east-1:895169747731:my-soc-killchain-topic",
                  "PROJECT_PREFIX": "my-soc"
                }
              }
            ],
            "ephemeral_storage": [
              {
                "size": 512
              }
            ],
            "file_system_config": [],
            "filename": "./lambda/killchain_daily_aggregator.zip",
            "function_name": "my-soc-killchain-daily-aggregator",
            "handler": "killchain_daily_aggregator.lambda_handler",
            "id": "my-soc-killchain-daily-aggregator",
            "image_config": [],
            "image_uri": "",
            "invoke_arn": "arn:aws:apigateway:us-east-1:lambda:path/2015-03-31/functions/arn:aws:lambda:us-east-1:895169747731:function:my-soc-killchain-daily-aggregator/invocations",
            "kms_key_arn": "",
            "last_modified": "2025-12-31T16:47:21.425+0000",
            "layers": null,
            "logging_config": [
              {
                "application_log_level": "",
                "log_format": "Text",
                "log_group": "/aws/lambda/my-soc-killchain-daily-aggregator",
                "system_log_level": ""
              }
            ],
            "memory_size": 512,
            "package_type": "Zip",
            "publish": false,
            "publish_to": null,
            "qualified_arn": "arn:aws:lambda:us-east-1:895169747731:function:my-soc-killchain-daily-aggregator:$LATEST",
            "qualified_invoke_arn": "arn:aws:apigateway:us-east-1:lambda:path/2015-03-31/functions/arn:aws:lambda:us-east-1:895169747731:function:my-soc-killchain-daily-aggregator:$LATEST/invocations",
            "region": "us-east-1",
            "replace_security_groups_on_destroy": null,
            "replacement_security_group_ids": null,
            "reserved_concurrent_executions": -1,
            "role": "arn:aws:iam::895169747731:role/my-soc-killchain-daily-aggregator-role",
            "runtime": "python3.12",
            "s3_bucket": null,
            "s3_key": null,
            "s3_object_version": null,
            "signing_job_arn": "",
            "signing_profile_version_arn": "",
            "skip_destroy": false,
            "snap_start": [],
            "source_code_hash": "I5C+cilkc/88EgCJ6ngmzwEF2H587NOakU46thqOA9M=",
            "source_code_size": 3079,
            "source_kms_key_arn": "",
            "tags": null,
            "tags_all": {},
            "tenancy_config": [],
            "timeout": 300,
            "timeouts": null,
            "tracing_config": [
              {
                "mode": "PassThrough"
              }
            ],
            "version": "$LATEST",
            "vpc_config": []
          },
          "sensitive_attributes": [],
          "identity_schema_version": 0,
          "identity": {
            "account_id": "895169747731",
            "function_name": "my-soc-killchain-daily-aggregator",
            "region": "us-east-1"
          },
          "private": "eyJlMmJmYjczMC1lY2FhLTExZTYtOGY4OC0zNDM2M2JjN2M0YzAiOnsiY3JlYXRlIjo2MDAwMDAwMDAwMDAsImRlbGV0ZSI6NjAwMDAwMDAwMDAwLCJ1cGRhdGUiOjYwMDAwMDAwMDAwMH19",
          "dependencies": [
            "aws_cloudwatch_log_group.killchain_daily_aggregator_lambda",
            "aws_dynamodb_table.killchain_incidents",
            "aws_iam_role.killchain_daily_aggregator_lambda",
            "aws_sns_topic.killchain",
            "data.archive_file.killchain_daily_aggregator_lambda"
          ]
        }
      ]
    },
    {
      "mode": "managed",
      "type": "aws_lambda_function",
      "name": "ml_auto_triage",
      "provider": "provider[\"registry.terraform.io/hashicorp/aws\"]",
      "instances": [
        {
          "schema_version": 0,
          "attributes": {
            "architectures": [
              "x86_64"
            ],
            "arn": "arn:aws:lambda:us-east-1:895169747731:function:my-soc-ml-auto-triage",
            "capacity_provider_config": [],
            "code_sha256": "WIN+bWmrQIAPUxX2ITaUPFAieKy6OZ4LvcoRDIxDJ4I=",
            "code_signing_config_arn": "",
            "dead_letter_config": [],
            "description": "",
            "durable_config": [],
            "environment": [
              {
                "variables": {
                  "PROJECT_PREFIX": "my-soc",
                  "SAGEMAKER_ENDPOINT_NAME": "my-soc-rf-endpoint"
                }
              }
            ],
            "ephemeral_storage": [
              {
                "size": 512
              }
            ],
            "file_system_config": [],
            "filename": "./lambda/ml_auto_triage.zip",
            "function_name": "my-soc-ml-auto-triage",
            "handler": "ml_auto_triage.lambda_handler",
            "id": "my-soc-ml-auto-triage",
            "image_config": [],
            "image_uri": "",
            "invoke_arn": "arn:aws:apigateway:us-east-1:lambda:path/2015-03-31/functions/arn:aws:lambda:us-east-1:895169747731:function:my-soc-ml-auto-triage/invocations",
            "kms_key_arn": "",
            "last_modified": "2025-12-31T16:47:01.375+0000",
            "layers": null,
            "logging_config": [
              {
                "application_log_level": "",
                "log_format": "Text",
                "log_group": "/aws/lambda/my-soc-ml-auto-triage",
                "system_log_level": ""
              }
            ],
            "memory_size": 256,
            "package_type": "Zip",
            "publish": false,
            "publish_to": null,
            "qualified_arn": "arn:aws:lambda:us-east-1:895169747731:function:my-soc-ml-auto-triage:$LATEST",
            "qualified_invoke_arn": "arn:aws:apigateway:us-east-1:lambda:path/2015-03-31/functions/arn:aws:lambda:us-east-1:895169747731:function:my-soc-ml-auto-triage:$LATEST/invocations",
            "region": "us-east-1",
            "replace_security_groups_on_destroy": null,
            "replacement_security_group_ids": null,
            "reserved_concurrent_executions": -1,
            "role": "arn:aws:iam::895169747731:role/my-soc-ml-auto-triage-role",
            "runtime": "python3.12",
            "s3_bucket": null,
            "s3_key": null,
            "s3_object_version": null,
            "signing_job_arn": "",
            "signing_profile_version_arn": "",
            "skip_destroy": false,
            "snap_start": [],
            "source_code_hash": "WIN+bWmrQIAPUxX2ITaUPFAieKy6OZ4LvcoRDIxDJ4I=",
            "source_code_size": 2259,
            "source_kms_key_arn": "",
            "tags": null,
            "tags_all": {},
            "tenancy_config": [],
            "timeout": 20,
            "timeouts": null,
            "tracing_config": [
              {
                "mode": "PassThrough"
              }
            ],
            "version": "$LATEST",
            "vpc_config": []
          },
          "sensitive_attributes": [],
          "identity_schema_version": 0,
          "identity": {
            "account_id": "895169747731",
            "function_name": "my-soc-ml-auto-triage",
            "region": "us-east-1"
          },
          "private": "eyJlMmJmYjczMC1lY2FhLTExZTYtOGY4OC0zNDM2M2JjN2M0YzAiOnsiY3JlYXRlIjo2MDAwMDAwMDAwMDAsImRlbGV0ZSI6NjAwMDAwMDAwMDAwLCJ1cGRhdGUiOjYwMDAwMDAwMDAwMH19",
          "dependencies": [
            "aws_cloudwatch_log_group.ml_auto_triage_lambda",
            "aws_iam_role.ml_auto_triage_lambda",
            "data.archive_file.ml_auto_triage_lambda"
          ]
        }
      ]
    },
    {
      "mode": "managed",
      "type": "aws_lambda_function",
      "name": "quarantine_ec2",
      "provider": "provider[\"registry.terraform.io/hashicorp/aws\"]",
      "instances": [
        {
          "schema_version": 0,
          "attributes": {
            "architectures": [
              "x86_64"
            ],
            "arn": "arn:aws:lambda:us-east-1:895169747731:function:my-soc-quarantine-ec2",
            "capacity_provider_config": [],
            "code_sha256": "A+wc0d+/LvCKFV03je/CsysHfyJG5dclI+ZFckkQi5g=",
            "code_signing_config_arn": "",
            "dead_letter_config": [],
            "description": "",
            "durable_config": [],
            "environment": [
              {
                "variables": {
                  "QUARANTINE_SG_ID": "sg-077600a76af947a60"
                }
              }
            ],
            "ephemeral_storage": [
              {
                "size": 512
              }
            ],
            "file_system_config": [],
            "filename": "./lambda/quarantine_ec2.zip",
            "function_name": "my-soc-quarantine-ec2",
            "handler": "quarantine_ec2.lambda_handler",
            "id": "my-soc-quarantine-ec2",
            "image_config": [],
            "image_uri": "",
            "invoke_arn": "arn:aws:apigateway:us-east-1:lambda:path/2015-03-31/functions/arn:aws:lambda:us-east-1:895169747731:function:my-soc-quarantine-ec2/invocations",
            "kms_key_arn": "",
            "last_modified": "2025-12-31T16:47:35.092+0000",
            "layers": null,
            "logging_config": [
              {
                "application_log_level": "",
                "log_format": "Text",
                "log_group": "/aws/lambda/my-soc-quarantine-ec2",
                "system_log_level": ""
              }
            ],
            "memory_size": 128,
            "package_type": "Zip",
            "publish": false,
            "publish_to": null,
            "qualified_arn": "arn:aws:lambda:us-east-1:895169747731:function:my-soc-quarantine-ec2:$LATEST",
            "qualified_invoke_arn": "arn:aws:apigateway:us-east-1:lambda:path/2015-03-31/functions/arn:aws:lambda:us-east-1:895169747731:function:my-soc-quarantine-ec2:$LATEST/invocations",
            "region": "us-east-1",
            "replace_security_groups_on_destroy": null,
            "replacement_security_group_ids": null,
            "reserved_concurrent_executions": -1,
            "role": "arn:aws:iam::895169747731:role/my-soc-quarantine-lambda-role",
            "runtime": "python3.12",
            "s3_bucket": null,
            "s3_key": null,
            "s3_object_version": null,
            "signing_job_arn": "",
            "signing_profile_version_arn": "",
            "skip_destroy": false,
            "snap_start": [],
            "source_code_hash": "A+wc0d+/LvCKFV03je/CsysHfyJG5dclI+ZFckkQi5g=",
            "source_code_size": 868,
            "source_kms_key_arn": "",
            "tags": null,
            "tags_all": {},
            "tenancy_config": [],
            "timeout": 30,
            "timeouts": null,
            "tracing_config": [
              {
                "mode": "PassThrough"
              }
            ],
            "version": "$LATEST",
            "vpc_config": []
          },
          "sensitive_attributes": [],
          "identity_schema_version": 0,
          "identity": {
            "account_id": "895169747731",
            "function_name": "my-soc-quarantine-ec2",
            "region": "us-east-1"
          },
          "private": "eyJlMmJmYjczMC1lY2FhLTExZTYtOGY4OC0zNDM2M2JjN2M0YzAiOnsiY3JlYXRlIjo2MDAwMDAwMDAwMDAsImRlbGV0ZSI6NjAwMDAwMDAwMDAwLCJ1cGRhdGUiOjYwMDAwMDAwMDAwMH19",
          "dependencies": [
            "aws_cloudwatch_log_group.quarantine_lambda",
            "aws_iam_role.quarantine_lambda",
            "aws_security_group.quarantine",
            "aws_vpc.main",
            "data.archive_file.quarantine_lambda"
          ]
        }
      ]
    },
    {
      "mode": "managed",
      "type": "aws_lambda_function",
      "name": "s3_public_auto_remediate",
      "provider": "provider[\"registry.terraform.io/hashicorp/aws\"]",
      "instances": [
        {
          "schema_version": 0,
          "attributes": {
            "architectures": [
              "x86_64"
            ],
            "arn": "arn:aws:lambda:us-east-1:895169747731:function:my-soc-s3-remediate",
            "capacity_provider_config": [],
            "code_sha256": "XrPVg9HeC0NivcJ4lg6hv0NFVlq3aX7qypDGT3YKxE4=",
            "code_signing_config_arn": "",
            "dead_letter_config": [],
            "description": "",
            "durable_config": [],
            "environment": [],
            "ephemeral_storage": [
              {
                "size": 512
              }
            ],
            "file_system_config": [],
            "filename": "./lambda/s3_public_auto_remediate.zip",
            "function_name": "my-soc-s3-remediate",
            "handler": "s3_public_auto_remediate.lambda_handler",
            "id": "my-soc-s3-remediate",
            "image_config": [],
            "image_uri": "",
            "invoke_arn": "arn:aws:apigateway:us-east-1:lambda:path/2015-03-31/functions/arn:aws:lambda:us-east-1:895169747731:function:my-soc-s3-remediate/invocations",
            "kms_key_arn": "",
            "last_modified": "2025-12-31T16:46:47.828+0000",
            "layers": null,
            "logging_config": [
              {
                "application_log_level": "",
                "log_format": "Text",
                "log_group": "/aws/lambda/my-soc-s3-remediate",
                "system_log_level": ""
              }
            ],
            "memory_size": 128,
            "package_type": "Zip",
            "publish": false,
            "publish_to": null,
            "qualified_arn": "arn:aws:lambda:us-east-1:895169747731:function:my-soc-s3-remediate:$LATEST",
            "qualified_invoke_arn": "arn:aws:apigateway:us-east-1:lambda:path/2015-03-31/functions/arn:aws:lambda:us-east-1:895169747731:function:my-soc-s3-remediate:$LATEST/invocations",
            "region": "us-east-1",
            "replace_security_groups_on_destroy": null,
            "replacement_security_group_ids": null,
            "reserved_concurrent_executions": -1,
            "role": "arn:aws:iam::895169747731:role/my-soc-s3-remediate-role",
            "runtime": "python3.12",
            "s3_bucket": null,
            "s3_key": null,
            "s3_object_version": null,
            "signing_job_arn": "",
            "signing_profile_version_arn": "",
            "skip_destroy": false,
            "snap_start": [],
            "source_code_hash": "XrPVg9HeC0NivcJ4lg6hv0NFVlq3aX7qypDGT3YKxE4=",
            "source_code_size": 894,
            "source_kms_key_arn": "",
            "tags": null,
            "tags_all": {},
            "tenancy_config": [],
            "timeout": 30,
            "timeouts": null,
            "tracing_config": [
              {
                "mode": "PassThrough"
              }
            ],
            "version": "$LATEST",
            "vpc_config": []
          },
          "sensitive_attributes": [],
          "identity_schema_version": 0,
          "identity": {
            "account_id": "895169747731",
            "function_name": "my-soc-s3-remediate",
            "region": "us-east-1"
          },
          "private": "eyJlMmJmYjczMC1lY2FhLTExZTYtOGY4OC0zNDM2M2JjN2M0YzAiOnsiY3JlYXRlIjo2MDAwMDAwMDAwMDAsImRlbGV0ZSI6NjAwMDAwMDAwMDAwLCJ1cGRhdGUiOjYwMDAwMDAwMDAwMH19",
          "dependencies": [
            "aws_cloudwatch_log_group.s3_remediate_lambda",
            "aws_iam_role.s3_remediate_lambda",
            "data.archive_file.s3_remediate_lambda"
          ]
        }
      ]
    },
    {
      "mode": "managed",
      "type": "aws_lambda_function",
      "name": "triage_links",
      "provider": "provider[\"registry.terraform.io/hashicorp/aws\"]",
      "instances": [
        {
          "schema_version": 0,
          "attributes": {
            "architectures": [
              "x86_64"
            ],
            "arn": "arn:aws:lambda:us-east-1:895169747731:function:my-soc-triage-links",
            "capacity_provider_config": [],
            "code_sha256": "mJIbIGdkhkShFuTZBnjoAgTfJw7wYLTakyyPlyu8/8M=",
            "code_signing_config_arn": "",
            "dead_letter_config": [],
            "description": "",
            "durable_config": [],
            "environment": [
              {
                "variables": {
                  "IAM_ROLLBACK_API_ID": "m2fs9nfgbi",
                  "PROJECT_PREFIX": "my-soc",
                  "TRIAGE_SNS_TOPIC_ARN": "arn:aws:sns:us-east-1:895169747731:my-soc-triage-topic"
                }
              }
            ],
            "ephemeral_storage": [
              {
                "size": 512
              }
            ],
            "file_system_config": [],
            "filename": "./lambda/triage_links_handler.zip",
            "function_name": "my-soc-triage-links",
            "handler": "triage_links_handler.lambda_handler",
            "id": "my-soc-triage-links",
            "image_config": [],
            "image_uri": "",
            "invoke_arn": "arn:aws:apigateway:us-east-1:lambda:path/2015-03-31/functions/arn:aws:lambda:us-east-1:895169747731:function:my-soc-triage-links/invocations",
            "kms_key_arn": "",
            "last_modified": "2025-12-31T16:47:08.066+0000",
            "layers": null,
            "logging_config": [
              {
                "application_log_level": "",
                "log_format": "Text",
                "log_group": "/aws/lambda/my-soc-triage-links",
                "system_log_level": ""
              }
            ],
            "memory_size": 128,
            "package_type": "Zip",
            "publish": false,
            "publish_to": null,
            "qualified_arn": "arn:aws:lambda:us-east-1:895169747731:function:my-soc-triage-links:$LATEST",
            "qualified_invoke_arn": "arn:aws:apigateway:us-east-1:lambda:path/2015-03-31/functions/arn:aws:lambda:us-east-1:895169747731:function:my-soc-triage-links:$LATEST/invocations",
            "region": "us-east-1",
            "replace_security_groups_on_destroy": null,
            "replacement_security_group_ids": null,
            "reserved_concurrent_executions": -1,
            "role": "arn:aws:iam::895169747731:role/my-soc-triage-lambda-role",
            "runtime": "python3.12",
            "s3_bucket": null,
            "s3_key": null,
            "s3_object_version": null,
            "signing_job_arn": "",
            "signing_profile_version_arn": "",
            "skip_destroy": false,
            "snap_start": [],
            "source_code_hash": "mJIbIGdkhkShFuTZBnjoAgTfJw7wYLTakyyPlyu8/8M=",
            "source_code_size": 2764,
            "source_kms_key_arn": "",
            "tags": null,
            "tags_all": {},
            "tenancy_config": [],
            "timeout": 10,
            "timeouts": null,
            "tracing_config": [
              {
                "mode": "PassThrough"
              }
            ],
            "version": "$LATEST",
            "vpc_config": []
          },
          "sensitive_attributes": [],
          "identity_schema_version": 0,
          "identity": {
            "account_id": "895169747731",
            "function_name": "my-soc-triage-links",
            "region": "us-east-1"
          },
          "private": "eyJlMmJmYjczMC1lY2FhLTExZTYtOGY4OC0zNDM2M2JjN2M0YzAiOnsiY3JlYXRlIjo2MDAwMDAwMDAwMDAsImRlbGV0ZSI6NjAwMDAwMDAwMDAwLCJ1cGRhdGUiOjYwMDAwMDAwMDAwMH19",
          "dependencies": [
            "aws_apigatewayv2_api.iam_rollback_api",
            "aws_cloudwatch_log_group.triage_lambda",
            "aws_iam_role.triage_lambda",
            "aws_sns_topic.triage",
            "data.archive_file.triage_lambda"
          ]
        }
      ]
    },
    {
      "mode": "managed",
      "type": "aws_lambda_permission",
      "name": "allow_apigw_iam_rollback",
      "provider": "provider[\"registry.terraform.io/hashicorp/aws\"]",
      "instances": [
        {
          "schema_version": 0,
          "attributes": {
            "action": "lambda:InvokeFunction",
            "event_source_token": null,
            "function_name": "my-soc-iam-rollback",
            "function_url_auth_type": null,
            "id": "AllowExecutionFromAPIGatewayIamRollback",
            "principal": "apigateway.amazonaws.com",
            "principal_org_id": null,
            "qualifier": "",
            "region": "us-east-1",
            "source_account": null,
            "source_arn": "arn:aws:execute-api:us-east-1:895169747731:m2fs9nfgbi/*/*/approve-iam-rollback",
            "statement_id": "AllowExecutionFromAPIGatewayIamRollback",
            "statement_id_prefix": ""
          },
          "sensitive_attributes": [],
          "identity_schema_version": 0,
          "identity": {
            "account_id": "895169747731",
            "function_name": "my-soc-iam-rollback",
            "qualifier": null,
            "region": "us-east-1",
            "statement_id": "AllowExecutionFromAPIGatewayIamRollback"
          },
          "private": "bnVsbA==",
          "dependencies": [
            "aws_apigatewayv2_api.iam_rollback_api",
            "aws_cloudwatch_log_group.iam_rollback_lambda",
            "aws_iam_role.iam_rollback_lambda",
            "aws_lambda_function.iam_privilege_rollback",
            "data.archive_file.iam_rollback_lambda",
            "data.aws_caller_identity.current",
            "data.aws_partition.current"
          ]
        }
      ]
    },
    {
      "mode": "managed",
      "type": "aws_lambda_permission",
      "name": "allow_events_escalate_finding_to_incident",
      "provider": "provider[\"registry.terraform.io/hashicorp/aws\"]",
      "instances": [
        {
          "schema_version": 0,
          "attributes": {
            "action": "lambda:InvokeFunction",
            "event_source_token": null,
            "function_name": "my-soc-escalate-finding-to-incident",
            "function_url_auth_type": null,
            "id": "AllowExecutionFromEventBridgeEscalateFindingToIncident",
            "principal": "events.amazonaws.com",
            "principal_org_id": null,
            "qualifier": "",
            "region": "us-east-1",
            "source_account": null,
            "source_arn": "arn:aws:events:us-east-1:895169747731:rule/my-soc-securityhub-escalated-findings",
            "statement_id": "AllowExecutionFromEventBridgeEscalateFindingToIncident",
            "statement_id_prefix": ""
          },
          "sensitive_attributes": [],
          "identity_schema_version": 0,
          "identity": {
            "account_id": "895169747731",
            "function_name": "my-soc-escalate-finding-to-incident",
            "qualifier": null,
            "region": "us-east-1",
            "statement_id": "AllowExecutionFromEventBridgeEscalateFindingToIncident"
          },
          "private": "bnVsbA==",
          "dependencies": [
            "aws_cloudwatch_event_rule.securityhub_escalated",
            "aws_cloudwatch_log_group.escalate_finding_to_incident_lambda",
            "aws_dynamodb_table.killchain_incidents",
            "aws_iam_role.escalate_finding_to_incident_lambda",
            "aws_lambda_function.escalate_finding_to_incident",
            "aws_sns_topic.killchain",
            "data.archive_file.escalate_finding_to_incident_lambda"
          ]
        }
      ]
    },
    {
      "mode": "managed",
      "type": "aws_lambda_permission",
      "name": "allow_events_iam_policy_rollback_detector",
      "provider": "provider[\"registry.terraform.io/hashicorp/aws\"]",
      "instances": [
        {
          "schema_version": 0,
          "attributes": {
            "action": "lambda:InvokeFunction",
            "event_source_token": null,
            "function_name": "my-soc-iam-policy-rollback-detector",
            "function_url_auth_type": null,
            "id": "AllowExecutionFromEventBridgeIamPolicyRollbackDetector",
            "principal": "events.amazonaws.com",
            "principal_org_id": null,
            "qualifier": "",
            "region": "us-east-1",
            "source_account": null,
            "source_arn": "arn:aws:events:us-east-1:895169747731:rule/my-soc-iam-policy-rollback",
            "statement_id": "AllowExecutionFromEventBridgeIamPolicyRollbackDetector",
            "statement_id_prefix": ""
          },
          "sensitive_attributes": [],
          "identity_schema_version": 0,
          "identity": {
            "account_id": "895169747731",
            "function_name": "my-soc-iam-policy-rollback-detector",
            "qualifier": null,
            "region": "us-east-1",
            "statement_id": "AllowExecutionFromEventBridgeIamPolicyRollbackDetector"
          },
          "private": "bnVsbA==",
          "dependencies": [
            "aws_cloudwatch_event_rule.iam_policy_rollback_detector",
            "aws_cloudwatch_log_group.iam_policy_rollback_detector_lambda",
            "aws_iam_role.iam_policy_rollback_detector_lambda",
            "aws_lambda_function.iam_policy_rollback_detector",
            "data.archive_file.iam_policy_rollback_detector_lambda"
          ]
        }
      ]
    },
    {
      "mode": "managed",
      "type": "aws_lambda_permission",
      "name": "allow_events_killchain_daily_aggregator",
      "provider": "provider[\"registry.terraform.io/hashicorp/aws\"]",
      "instances": [
        {
          "schema_version": 0,
          "attributes": {
            "action": "lambda:InvokeFunction",
            "event_source_token": null,
            "function_name": "my-soc-killchain-daily-aggregator",
            "function_url_auth_type": null,
            "id": "AllowExecutionFromEventBridgeKillchainDailyAggregator",
            "principal": "events.amazonaws.com",
            "principal_org_id": null,
            "qualifier": "",
            "region": "us-east-1",
            "source_account": null,
            "source_arn": "arn:aws:events:us-east-1:895169747731:rule/my-soc-killchain-daily-aggregator",
            "statement_id": "AllowExecutionFromEventBridgeKillchainDailyAggregator",
            "statement_id_prefix": ""
          },
          "sensitive_attributes": [],
          "identity_schema_version": 0,
          "identity": {
            "account_id": "895169747731",
            "function_name": "my-soc-killchain-daily-aggregator",
            "qualifier": null,
            "region": "us-east-1",
            "statement_id": "AllowExecutionFromEventBridgeKillchainDailyAggregator"
          },
          "private": "bnVsbA==",
          "dependencies": [
            "aws_cloudwatch_event_rule.killchain_daily_aggregator",
            "aws_cloudwatch_log_group.killchain_daily_aggregator_lambda",
            "aws_dynamodb_table.killchain_incidents",
            "aws_iam_role.killchain_daily_aggregator_lambda",
            "aws_lambda_function.killchain_daily_aggregator",
            "aws_sns_topic.killchain",
            "data.archive_file.killchain_daily_aggregator_lambda"
          ]
        }
      ]
    },
    {
      "mode": "managed",
      "type": "aws_lambda_permission",
      "name": "allow_events_quarantine_ec2",
      "provider": "provider[\"registry.terraform.io/hashicorp/aws\"]",
      "instances": [
        {
          "schema_version": 0,
          "attributes": {
            "action": "lambda:InvokeFunction",
            "event_source_token": null,
            "function_name": "my-soc-quarantine-ec2",
            "function_url_auth_type": null,
            "id": "AllowExecutionFromEventBridgeSecurityHubQuarantineEC2",
            "principal": "events.amazonaws.com",
            "principal_org_id": null,
            "qualifier": "",
            "region": "us-east-1",
            "source_account": null,
            "source_arn": "arn:aws:events:us-east-1:895169747731:rule/my-soc-securityhub-quarantine-ec2",
            "statement_id": "AllowExecutionFromEventBridgeSecurityHubQuarantineEC2",
            "statement_id_prefix": ""
          },
          "sensitive_attributes": [],
          "identity_schema_version": 0,
          "identity": {
            "account_id": "895169747731",
            "function_name": "my-soc-quarantine-ec2",
            "qualifier": null,
            "region": "us-east-1",
            "statement_id": "AllowExecutionFromEventBridgeSecurityHubQuarantineEC2"
          },
          "private": "bnVsbA==",
          "dependencies": [
            "aws_cloudwatch_event_rule.securityhub_quarantine_ec2",
            "aws_cloudwatch_log_group.quarantine_lambda",
            "aws_iam_role.quarantine_lambda",
            "aws_lambda_function.quarantine_ec2",
            "aws_security_group.quarantine",
            "aws_securityhub_account.main",
            "aws_securityhub_action_target.quarantine_ec2",
            "aws_vpc.main",
            "data.archive_file.quarantine_lambda"
          ]
        }
      ]
    },
    {
      "mode": "managed",
      "type": "aws_lambda_permission",
      "name": "allow_events_s3_public_auto_remediate",
      "provider": "provider[\"registry.terraform.io/hashicorp/aws\"]",
      "instances": [
        {
          "schema_version": 0,
          "attributes": {
            "action": "lambda:InvokeFunction",
            "event_source_token": null,
            "function_name": "my-soc-s3-remediate",
            "function_url_auth_type": null,
            "id": "AllowExecutionFromEventBridgeS3PublicAutoRemediate",
            "principal": "events.amazonaws.com",
            "principal_org_id": null,
            "qualifier": "",
            "region": "us-east-1",
            "source_account": null,
            "source_arn": "arn:aws:events:us-east-1:895169747731:rule/my-soc-s3-public-auto-remediate",
            "statement_id": "AllowExecutionFromEventBridgeS3PublicAutoRemediate",
            "statement_id_prefix": ""
          },
          "sensitive_attributes": [],
          "identity_schema_version": 0,
          "identity": {
            "account_id": "895169747731",
            "function_name": "my-soc-s3-remediate",
            "qualifier": null,
            "region": "us-east-1",
            "statement_id": "AllowExecutionFromEventBridgeS3PublicAutoRemediate"
          },
          "private": "bnVsbA==",
          "dependencies": [
            "aws_cloudwatch_event_rule.s3_public_auto_remediate",
            "aws_cloudwatch_log_group.s3_remediate_lambda",
            "aws_iam_role.s3_remediate_lambda",
            "aws_lambda_function.s3_public_auto_remediate",
            "data.archive_file.s3_remediate_lambda"
          ]
        }
      ]
    },
    {
      "mode": "managed",
      "type": "aws_lambda_permission",
      "name": "ml_auto_triage_allow_events",
      "provider": "provider[\"registry.terraform.io/hashicorp/aws\"]",
      "instances": [
        {
          "schema_version": 0,
          "attributes": {
            "action": "lambda:InvokeFunction",
            "event_source_token": null,
            "function_name": "my-soc-ml-auto-triage",
            "function_url_auth_type": null,
            "id": "AllowExecutionFromEventBridgeSecurityHubHighMLAutoTriage",
            "principal": "events.amazonaws.com",
            "principal_org_id": null,
            "qualifier": "",
            "region": "us-east-1",
            "source_account": null,
            "source_arn": "arn:aws:events:us-east-1:895169747731:rule/my-soc-securityhub-all-findings-ml",
            "statement_id": "AllowExecutionFromEventBridgeSecurityHubHighMLAutoTriage",
            "statement_id_prefix": ""
          },
          "sensitive_attributes": [],
          "identity_schema_version": 0,
          "identity": {
            "account_id": "895169747731",
            "function_name": "my-soc-ml-auto-triage",
            "qualifier": null,
            "region": "us-east-1",
            "statement_id": "AllowExecutionFromEventBridgeSecurityHubHighMLAutoTriage"
          },
          "private": "bnVsbA==",
          "dependencies": [
            "aws_cloudwatch_event_rule.securityhub_all_for_ml",
            "aws_cloudwatch_log_group.ml_auto_triage_lambda",
            "aws_iam_role.ml_auto_triage_lambda",
            "aws_lambda_function.ml_auto_triage",
            "data.archive_file.ml_auto_triage_lambda"
          ]
        }
      ]
    },
    {
      "mode": "managed",
      "type": "aws_lambda_permission",
      "name": "triage_allow_events",
      "provider": "provider[\"registry.terraform.io/hashicorp/aws\"]",
      "instances": [
        {
          "schema_version": 0,
          "attributes": {
            "action": "lambda:InvokeFunction",
            "event_source_token": null,
            "function_name": "my-soc-triage-links",
            "function_url_auth_type": null,
            "id": "AllowExecutionFromEventBridgeSecurityHubHigh",
            "principal": "events.amazonaws.com",
            "principal_org_id": null,
            "qualifier": "",
            "region": "us-east-1",
            "source_account": null,
            "source_arn": "arn:aws:events:us-east-1:895169747731:rule/my-soc-securityhub-high-findings",
            "statement_id": "AllowExecutionFromEventBridgeSecurityHubHigh",
            "statement_id_prefix": ""
          },
          "sensitive_attributes": [],
          "identity_schema_version": 0,
          "identity": {
            "account_id": "895169747731",
            "function_name": "my-soc-triage-links",
            "qualifier": null,
            "region": "us-east-1",
            "statement_id": "AllowExecutionFromEventBridgeSecurityHubHigh"
          },
          "private": "bnVsbA==",
          "dependencies": [
            "aws_apigatewayv2_api.iam_rollback_api",
            "aws_cloudwatch_event_rule.securityhub_high",
            "aws_cloudwatch_log_group.triage_lambda",
            "aws_iam_role.triage_lambda",
            "aws_lambda_function.triage_links",
            "aws_sns_topic.triage",
            "data.archive_file.triage_lambda"
          ]
        }
      ]
    },
    {
      "mode": "managed",
      "type": "aws_lb",
      "name": "web",
      "provider": "provider[\"registry.terraform.io/hashicorp/aws\"]",
      "instances": [
        {
          "schema_version": 0,
          "attributes": {
            "access_logs": [
              {
                "bucket": "",
                "enabled": false,
                "prefix": ""
              }
            ],
            "arn": "arn:aws:elasticloadbalancing:us-east-1:895169747731:loadbalancer/app/my-soc-alb/bf4e0b6c60add504",
            "arn_suffix": "app/my-soc-alb/bf4e0b6c60add504",
            "client_keep_alive": 3600,
            "connection_logs": [
              {
                "bucket": "",
                "enabled": false,
                "prefix": ""
              }
            ],
            "customer_owned_ipv4_pool": "",
            "desync_mitigation_mode": "defensive",
            "dns_name": "my-soc-alb-1960462523.us-east-1.elb.amazonaws.com",
            "dns_record_client_routing_policy": null,
            "drop_invalid_header_fields": false,
            "enable_cross_zone_load_balancing": true,
            "enable_deletion_protection": false,
            "enable_http2": true,
            "enable_tls_version_and_cipher_suite_headers": false,
            "enable_waf_fail_open": false,
            "enable_xff_client_port": false,
            "enable_zonal_shift": false,
            "enforce_security_group_inbound_rules_on_private_link_traffic": "",
            "health_check_logs": [
              {
                "bucket": "",
                "enabled": false,
                "prefix": ""
              }
            ],
            "id": "arn:aws:elasticloadbalancing:us-east-1:895169747731:loadbalancer/app/my-soc-alb/bf4e0b6c60add504",
            "idle_timeout": 60,
            "internal": false,
            "ip_address_type": "ipv4",
            "ipam_pools": [],
            "load_balancer_type": "application",
            "minimum_load_balancer_capacity": [],
            "name": "my-soc-alb",
            "name_prefix": "",
            "preserve_host_header": false,
            "region": "us-east-1",
            "secondary_ips_auto_assigned_per_subnet": null,
            "security_groups": [
              "sg-03e4926b95210304d"
            ],
            "subnet_mapping": [
              {
                "allocation_id": "",
                "ipv6_address": "",
                "outpost_id": "",
                "private_ipv4_address": "",
                "subnet_id": "subnet-074810fcc6e2f14ac"
              },
              {
                "allocation_id": "",
                "ipv6_address": "",
                "outpost_id": "",
                "private_ipv4_address": "",
                "subnet_id": "subnet-0c2812b0c50662759"
              }
            ],
            "subnets": [
              "subnet-074810fcc6e2f14ac",
              "subnet-0c2812b0c50662759"
            ],
            "tags": {
              "Name": "my-soc-alb",
              "Project": "my-soc"
            },
            "tags_all": {
              "Name": "my-soc-alb",
              "Project": "my-soc"
            },
            "timeouts": null,
            "vpc_id": "vpc-02b76686fc19e3dbe",
            "xff_header_processing_mode": "append",
            "zone_id": "Z35SXDOTRQ7X7K"
          },
          "sensitive_attributes": [],
          "identity_schema_version": 0,
          "identity": {
            "arn": "arn:aws:elasticloadbalancing:us-east-1:895169747731:loadbalancer/app/my-soc-alb/bf4e0b6c60add504"
          },
          "private": "eyJlMmJmYjczMC1lY2FhLTExZTYtOGY4OC0zNDM2M2JjN2M0YzAiOnsiY3JlYXRlIjo2MDAwMDAwMDAwMDAsImRlbGV0ZSI6NjAwMDAwMDAwMDAwLCJ1cGRhdGUiOjYwMDAwMDAwMDAwMH19",
          "dependencies": [
            "aws_security_group.alb",
            "aws_subnet.public",
            "aws_vpc.main",
            "data.aws_availability_zones.available"
          ]
        }
      ]
    },
    {
      "mode": "managed",
      "type": "aws_lb_listener",
      "name": "http",
      "provider": "provider[\"registry.terraform.io/hashicorp/aws\"]",
      "instances": [
        {
          "schema_version": 0,
          "attributes": {
            "alpn_policy": null,
            "arn": "arn:aws:elasticloadbalancing:us-east-1:895169747731:listener/app/my-soc-alb/bf4e0b6c60add504/d76efa81ae6bf5ab",
            "certificate_arn": null,
            "default_action": [
              {
                "authenticate_cognito": [],
                "authenticate_oidc": [],
                "fixed_response": [],
                "forward": [],
                "jwt_validation": [],
                "order": 1,
                "redirect": [],
                "target_group_arn": "arn:aws:elasticloadbalancing:us-east-1:895169747731:targetgroup/my-soc-tg/39f54f17e41d372e",
                "type": "forward"
              }
            ],
            "id": "arn:aws:elasticloadbalancing:us-east-1:895169747731:listener/app/my-soc-alb/bf4e0b6c60add504/d76efa81ae6bf5ab",
            "load_balancer_arn": "arn:aws:elasticloadbalancing:us-east-1:895169747731:loadbalancer/app/my-soc-alb/bf4e0b6c60add504",
            "mutual_authentication": [],
            "port": 80,
            "protocol": "HTTP",
            "region": "us-east-1",
            "routing_http_request_x_amzn_mtls_clientcert_header_name": null,
            "routing_http_request_x_amzn_mtls_clientcert_issuer_header_name": null,
            "routing_http_request_x_amzn_mtls_clientcert_leaf_header_name": null,
            "routing_http_request_x_amzn_mtls_clientcert_serial_number_header_name": null,
            "routing_http_request_x_amzn_mtls_clientcert_subject_header_name": null,
            "routing_http_request_x_amzn_mtls_clientcert_validity_header_name": null,
            "routing_http_request_x_amzn_tls_cipher_suite_header_name": null,
            "routing_http_request_x_amzn_tls_version_header_name": null,
            "routing_http_response_access_control_allow_credentials_header_value": "",
            "routing_http_response_access_control_allow_headers_header_value": "",
            "routing_http_response_access_control_allow_methods_header_value": "",
            "routing_http_response_access_control_allow_origin_header_value": "",
            "routing_http_response_access_control_expose_headers_header_value": "",
            "routing_http_response_access_control_max_age_header_value": "",
            "routing_http_response_content_security_policy_header_value": "",
            "routing_http_response_server_enabled": true,
            "routing_http_response_strict_transport_security_header_value": "",
            "routing_http_response_x_content_type_options_header_value": "",
            "routing_http_response_x_frame_options_header_value": "",
            "ssl_policy": "",
            "tags": null,
            "tags_all": {},
            "tcp_idle_timeout_seconds": null,
            "timeouts": null
          },
          "sensitive_attributes": [],
          "identity_schema_version": 0,
          "identity": {
            "arn": "arn:aws:elasticloadbalancing:us-east-1:895169747731:listener/app/my-soc-alb/bf4e0b6c60add504/d76efa81ae6bf5ab"
          },
          "private": "eyJlMmJmYjczMC1lY2FhLTExZTYtOGY4OC0zNDM2M2JjN2M0YzAiOnsiY3JlYXRlIjozMDAwMDAwMDAwMDAsInVwZGF0ZSI6MzAwMDAwMDAwMDAwfX0=",
          "dependencies": [
            "aws_lb.web",
            "aws_lb_target_group.web",
            "aws_security_group.alb",
            "aws_subnet.public",
            "aws_vpc.main",
            "data.aws_availability_zones.available"
          ]
        }
      ]
    },
    {
      "mode": "managed",
      "type": "aws_lb_target_group",
      "name": "web",
      "provider": "provider[\"registry.terraform.io/hashicorp/aws\"]",
      "instances": [
        {
          "schema_version": 0,
          "attributes": {
            "arn": "arn:aws:elasticloadbalancing:us-east-1:895169747731:targetgroup/my-soc-tg/39f54f17e41d372e",
            "arn_suffix": "targetgroup/my-soc-tg/39f54f17e41d372e",
            "connection_termination": null,
            "deregistration_delay": "300",
            "health_check": [
              {
                "enabled": true,
                "healthy_threshold": 2,
                "interval": 15,
                "matcher": "200-399",
                "path": "/",
                "port": "traffic-port",
                "protocol": "HTTP",
                "timeout": 5,
                "unhealthy_threshold": 2
              }
            ],
            "id": "arn:aws:elasticloadbalancing:us-east-1:895169747731:targetgroup/my-soc-tg/39f54f17e41d372e",
            "ip_address_type": "ipv4",
            "lambda_multi_value_headers_enabled": false,
            "load_balancer_arns": [],
            "load_balancing_algorithm_type": "round_robin",
            "load_balancing_anomaly_mitigation": "off",
            "load_balancing_cross_zone_enabled": "use_load_balancer_configuration",
            "name": "my-soc-tg",
            "name_prefix": "",
            "port": 80,
            "preserve_client_ip": null,
            "protocol": "HTTP",
            "protocol_version": "HTTP1",
            "proxy_protocol_v2": false,
            "region": "us-east-1",
            "slow_start": 0,
            "stickiness": [
              {
                "cookie_duration": 86400,
                "cookie_name": "",
                "enabled": false,
                "type": "lb_cookie"
              }
            ],
            "tags": {
              "Name": "my-soc-tg",
              "Project": "my-soc"
            },
            "tags_all": {
              "Name": "my-soc-tg",
              "Project": "my-soc"
            },
            "target_control_port": 0,
            "target_failover": [
              {
                "on_deregistration": null,
                "on_unhealthy": null
              }
            ],
            "target_group_health": [
              {
                "dns_failover": [
                  {
                    "minimum_healthy_targets_count": "1",
                    "minimum_healthy_targets_percentage": "off"
                  }
                ],
                "unhealthy_state_routing": [
                  {
                    "minimum_healthy_targets_count": 1,
                    "minimum_healthy_targets_percentage": "off"
                  }
                ]
              }
            ],
            "target_health_state": [
              {
                "enable_unhealthy_connection_termination": null,
                "unhealthy_draining_interval": null
              }
            ],
            "target_type": "instance",
            "vpc_id": "vpc-02b76686fc19e3dbe"
          },
          "sensitive_attributes": [],
          "identity_schema_version": 0,
          "identity": {
            "arn": "arn:aws:elasticloadbalancing:us-east-1:895169747731:targetgroup/my-soc-tg/39f54f17e41d372e"
          },
          "private": "bnVsbA==",
          "dependencies": [
            "aws_vpc.main"
          ]
        }
      ]
    },
    {
      "mode": "managed",
      "type": "aws_lb_target_group_attachment",
      "name": "web",
      "provider": "provider[\"registry.terraform.io/hashicorp/aws\"]",
      "instances": [
        {
          "index_key": 0,
          "schema_version": 0,
          "attributes": {
            "availability_zone": null,
            "id": "arn:aws:elasticloadbalancing:us-east-1:895169747731:targetgroup/my-soc-tg/39f54f17e41d372e-2025123116473347050000000a",
            "port": 80,
            "region": "us-east-1",
            "target_group_arn": "arn:aws:elasticloadbalancing:us-east-1:895169747731:targetgroup/my-soc-tg/39f54f17e41d372e",
            "target_id": "i-0abc67632644872fb"
          },
          "sensitive_attributes": [],
          "identity_schema_version": 0,
          "private": "bnVsbA==",
          "dependencies": [
            "aws_cloudwatch_log_group.web_app",
            "aws_cloudwatch_log_group.web_os",
            "aws_iam_instance_profile.web_instance",
            "aws_iam_role.web_instance",
            "aws_instance.web",
            "aws_lb_target_group.web",
            "aws_security_group.alb",
            "aws_security_group.web",
            "aws_subnet.public",
            "aws_vpc.main",
            "data.aws_ami.amazon_linux",
            "data.aws_availability_zones.available"
          ]
        },
        {
          "index_key": 1,
          "schema_version": 0,
          "attributes": {
            "availability_zone": null,
            "id": "arn:aws:elasticloadbalancing:us-east-1:895169747731:targetgroup/my-soc-tg/39f54f17e41d372e-20251231164733069800000009",
            "port": 80,
            "region": "us-east-1",
            "target_group_arn": "arn:aws:elasticloadbalancing:us-east-1:895169747731:targetgroup/my-soc-tg/39f54f17e41d372e",
            "target_id": "i-0d57d35ff37fe5699"
          },
          "sensitive_attributes": [],
          "identity_schema_version": 0,
          "private": "bnVsbA==",
          "dependencies": [
            "aws_cloudwatch_log_group.web_app",
            "aws_cloudwatch_log_group.web_os",
            "aws_iam_instance_profile.web_instance",
            "aws_iam_role.web_instance",
            "aws_instance.web",
            "aws_lb_target_group.web",
            "aws_security_group.alb",
            "aws_security_group.web",
            "aws_subnet.public",
            "aws_vpc.main",
            "data.aws_ami.amazon_linux",
            "data.aws_availability_zones.available"
          ]
        }
      ]
    },
    {
      "mode": "managed",
      "type": "aws_macie2_account",
      "name": "main",
      "provider": "provider[\"registry.terraform.io/hashicorp/aws\"]",
      "instances": [
        {
          "schema_version": 0,
          "attributes": {
            "created_at": "2025-12-31T16:46:38Z",
            "finding_publishing_frequency": "FIFTEEN_MINUTES",
            "id": "895169747731",
            "region": "us-east-1",
            "service_role": "arn:aws:iam::895169747731:role/aws-service-role/macie.amazonaws.com/AWSServiceRoleForAmazonMacie",
            "status": "ENABLED",
            "updated_at": "2025-12-31T16:46:38Z"
          },
          "sensitive_attributes": [],
          "identity_schema_version": 0,
          "private": "bnVsbA=="
        }
      ]
    },
    {
      "mode": "managed",
      "type": "aws_opensearch_domain",
      "name": "logs",
      "provider": "provider[\"registry.terraform.io/hashicorp/aws\"]",
      "instances": [
        {
          "schema_version": 0,
          "attributes": {
            "access_policies": "{\"Statement\":[{\"Action\":\"es:*\",\"Effect\":\"Allow\",\"Principal\":{\"AWS\":\"arn:aws:iam::895169747731:root\"},\"Resource\":\"arn:aws:es:us-east-1:895169747731:domain/*\"}],\"Version\":\"2012-10-17\"}",
            "advanced_options": {},
            "advanced_security_options": null,
            "aiml_options": [
              {
                "natural_language_query_generation_options": [
                  {
                    "desired_state": "DISABLED"
                  }
                ],
                "s3_vectors_engine": [
                  {
                    "enabled": false
                  }
                ]
              }
            ],
            "arn": "arn:aws:es:us-east-1:895169747731:domain/my-soc-logs-os",
            "auto_tune_options": [
              {
                "desired_state": "DISABLED",
                "maintenance_schedule": [],
                "rollback_on_disable": "NO_ROLLBACK",
                "use_off_peak_window": false
              }
            ],
            "cluster_config": [
              {
                "cold_storage_options": [
                  {
                    "enabled": false
                  }
                ],
                "dedicated_master_count": 0,
                "dedicated_master_enabled": false,
                "dedicated_master_type": "",
                "instance_count": 1,
                "instance_type": "t3.small.search",
                "multi_az_with_standby_enabled": false,
                "node_options": [],
                "warm_count": 0,
                "warm_enabled": false,
                "warm_type": "",
                "zone_awareness_config": [],
                "zone_awareness_enabled": false
              }
            ],
            "cognito_options": [
              {
                "enabled": false,
                "identity_pool_id": "",
                "role_arn": "",
                "user_pool_id": ""
              }
            ],
            "dashboard_endpoint": "search-my-soc-logs-os-vvllxgohheu7jjphsenwm446gi.us-east-1.es.amazonaws.com/_dashboards",
            "dashboard_endpoint_v2": null,
            "domain_endpoint_options": [
              {
                "custom_endpoint": "",
                "custom_endpoint_certificate_arn": "",
                "custom_endpoint_enabled": false,
                "enforce_https": true,
                "tls_security_policy": "Policy-Min-TLS-1-2-2019-07"
              }
            ],
            "domain_endpoint_v2_hosted_zone_id": "",
            "domain_id": "895169747731/my-soc-logs-os",
            "domain_name": "my-soc-logs-os",
            "ebs_options": [
              {
                "ebs_enabled": true,
                "iops": 3000,
                "throughput": 125,
                "volume_size": 20,
                "volume_type": "gp3"
              }
            ],
            "encrypt_at_rest": [
              {
                "enabled": true,
                "kms_key_id": "arn:aws:kms:us-east-1:895169747731:key/83addd4a-00da-4877-8e8f-c3c8f8bc5865"
              }
            ],
            "endpoint": "search-my-soc-logs-os-vvllxgohheu7jjphsenwm446gi.us-east-1.es.amazonaws.com",
            "endpoint_v2": null,
            "engine_version": "OpenSearch_2.7",
            "id": "arn:aws:es:us-east-1:895169747731:domain/my-soc-logs-os",
            "identity_center_options": [
              {
                "enabled_api_access": null,
                "identity_center_instance_arn": null,
                "roles_key": null,
                "subject_key": null
              }
            ],
            "ip_address_type": "ipv4",
            "log_publishing_options": [],
            "node_to_node_encryption": [
              {
                "enabled": true
              }
            ],
            "off_peak_window_options": [
              {
                "enabled": true,
                "off_peak_window": [
                  {
                    "window_start_time": [
                      {
                        "hours": 3,
                        "minutes": 0
                      }
                    ]
                  }
                ]
              }
            ],
            "region": "us-east-1",
            "snapshot_options": [
              {
                "automated_snapshot_start_hour": 0
              }
            ],
            "software_update_options": [
              {
                "auto_software_update_enabled": false
              }
            ],
            "tags": {
              "Name": "my-soc-opensearch",
              "Project": "my-soc"
            },
            "tags_all": {
              "Name": "my-soc-opensearch",
              "Project": "my-soc"
            },
            "timeouts": null,
            "vpc_options": []
          },
          "sensitive_attributes": [],
          "identity_schema_version": 0,
          "private": "eyJlMmJmYjczMC1lY2FhLTExZTYtOGY4OC0zNDM2M2JjN2M0YzAiOnsiY3JlYXRlIjo3MjAwMDAwMDAwMDAwLCJkZWxldGUiOjU0MDAwMDAwMDAwMDAsInVwZGF0ZSI6MTA4MDAwMDAwMDAwMDB9fQ==",
          "dependencies": [
            "data.aws_caller_identity.current",
            "data.aws_partition.current"
          ]
        }
      ]
    },
    {
      "mode": "managed",
      "type": "aws_route53_resolver_query_log_config",
      "name": "vpc",
      "provider": "provider[\"registry.terraform.io/hashicorp/aws\"]",
      "instances": [
        {
          "schema_version": 0,
          "attributes": {
            "arn": "arn:aws:route53resolver:us-east-1:895169747731:resolver-query-log-config/rqlc-485a7997824e42",
            "destination_arn": "arn:aws:logs:us-east-1:895169747731:log-group:/aws/my-soc/route53-resolver",
            "id": "rqlc-485a7997824e42",
            "name": "my-soc-resolver-query-logs",
            "owner_id": "895169747731",
            "region": "us-east-1",
            "share_status": "NOT_SHARED",
            "tags": null,
            "tags_all": {}
          },
          "sensitive_attributes": [],
          "identity_schema_version": 0,
          "private": "bnVsbA==",
          "dependencies": [
            "aws_cloudwatch_log_group.route53_resolver"
          ]
        }
      ]
    },
    {
      "mode": "managed",
      "type": "aws_route53_resolver_query_log_config_association",
      "name": "vpc",
      "provider": "provider[\"registry.terraform.io/hashicorp/aws\"]",
      "instances": [
        {
          "schema_version": 0,
          "attributes": {
            "id": "rqlca-c07c897de7114212",
            "region": "us-east-1",
            "resolver_query_log_config_id": "rqlc-485a7997824e42",
            "resource_id": "vpc-02b76686fc19e3dbe"
          },
          "sensitive_attributes": [],
          "identity_schema_version": 0,
          "private": "bnVsbA==",
          "dependencies": [
            "aws_cloudwatch_log_group.route53_resolver",
            "aws_route53_resolver_query_log_config.vpc",
            "aws_vpc.main"
          ]
        }
      ]
    },
    {
      "mode": "managed",
      "type": "aws_route_table",
      "name": "public",
      "provider": "provider[\"registry.terraform.io/hashicorp/aws\"]",
      "instances": [
        {
          "schema_version": 0,
          "attributes": {
            "arn": "arn:aws:ec2:us-east-1:895169747731:route-table/rtb-09eb5c9d9b001004a",
            "id": "rtb-09eb5c9d9b001004a",
            "owner_id": "895169747731",
            "propagating_vgws": [],
            "region": "us-east-1",
            "route": [
              {
                "carrier_gateway_id": "",
                "cidr_block": "0.0.0.0/0",
                "core_network_arn": "",
                "destination_prefix_list_id": "",
                "egress_only_gateway_id": "",
                "gateway_id": "igw-0ae1461bc4adfc3ce",
                "ipv6_cidr_block": "",
                "local_gateway_id": "",
                "nat_gateway_id": "",
                "network_interface_id": "",
                "transit_gateway_id": "",
                "vpc_endpoint_id": "",
                "vpc_peering_connection_id": ""
              }
            ],
            "tags": {
              "Name": "my-soc-public-rt",
              "Project": "my-soc"
            },
            "tags_all": {
              "Name": "my-soc-public-rt",
              "Project": "my-soc"
            },
            "timeouts": null,
            "vpc_id": "vpc-02b76686fc19e3dbe"
          },
          "sensitive_attributes": [],
          "identity_schema_version": 0,
          "identity": {
            "account_id": "895169747731",
            "id": "rtb-09eb5c9d9b001004a",
            "region": "us-east-1"
          },
          "private": "eyJlMmJmYjczMC1lY2FhLTExZTYtOGY4OC0zNDM2M2JjN2M0YzAiOnsiY3JlYXRlIjozMDAwMDAwMDAwMDAsImRlbGV0ZSI6MzAwMDAwMDAwMDAwLCJ1cGRhdGUiOjEyMDAwMDAwMDAwMH19",
          "dependencies": [
            "aws_internet_gateway.igw",
            "aws_vpc.main"
          ]
        }
      ]
    },
    {
      "mode": "managed",
      "type": "aws_route_table_association",
      "name": "public",
      "provider": "provider[\"registry.terraform.io/hashicorp/aws\"]",
      "instances": [
        {
          "index_key": "az1",
          "schema_version": 0,
          "attributes": {
            "gateway_id": "",
            "id": "rtbassoc-06b9d01730f0e1d84",
            "region": "us-east-1",
            "route_table_id": "rtb-09eb5c9d9b001004a",
            "subnet_id": "subnet-074810fcc6e2f14ac",
            "timeouts": null
          },
          "sensitive_attributes": [],
          "identity_schema_version": 0,
          "private": "eyJlMmJmYjczMC1lY2FhLTExZTYtOGY4OC0zNDM2M2JjN2M0YzAiOnsiY3JlYXRlIjozMDAwMDAwMDAwMDAsImRlbGV0ZSI6MzAwMDAwMDAwMDAwLCJ1cGRhdGUiOjEyMDAwMDAwMDAwMH19",
          "dependencies": [
            "aws_internet_gateway.igw",
            "aws_route_table.public",
            "aws_subnet.public",
            "aws_vpc.main",
            "data.aws_availability_zones.available"
          ]
        },
        {
          "index_key": "az2",
          "schema_version": 0,
          "attributes": {
            "gateway_id": "",
            "id": "rtbassoc-0130d1be50e9b9ec0",
            "region": "us-east-1",
            "route_table_id": "rtb-09eb5c9d9b001004a",
            "subnet_id": "subnet-0c2812b0c50662759",
            "timeouts": null
          },
          "sensitive_attributes": [],
          "identity_schema_version": 0,
          "private": "eyJlMmJmYjczMC1lY2FhLTExZTYtOGY4OC0zNDM2M2JjN2M0YzAiOnsiY3JlYXRlIjozMDAwMDAwMDAwMDAsImRlbGV0ZSI6MzAwMDAwMDAwMDAwLCJ1cGRhdGUiOjEyMDAwMDAwMDAwMH19",
          "dependencies": [
            "aws_internet_gateway.igw",
            "aws_route_table.public",
            "aws_subnet.public",
            "aws_vpc.main",
            "data.aws_availability_zones.available"
          ]
        }
      ]
    },
    {
      "mode": "managed",
      "type": "aws_s3_bucket",
      "name": "logs",
      "provider": "provider[\"registry.terraform.io/hashicorp/aws\"]",
      "instances": [
        {
          "schema_version": 0,
          "attributes": {
            "acceleration_status": "",
            "acl": null,
            "arn": "arn:aws:s3:::my-soc-logs-895169747731",
            "bucket": "my-soc-logs-895169747731",
            "bucket_domain_name": "my-soc-logs-895169747731.s3.amazonaws.com",
            "bucket_prefix": "",
            "bucket_region": "us-east-1",
            "bucket_regional_domain_name": "my-soc-logs-895169747731.s3.us-east-1.amazonaws.com",
            "cors_rule": [],
            "force_destroy": false,
            "grant": [
              {
                "id": "688262082e791582196287150e22f230e5907345948d181d5abd078afb868b4e",
                "permissions": [
                  "FULL_CONTROL"
                ],
                "type": "CanonicalUser",
                "uri": ""
              }
            ],
            "hosted_zone_id": "Z3AQBSTGFYJSTF",
            "id": "my-soc-logs-895169747731",
            "lifecycle_rule": [],
            "logging": [],
            "object_lock_configuration": [],
            "object_lock_enabled": false,
            "policy": "",
            "region": "us-east-1",
            "replication_configuration": [],
            "request_payer": "BucketOwner",
            "server_side_encryption_configuration": [
              {
                "rule": [
                  {
                    "apply_server_side_encryption_by_default": [
                      {
                        "kms_master_key_id": "",
                        "sse_algorithm": "AES256"
                      }
                    ],
                    "bucket_key_enabled": false
                  }
                ]
              }
            ],
            "tags": {
              "Name": "my-soc-logs",
              "Project": "my-soc"
            },
            "tags_all": {
              "Name": "my-soc-logs",
              "Project": "my-soc"
            },
            "timeouts": null,
            "versioning": [
              {
                "enabled": false,
                "mfa_delete": false
              }
            ],
            "website": [],
            "website_domain": null,
            "website_endpoint": null
          },
          "sensitive_attributes": [],
          "identity_schema_version": 0,
          "identity": {
            "account_id": "895169747731",
            "bucket": "my-soc-logs-895169747731",
            "region": "us-east-1"
          },
          "private": "eyJlMmJmYjczMC1lY2FhLTExZTYtOGY4OC0zNDM2M2JjN2M0YzAiOnsiY3JlYXRlIjoxMjAwMDAwMDAwMDAwLCJkZWxldGUiOjM2MDAwMDAwMDAwMDAsInJlYWQiOjEyMDAwMDAwMDAwMDAsInVwZGF0ZSI6MTIwMDAwMDAwMDAwMH19",
          "dependencies": [
            "data.aws_caller_identity.current"
          ]
        }
      ]
    },
    {
      "mode": "managed",
      "type": "aws_s3_bucket",
      "name": "ml_models",
      "provider": "provider[\"registry.terraform.io/hashicorp/aws\"]",
      "instances": [
        {
          "schema_version": 0,
          "attributes": {
            "acceleration_status": "",
            "acl": null,
            "arn": "arn:aws:s3:::my-soc-ml-models-895169747731",
            "bucket": "my-soc-ml-models-895169747731",
            "bucket_domain_name": "my-soc-ml-models-895169747731.s3.amazonaws.com",
            "bucket_prefix": "",
            "bucket_region": "us-east-1",
            "bucket_regional_domain_name": "my-soc-ml-models-895169747731.s3.us-east-1.amazonaws.com",
            "cors_rule": [],
            "force_destroy": false,
            "grant": [
              {
                "id": "688262082e791582196287150e22f230e5907345948d181d5abd078afb868b4e",
                "permissions": [
                  "FULL_CONTROL"
                ],
                "type": "CanonicalUser",
                "uri": ""
              }
            ],
            "hosted_zone_id": "Z3AQBSTGFYJSTF",
            "id": "my-soc-ml-models-895169747731",
            "lifecycle_rule": [],
            "logging": [],
            "object_lock_configuration": [],
            "object_lock_enabled": false,
            "policy": "",
            "region": "us-east-1",
            "replication_configuration": [],
            "request_payer": "BucketOwner",
            "server_side_encryption_configuration": [
              {
                "rule": [
                  {
                    "apply_server_side_encryption_by_default": [
                      {
                        "kms_master_key_id": "",
                        "sse_algorithm": "AES256"
                      }
                    ],
                    "bucket_key_enabled": false
                  }
                ]
              }
            ],
            "tags": {
              "Name": "my-soc-ml-models",
              "Project": "my-soc"
            },
            "tags_all": {
              "Name": "my-soc-ml-models",
              "Project": "my-soc"
            },
            "timeouts": null,
            "versioning": [
              {
                "enabled": false,
                "mfa_delete": false
              }
            ],
            "website": [],
            "website_domain": null,
            "website_endpoint": null
          },
          "sensitive_attributes": [],
          "identity_schema_version": 0,
          "identity": {
            "account_id": "895169747731",
            "bucket": "my-soc-ml-models-895169747731",
            "region": "us-east-1"
          },
          "private": "eyJlMmJmYjczMC1lY2FhLTExZTYtOGY4OC0zNDM2M2JjN2M0YzAiOnsiY3JlYXRlIjoxMjAwMDAwMDAwMDAwLCJkZWxldGUiOjM2MDAwMDAwMDAwMDAsInJlYWQiOjEyMDAwMDAwMDAwMDAsInVwZGF0ZSI6MTIwMDAwMDAwMDAwMH19",
          "dependencies": [
            "data.aws_caller_identity.current"
          ]
        }
      ]
    },
    {
      "mode": "managed",
      "type": "aws_s3_bucket_policy",
      "name": "logs",
      "provider": "provider[\"registry.terraform.io/hashicorp/aws\"]",
      "instances": [
        {
          "schema_version": 0,
          "attributes": {
            "bucket": "my-soc-logs-895169747731",
            "id": "my-soc-logs-895169747731",
            "policy": "{\"Statement\":[{\"Action\":\"s3:GetBucketAcl\",\"Condition\":{\"StringEquals\":{\"aws:SourceAccount\":\"895169747731\"}},\"Effect\":\"Allow\",\"Principal\":{\"Service\":\"cloudtrail.amazonaws.com\"},\"Resource\":\"arn:aws:s3:::my-soc-logs-895169747731\",\"Sid\":\"AWSCloudTrailAclCheck\"},{\"Action\":\"s3:PutObject\",\"Condition\":{\"StringEquals\":{\"aws:SourceAccount\":\"895169747731\",\"s3:x-amz-acl\":\"bucket-owner-full-control\"}},\"Effect\":\"Allow\",\"Principal\":{\"Service\":\"cloudtrail.amazonaws.com\"},\"Resource\":\"arn:aws:s3:::my-soc-logs-895169747731/AWSLogs/895169747731/*\",\"Sid\":\"AWSCloudTrailWrite\"},{\"Action\":\"s3:GetBucketAcl\",\"Condition\":{\"StringEquals\":{\"aws:SourceAccount\":\"895169747731\"}},\"Effect\":\"Allow\",\"Principal\":{\"Service\":\"config.amazonaws.com\"},\"Resource\":\"arn:aws:s3:::my-soc-logs-895169747731\",\"Sid\":\"AWSConfigAclCheck\"},{\"Action\":\"s3:PutObject\",\"Condition\":{\"StringEquals\":{\"aws:SourceAccount\":\"895169747731\",\"s3:x-amz-acl\":\"bucket-owner-full-control\"}},\"Effect\":\"Allow\",\"Principal\":{\"Service\":\"config.amazonaws.com\"},\"Resource\":\"arn:aws:s3:::my-soc-logs-895169747731/AWSLogs/895169747731/Config/*\",\"Sid\":\"AWSConfigWrite\"}],\"Version\":\"2012-10-17\"}",
            "region": "us-east-1"
          },
          "sensitive_attributes": [],
          "identity_schema_version": 0,
          "identity": {
            "account_id": "895169747731",
            "bucket": "my-soc-logs-895169747731",
            "region": "us-east-1"
          },
          "private": "bnVsbA==",
          "dependencies": [
            "aws_s3_bucket.logs",
            "data.aws_caller_identity.current"
          ]
        }
      ]
    },
    {
      "mode": "managed",
      "type": "aws_s3_bucket_public_access_block",
      "name": "logs",
      "provider": "provider[\"registry.terraform.io/hashicorp/aws\"]",
      "instances": [
        {
          "schema_version": 0,
          "attributes": {
            "block_public_acls": true,
            "block_public_policy": true,
            "bucket": "my-soc-logs-895169747731",
            "id": "my-soc-logs-895169747731",
            "ignore_public_acls": true,
            "region": "us-east-1",
            "restrict_public_buckets": true,
            "skip_destroy": null
          },
          "sensitive_attributes": [],
          "identity_schema_version": 0,
          "identity": {
            "account_id": "895169747731",
            "bucket": "my-soc-logs-895169747731",
            "region": "us-east-1"
          },
          "private": "bnVsbA==",
          "dependencies": [
            "aws_s3_bucket.logs",
            "data.aws_caller_identity.current"
          ]
        }
      ]
    },
    {
      "mode": "managed",
      "type": "aws_s3_bucket_public_access_block",
      "name": "ml_models",
      "provider": "provider[\"registry.terraform.io/hashicorp/aws\"]",
      "instances": [
        {
          "schema_version": 0,
          "attributes": {
            "block_public_acls": true,
            "block_public_policy": true,
            "bucket": "my-soc-ml-models-895169747731",
            "id": "my-soc-ml-models-895169747731",
            "ignore_public_acls": true,
            "region": "us-east-1",
            "restrict_public_buckets": true,
            "skip_destroy": null
          },
          "sensitive_attributes": [],
          "identity_schema_version": 0,
          "identity": {
            "account_id": "895169747731",
            "bucket": "my-soc-ml-models-895169747731",
            "region": "us-east-1"
          },
          "private": "bnVsbA==",
          "dependencies": [
            "aws_s3_bucket.ml_models",
            "data.aws_caller_identity.current"
          ]
        }
      ]
    },
    {
      "mode": "managed",
      "type": "aws_s3_bucket_server_side_encryption_configuration",
      "name": "logs",
      "provider": "provider[\"registry.terraform.io/hashicorp/aws\"]",
      "instances": [
        {
          "schema_version": 0,
          "attributes": {
            "bucket": "my-soc-logs-895169747731",
            "expected_bucket_owner": "",
            "id": "my-soc-logs-895169747731",
            "region": "us-east-1",
            "rule": [
              {
                "apply_server_side_encryption_by_default": [
                  {
                    "kms_master_key_id": "",
                    "sse_algorithm": "AES256"
                  }
                ],
                "blocked_encryption_types": [],
                "bucket_key_enabled": null
              }
            ]
          },
          "sensitive_attributes": [],
          "identity_schema_version": 0,
          "identity": {
            "account_id": "895169747731",
            "bucket": "my-soc-logs-895169747731",
            "expected_bucket_owner": null,
            "region": "us-east-1"
          },
          "private": "bnVsbA==",
          "dependencies": [
            "aws_s3_bucket.logs",
            "data.aws_caller_identity.current"
          ]
        }
      ]
    },
    {
      "mode": "managed",
      "type": "aws_s3_bucket_server_side_encryption_configuration",
      "name": "ml_models",
      "provider": "provider[\"registry.terraform.io/hashicorp/aws\"]",
      "instances": [
        {
          "schema_version": 0,
          "attributes": {
            "bucket": "my-soc-ml-models-895169747731",
            "expected_bucket_owner": "",
            "id": "my-soc-ml-models-895169747731",
            "region": "us-east-1",
            "rule": [
              {
                "apply_server_side_encryption_by_default": [
                  {
                    "kms_master_key_id": "",
                    "sse_algorithm": "AES256"
                  }
                ],
                "blocked_encryption_types": [],
                "bucket_key_enabled": null
              }
            ]
          },
          "sensitive_attributes": [],
          "identity_schema_version": 0,
          "identity": {
            "account_id": "895169747731",
            "bucket": "my-soc-ml-models-895169747731",
            "expected_bucket_owner": null,
            "region": "us-east-1"
          },
          "private": "bnVsbA==",
          "dependencies": [
            "aws_s3_bucket.ml_models",
            "data.aws_caller_identity.current"
          ]
        }
      ]
    },
    {
      "mode": "managed",
      "type": "aws_s3_object",
      "name": "ml_training_code",
      "provider": "provider[\"registry.terraform.io/hashicorp/aws\"]",
      "instances": [
        {
          "schema_version": 0,
          "attributes": {
            "acl": null,
            "arn": "arn:aws:s3:::my-soc-ml-models-895169747731/code/train_random_forest.tar.gz",
            "bucket": "my-soc-ml-models-895169747731",
            "bucket_key_enabled": false,
            "cache_control": "",
            "checksum_algorithm": null,
            "checksum_crc32": "",
            "checksum_crc32c": "",
            "checksum_crc64nvme": "",
            "checksum_sha1": "",
            "checksum_sha256": "",
            "content": null,
            "content_base64": null,
            "content_disposition": "",
            "content_encoding": "",
            "content_language": "",
            "content_type": "application/octet-stream",
            "etag": "32447cb93e74a189725d438835785024",
            "force_destroy": false,
            "id": "my-soc-ml-models-895169747731/code/train_random_forest.tar.gz",
            "key": "code/train_random_forest.tar.gz",
            "kms_key_id": null,
            "metadata": null,
            "object_lock_legal_hold_status": "",
            "object_lock_mode": "",
            "object_lock_retain_until_date": "",
            "override_provider": [],
            "region": "us-east-1",
            "server_side_encryption": "AES256",
            "source": "../ml/train_random_forest.tar.gz",
            "source_hash": null,
            "storage_class": "STANDARD",
            "tags": null,
            "tags_all": {},
            "version_id": "",
            "website_redirect": ""
          },
          "sensitive_attributes": [],
          "identity_schema_version": 0,
          "identity": {
            "account_id": "895169747731",
            "bucket": "my-soc-ml-models-895169747731",
            "key": "code/train_random_forest.tar.gz",
            "region": "us-east-1"
          },
          "private": "bnVsbA==",
          "dependencies": [
            "aws_s3_bucket.ml_models",
            "data.aws_caller_identity.current"
          ]
        }
      ]
    },
    {
      "mode": "managed",
      "type": "aws_security_group",
      "name": "alb",
      "provider": "provider[\"registry.terraform.io/hashicorp/aws\"]",
      "instances": [
        {
          "schema_version": 1,
          "attributes": {
            "arn": "arn:aws:ec2:us-east-1:895169747731:security-group/sg-03e4926b95210304d",
            "description": "ALB security group",
            "egress": [
              {
                "cidr_blocks": [
                  "0.0.0.0/0"
                ],
                "description": "",
                "from_port": 0,
                "ipv6_cidr_blocks": [],
                "prefix_list_ids": [],
                "protocol": "-1",
                "security_groups": [],
                "self": false,
                "to_port": 0
              }
            ],
            "id": "sg-03e4926b95210304d",
            "ingress": [
              {
                "cidr_blocks": [
                  "0.0.0.0/0"
                ],
                "description": "",
                "from_port": 80,
                "ipv6_cidr_blocks": [],
                "prefix_list_ids": [],
                "protocol": "tcp",
                "security_groups": [],
                "self": false,
                "to_port": 80
              }
            ],
            "name": "my-soc-alb-sg",
            "name_prefix": "",
            "owner_id": "895169747731",
            "region": "us-east-1",
            "revoke_rules_on_delete": false,
            "tags": {
              "Name": "my-soc-alb-sg",
              "Project": "my-soc"
            },
            "tags_all": {
              "Name": "my-soc-alb-sg",
              "Project": "my-soc"
            },
            "timeouts": null,
            "vpc_id": "vpc-02b76686fc19e3dbe"
          },
          "sensitive_attributes": [],
          "identity_schema_version": 0,
          "identity": {
            "account_id": "895169747731",
            "id": "sg-03e4926b95210304d",
            "region": "us-east-1"
          },
          "private": "eyJlMmJmYjczMC1lY2FhLTExZTYtOGY4OC0zNDM2M2JjN2M0YzAiOnsiY3JlYXRlIjo2MDAwMDAwMDAwMDAsImRlbGV0ZSI6OTAwMDAwMDAwMDAwfSwic2NoZW1hX3ZlcnNpb24iOiIxIn0=",
          "dependencies": [
            "aws_vpc.main"
          ]
        }
      ]
    },
    {
      "mode": "managed",
      "type": "aws_security_group",
      "name": "quarantine",
      "provider": "provider[\"registry.terraform.io/hashicorp/aws\"]",
      "instances": [
        {
          "schema_version": 1,
          "attributes": {
            "arn": "arn:aws:ec2:us-east-1:895169747731:security-group/sg-077600a76af947a60",
            "description": "Isolation SG for quarantined instances",
            "egress": [
              {
                "cidr_blocks": [
                  "0.0.0.0/0"
                ],
                "description": "",
                "from_port": 0,
                "ipv6_cidr_blocks": [],
                "prefix_list_ids": [],
                "protocol": "-1",
                "security_groups": [],
                "self": false,
                "to_port": 0
              }
            ],
            "id": "sg-077600a76af947a60",
            "ingress": [],
            "name": "my-soc-quarantine-sg",
            "name_prefix": "",
            "owner_id": "895169747731",
            "region": "us-east-1",
            "revoke_rules_on_delete": false,
            "tags": {
              "Name": "my-soc-quarantine-sg",
              "Project": "my-soc"
            },
            "tags_all": {
              "Name": "my-soc-quarantine-sg",
              "Project": "my-soc"
            },
            "timeouts": null,
            "vpc_id": "vpc-02b76686fc19e3dbe"
          },
          "sensitive_attributes": [],
          "identity_schema_version": 0,
          "identity": {
            "account_id": "895169747731",
            "id": "sg-077600a76af947a60",
            "region": "us-east-1"
          },
          "private": "eyJlMmJmYjczMC1lY2FhLTExZTYtOGY4OC0zNDM2M2JjN2M0YzAiOnsiY3JlYXRlIjo2MDAwMDAwMDAwMDAsImRlbGV0ZSI6OTAwMDAwMDAwMDAwfSwic2NoZW1hX3ZlcnNpb24iOiIxIn0=",
          "dependencies": [
            "aws_vpc.main"
          ]
        }
      ]
    },
    {
      "mode": "managed",
      "type": "aws_security_group",
      "name": "web",
      "provider": "provider[\"registry.terraform.io/hashicorp/aws\"]",
      "instances": [
        {
          "schema_version": 1,
          "attributes": {
            "arn": "arn:aws:ec2:us-east-1:895169747731:security-group/sg-0e4643b65549f9625",
            "description": "Web server SG (behind ALB)",
            "egress": [
              {
                "cidr_blocks": [
                  "0.0.0.0/0"
                ],
                "description": "",
                "from_port": 0,
                "ipv6_cidr_blocks": [],
                "prefix_list_ids": [],
                "protocol": "-1",
                "security_groups": [],
                "self": false,
                "to_port": 0
              }
            ],
            "id": "sg-0e4643b65549f9625",
            "ingress": [
              {
                "cidr_blocks": [],
                "description": "",
                "from_port": 80,
                "ipv6_cidr_blocks": [],
                "prefix_list_ids": [],
                "protocol": "tcp",
                "security_groups": [
                  "sg-03e4926b95210304d"
                ],
                "self": false,
                "to_port": 80
              }
            ],
            "name": "my-soc-web-sg",
            "name_prefix": "",
            "owner_id": "895169747731",
            "region": "us-east-1",
            "revoke_rules_on_delete": false,
            "tags": {
              "Name": "my-soc-web-sg",
              "Project": "my-soc"
            },
            "tags_all": {
              "Name": "my-soc-web-sg",
              "Project": "my-soc"
            },
            "timeouts": null,
            "vpc_id": "vpc-02b76686fc19e3dbe"
          },
          "sensitive_attributes": [],
          "identity_schema_version": 0,
          "identity": {
            "account_id": "895169747731",
            "id": "sg-0e4643b65549f9625",
            "region": "us-east-1"
          },
          "private": "eyJlMmJmYjczMC1lY2FhLTExZTYtOGY4OC0zNDM2M2JjN2M0YzAiOnsiY3JlYXRlIjo2MDAwMDAwMDAwMDAsImRlbGV0ZSI6OTAwMDAwMDAwMDAwfSwic2NoZW1hX3ZlcnNpb24iOiIxIn0=",
          "dependencies": [
            "aws_security_group.alb",
            "aws_vpc.main"
          ]
        }
      ]
    },
    {
      "mode": "managed",
      "type": "aws_securityhub_account",
      "name": "main",
      "provider": "provider[\"registry.terraform.io/hashicorp/aws\"]",
      "instances": [
        {
          "schema_version": 1,
          "attributes": {
            "arn": "arn:aws:securityhub:us-east-1:895169747731:hub/default",
            "auto_enable_controls": true,
            "control_finding_generator": "SECURITY_CONTROL",
            "enable_default_standards": false,
            "id": "895169747731",
            "region": "us-east-1"
          },
          "sensitive_attributes": [],
          "identity_schema_version": 0,
          "private": "eyJzY2hlbWFfdmVyc2lvbiI6IjEifQ=="
        }
      ]
    },
    {
      "mode": "managed",
      "type": "aws_securityhub_action_target",
      "name": "quarantine_ec2",
      "provider": "provider[\"registry.terraform.io/hashicorp/aws\"]",
      "instances": [
        {
          "schema_version": 0,
          "attributes": {
            "arn": "arn:aws:securityhub:us-east-1:895169747731:action/custom/QuarantineEC2",
            "description": "Quarantine EC2 instance by moving it to isolation SG",
            "id": "arn:aws:securityhub:us-east-1:895169747731:action/custom/QuarantineEC2",
            "identifier": "QuarantineEC2",
            "name": "my-soc-q-ec2",
            "region": "us-east-1"
          },
          "sensitive_attributes": [],
          "identity_schema_version": 0,
          "private": "bnVsbA==",
          "dependencies": [
            "aws_securityhub_account.main"
          ]
        }
      ]
    },
    {
      "mode": "managed",
      "type": "aws_securityhub_standards_subscription",
      "name": "cis",
      "provider": "provider[\"registry.terraform.io/hashicorp/aws\"]",
      "instances": [
        {
          "schema_version": 0,
          "attributes": {
            "id": "arn:aws:securityhub:us-east-1:895169747731:subscription/cis-aws-foundations-benchmark/v/1.4.0",
            "region": "us-east-1",
            "standards_arn": "arn:aws:securityhub:us-east-1::standards/cis-aws-foundations-benchmark/v/1.4.0",
            "timeouts": null
          },
          "sensitive_attributes": [],
          "identity_schema_version": 0,
          "private": "eyJlMmJmYjczMC1lY2FhLTExZTYtOGY4OC0zNDM2M2JjN2M0YzAiOnsiY3JlYXRlIjoxODAwMDAwMDAwMDAsImRlbGV0ZSI6MTgwMDAwMDAwMDAwfX0=",
          "dependencies": [
            "aws_securityhub_account.main",
            "data.aws_partition.current"
          ]
        }
      ]
    },
    {
      "mode": "managed",
      "type": "aws_securityhub_standards_subscription",
      "name": "fsbp",
      "provider": "provider[\"registry.terraform.io/hashicorp/aws\"]",
      "instances": [
        {
          "schema_version": 0,
          "attributes": {
            "id": "arn:aws:securityhub:us-east-1:895169747731:subscription/aws-foundational-security-best-practices/v/1.0.0",
            "region": "us-east-1",
            "standards_arn": "arn:aws:securityhub:us-east-1::standards/aws-foundational-security-best-practices/v/1.0.0",
            "timeouts": null
          },
          "sensitive_attributes": [],
          "identity_schema_version": 0,
          "private": "eyJlMmJmYjczMC1lY2FhLTExZTYtOGY4OC0zNDM2M2JjN2M0YzAiOnsiY3JlYXRlIjoxODAwMDAwMDAwMDAsImRlbGV0ZSI6MTgwMDAwMDAwMDAwfX0=",
          "dependencies": [
            "aws_securityhub_account.main",
            "data.aws_partition.current"
          ]
        }
      ]
    },
    {
      "mode": "managed",
      "type": "aws_sns_topic",
      "name": "killchain",
      "provider": "provider[\"registry.terraform.io/hashicorp/aws\"]",
      "instances": [
        {
          "schema_version": 0,
          "attributes": {
            "application_failure_feedback_role_arn": "",
            "application_success_feedback_role_arn": "",
            "application_success_feedback_sample_rate": 0,
            "archive_policy": "",
            "arn": "arn:aws:sns:us-east-1:895169747731:my-soc-killchain-topic",
            "beginning_archive_time": "",
            "content_based_deduplication": false,
            "delivery_policy": "",
            "display_name": "",
            "fifo_throughput_scope": "",
            "fifo_topic": false,
            "firehose_failure_feedback_role_arn": "",
            "firehose_success_feedback_role_arn": "",
            "firehose_success_feedback_sample_rate": 0,
            "http_failure_feedback_role_arn": "",
            "http_success_feedback_role_arn": "",
            "http_success_feedback_sample_rate": 0,
            "id": "arn:aws:sns:us-east-1:895169747731:my-soc-killchain-topic",
            "kms_master_key_id": "",
            "lambda_failure_feedback_role_arn": "",
            "lambda_success_feedback_role_arn": "",
            "lambda_success_feedback_sample_rate": 0,
            "name": "my-soc-killchain-topic",
            "name_prefix": "",
            "owner": "895169747731",
            "policy": "{\"Id\":\"__default_policy_ID\",\"Statement\":[{\"Action\":[\"SNS:GetTopicAttributes\",\"SNS:SetTopicAttributes\",\"SNS:AddPermission\",\"SNS:RemovePermission\",\"SNS:DeleteTopic\",\"SNS:Subscribe\",\"SNS:ListSubscriptionsByTopic\",\"SNS:Publish\"],\"Condition\":{\"StringEquals\":{\"AWS:SourceOwner\":\"895169747731\"}},\"Effect\":\"Allow\",\"Principal\":{\"AWS\":\"*\"},\"Resource\":\"arn:aws:sns:us-east-1:895169747731:my-soc-killchain-topic\",\"Sid\":\"__default_statement_ID\"}],\"Version\":\"2008-10-17\"}",
            "region": "us-east-1",
            "signature_version": 0,
            "sqs_failure_feedback_role_arn": "",
            "sqs_success_feedback_role_arn": "",
            "sqs_success_feedback_sample_rate": 0,
            "tags": null,
            "tags_all": {},
            "tracing_config": ""
          },
          "sensitive_attributes": [],
          "identity_schema_version": 0,
          "identity": {
            "arn": "arn:aws:sns:us-east-1:895169747731:my-soc-killchain-topic"
          },
          "private": "bnVsbA=="
        }
      ]
    },
    {
      "mode": "managed",
      "type": "aws_sns_topic",
      "name": "triage",
      "provider": "provider[\"registry.terraform.io/hashicorp/aws\"]",
      "instances": [
        {
          "schema_version": 0,
          "attributes": {
            "application_failure_feedback_role_arn": "",
            "application_success_feedback_role_arn": "",
            "application_success_feedback_sample_rate": 0,
            "archive_policy": "",
            "arn": "arn:aws:sns:us-east-1:895169747731:my-soc-triage-topic",
            "beginning_archive_time": "",
            "content_based_deduplication": false,
            "delivery_policy": "",
            "display_name": "",
            "fifo_throughput_scope": "",
            "fifo_topic": false,
            "firehose_failure_feedback_role_arn": "",
            "firehose_success_feedback_role_arn": "",
            "firehose_success_feedback_sample_rate": 0,
            "http_failure_feedback_role_arn": "",
            "http_success_feedback_role_arn": "",
            "http_success_feedback_sample_rate": 0,
            "id": "arn:aws:sns:us-east-1:895169747731:my-soc-triage-topic",
            "kms_master_key_id": "",
            "lambda_failure_feedback_role_arn": "",
            "lambda_success_feedback_role_arn": "",
            "lambda_success_feedback_sample_rate": 0,
            "name": "my-soc-triage-topic",
            "name_prefix": "",
            "owner": "895169747731",
            "policy": "{\"Id\":\"__default_policy_ID\",\"Statement\":[{\"Action\":[\"SNS:GetTopicAttributes\",\"SNS:SetTopicAttributes\",\"SNS:AddPermission\",\"SNS:RemovePermission\",\"SNS:DeleteTopic\",\"SNS:Subscribe\",\"SNS:ListSubscriptionsByTopic\",\"SNS:Publish\"],\"Condition\":{\"StringEquals\":{\"AWS:SourceOwner\":\"895169747731\"}},\"Effect\":\"Allow\",\"Principal\":{\"AWS\":\"*\"},\"Resource\":\"arn:aws:sns:us-east-1:895169747731:my-soc-triage-topic\",\"Sid\":\"__default_statement_ID\"}],\"Version\":\"2008-10-17\"}",
            "region": "us-east-1",
            "signature_version": 0,
            "sqs_failure_feedback_role_arn": "",
            "sqs_success_feedback_role_arn": "",
            "sqs_success_feedback_sample_rate": 0,
            "tags": null,
            "tags_all": {},
            "tracing_config": ""
          },
          "sensitive_attributes": [],
          "identity_schema_version": 0,
          "identity": {
            "arn": "arn:aws:sns:us-east-1:895169747731:my-soc-triage-topic"
          },
          "private": "bnVsbA=="
        }
      ]
    },
    {
      "mode": "managed",
      "type": "aws_sns_topic_policy",
      "name": "allow_events",
      "provider": "provider[\"registry.terraform.io/hashicorp/aws\"]",
      "instances": [
        {
          "schema_version": 0,
          "attributes": {
            "arn": "arn:aws:sns:us-east-1:895169747731:my-soc-killchain-topic",
            "id": "arn:aws:sns:us-east-1:895169747731:my-soc-killchain-topic",
            "owner": "895169747731",
            "policy": "{\"Statement\":[{\"Action\":\"sns:Publish\",\"Effect\":\"Allow\",\"Principal\":{\"Service\":\"events.amazonaws.com\"},\"Resource\":\"arn:aws:sns:us-east-1:895169747731:my-soc-killchain-topic\"}],\"Version\":\"2012-10-17\"}",
            "region": "us-east-1"
          },
          "sensitive_attributes": [],
          "identity_schema_version": 0,
          "identity": {
            "arn": "arn:aws:sns:us-east-1:895169747731:my-soc-killchain-topic"
          },
          "private": "bnVsbA==",
          "dependencies": [
            "aws_sns_topic.killchain"
          ]
        }
      ]
    },
    {
      "mode": "managed",
      "type": "aws_sns_topic_subscription",
      "name": "killchain_email",
      "provider": "provider[\"registry.terraform.io/hashicorp/aws\"]",
      "instances": [
        {
          "schema_version": 0,
          "attributes": {
            "arn": "arn:aws:sns:us-east-1:895169747731:my-soc-killchain-topic:3512ddcd-1895-4b8d-aed1-9ecd356702d2",
            "confirmation_timeout_in_minutes": 1,
            "confirmation_was_authenticated": false,
            "delivery_policy": "",
            "endpoint": "liang.ren@live.ca",
            "endpoint_auto_confirms": false,
            "filter_policy": "",
            "filter_policy_scope": "",
            "id": "arn:aws:sns:us-east-1:895169747731:my-soc-killchain-topic:3512ddcd-1895-4b8d-aed1-9ecd356702d2",
            "owner_id": "895169747731",
            "pending_confirmation": true,
            "protocol": "email",
            "raw_message_delivery": false,
            "redrive_policy": "",
            "region": "us-east-1",
            "replay_policy": "",
            "subscription_role_arn": "",
            "topic_arn": "arn:aws:sns:us-east-1:895169747731:my-soc-killchain-topic"
          },
          "sensitive_attributes": [],
          "identity_schema_version": 0,
          "identity": {
            "arn": "arn:aws:sns:us-east-1:895169747731:my-soc-killchain-topic:3512ddcd-1895-4b8d-aed1-9ecd356702d2"
          },
          "private": "bnVsbA==",
          "dependencies": [
            "aws_sns_topic.killchain"
          ]
        }
      ]
    },
    {
      "mode": "managed",
      "type": "aws_sns_topic_subscription",
      "name": "triage_email",
      "provider": "provider[\"registry.terraform.io/hashicorp/aws\"]",
      "instances": [
        {
          "schema_version": 0,
          "attributes": {
            "arn": "arn:aws:sns:us-east-1:895169747731:my-soc-triage-topic:f83193ec-7d92-4bb3-acff-9e77485de835",
            "confirmation_timeout_in_minutes": 1,
            "confirmation_was_authenticated": false,
            "delivery_policy": "",
            "endpoint": "liang.ren@live.ca",
            "endpoint_auto_confirms": false,
            "filter_policy": "",
            "filter_policy_scope": "",
            "id": "arn:aws:sns:us-east-1:895169747731:my-soc-triage-topic:f83193ec-7d92-4bb3-acff-9e77485de835",
            "owner_id": "895169747731",
            "pending_confirmation": true,
            "protocol": "email",
            "raw_message_delivery": false,
            "redrive_policy": "",
            "region": "us-east-1",
            "replay_policy": "",
            "subscription_role_arn": "",
            "topic_arn": "arn:aws:sns:us-east-1:895169747731:my-soc-triage-topic"
          },
          "sensitive_attributes": [],
          "identity_schema_version": 0,
          "identity": {
            "arn": "arn:aws:sns:us-east-1:895169747731:my-soc-triage-topic:f83193ec-7d92-4bb3-acff-9e77485de835"
          },
          "private": "bnVsbA==",
          "dependencies": [
            "aws_sns_topic.triage"
          ]
        }
      ]
    },
    {
      "mode": "managed",
      "type": "aws_subnet",
      "name": "public",
      "provider": "provider[\"registry.terraform.io/hashicorp/aws\"]",
      "instances": [
        {
          "index_key": "az1",
          "schema_version": 1,
          "attributes": {
            "arn": "arn:aws:ec2:us-east-1:895169747731:subnet/subnet-074810fcc6e2f14ac",
            "assign_ipv6_address_on_creation": false,
            "availability_zone": "us-east-1a",
            "availability_zone_id": "use1-az6",
            "cidr_block": "10.10.1.0/24",
            "customer_owned_ipv4_pool": "",
            "enable_dns64": false,
            "enable_lni_at_device_index": 0,
            "enable_resource_name_dns_a_record_on_launch": false,
            "enable_resource_name_dns_aaaa_record_on_launch": false,
            "id": "subnet-074810fcc6e2f14ac",
            "ipv6_cidr_block": "",
            "ipv6_cidr_block_association_id": "",
            "ipv6_native": false,
            "map_customer_owned_ip_on_launch": false,
            "map_public_ip_on_launch": true,
            "outpost_arn": "",
            "owner_id": "895169747731",
            "private_dns_hostname_type_on_launch": "ip-name",
            "region": "us-east-1",
            "tags": {
              "Name": "my-soc-public-az1",
              "Project": "my-soc"
            },
            "tags_all": {
              "Name": "my-soc-public-az1",
              "Project": "my-soc"
            },
            "timeouts": null,
            "vpc_id": "vpc-02b76686fc19e3dbe"
          },
          "sensitive_attributes": [],
          "identity_schema_version": 0,
          "identity": {
            "account_id": "895169747731",
            "id": "subnet-074810fcc6e2f14ac",
            "region": "us-east-1"
          },
          "private": "eyJlMmJmYjczMC1lY2FhLTExZTYtOGY4OC0zNDM2M2JjN2M0YzAiOnsiY3JlYXRlIjo2MDAwMDAwMDAwMDAsImRlbGV0ZSI6MTIwMDAwMDAwMDAwMH0sInNjaGVtYV92ZXJzaW9uIjoiMSJ9",
          "dependencies": [
            "aws_vpc.main",
            "data.aws_availability_zones.available"
          ]
        },
        {
          "index_key": "az2",
          "schema_version": 1,
          "attributes": {
            "arn": "arn:aws:ec2:us-east-1:895169747731:subnet/subnet-0c2812b0c50662759",
            "assign_ipv6_address_on_creation": false,
            "availability_zone": "us-east-1b",
            "availability_zone_id": "use1-az1",
            "cidr_block": "10.10.2.0/24",
            "customer_owned_ipv4_pool": "",
            "enable_dns64": false,
            "enable_lni_at_device_index": 0,
            "enable_resource_name_dns_a_record_on_launch": false,
            "enable_resource_name_dns_aaaa_record_on_launch": false,
            "id": "subnet-0c2812b0c50662759",
            "ipv6_cidr_block": "",
            "ipv6_cidr_block_association_id": "",
            "ipv6_native": false,
            "map_customer_owned_ip_on_launch": false,
            "map_public_ip_on_launch": true,
            "outpost_arn": "",
            "owner_id": "895169747731",
            "private_dns_hostname_type_on_launch": "ip-name",
            "region": "us-east-1",
            "tags": {
              "Name": "my-soc-public-az2",
              "Project": "my-soc"
            },
            "tags_all": {
              "Name": "my-soc-public-az2",
              "Project": "my-soc"
            },
            "timeouts": null,
            "vpc_id": "vpc-02b76686fc19e3dbe"
          },
          "sensitive_attributes": [],
          "identity_schema_version": 0,
          "identity": {
            "account_id": "895169747731",
            "id": "subnet-0c2812b0c50662759",
            "region": "us-east-1"
          },
          "private": "eyJlMmJmYjczMC1lY2FhLTExZTYtOGY4OC0zNDM2M2JjN2M0YzAiOnsiY3JlYXRlIjo2MDAwMDAwMDAwMDAsImRlbGV0ZSI6MTIwMDAwMDAwMDAwMH0sInNjaGVtYV92ZXJzaW9uIjoiMSJ9",
          "dependencies": [
            "aws_vpc.main",
            "data.aws_availability_zones.available"
          ]
        }
      ]
    },
    {
      "mode": "managed",
      "type": "aws_vpc",
      "name": "main",
      "provider": "provider[\"registry.terraform.io/hashicorp/aws\"]",
      "instances": [
        {
          "schema_version": 1,
          "attributes": {
            "arn": "arn:aws:ec2:us-east-1:895169747731:vpc/vpc-02b76686fc19e3dbe",
            "assign_generated_ipv6_cidr_block": false,
            "cidr_block": "10.10.0.0/16",
            "default_network_acl_id": "acl-0e8bfeceb9087f2e8",
            "default_route_table_id": "rtb-0c8a66febe7cfac0a",
            "default_security_group_id": "sg-0a4d3541da33dae7c",
            "dhcp_options_id": "dopt-09632bec5f586e966",
            "enable_dns_hostnames": true,
            "enable_dns_support": true,
            "enable_network_address_usage_metrics": false,
            "id": "vpc-02b76686fc19e3dbe",
            "instance_tenancy": "default",
            "ipv4_ipam_pool_id": null,
            "ipv4_netmask_length": null,
            "ipv6_association_id": "",
            "ipv6_cidr_block": "",
            "ipv6_cidr_block_network_border_group": "",
            "ipv6_ipam_pool_id": "",
            "ipv6_netmask_length": 0,
            "main_route_table_id": "rtb-0c8a66febe7cfac0a",
            "owner_id": "895169747731",
            "region": "us-east-1",
            "tags": {
              "Name": "my-soc-vpc",
              "Project": "my-soc"
            },
            "tags_all": {
              "Name": "my-soc-vpc",
              "Project": "my-soc"
            }
          },
          "sensitive_attributes": [],
          "identity_schema_version": 0,
          "identity": {
            "account_id": "895169747731",
            "id": "vpc-02b76686fc19e3dbe",
            "region": "us-east-1"
          },
          "private": "eyJzY2hlbWFfdmVyc2lvbiI6IjEifQ=="
        }
      ]
    }
  ],
  "check_results": null
}
